
Microsoft Visual Studio Solution File, Format Version 12.00
# Visual Studio 15
VisualStudioVersion = 15.0.26430.15
MinimumVisualStudioVersion = 10.0.40219.1
Project("{8BC9CEB8-8B4A-11D0-8D11-00A0C91BC942}") = "_acid", "..\..\..\source\$1.vcxproj", "{A92C920F-C07D-481E-B523-565B56167CD1}"
EndProject
Project("{8BC9CEB8-8B4A-11D0-8D11-00A0C91BC942}") = "_draw2d_gdiplus", "..\..\..\source\$1.vcxproj", "{573C4B5E-4132-457A-BE82-05A882A062FF}"
EndProject
Project("{8BC9CEB8-8B4A-11D0-8D11-00A0C91BC942}") = "app_app_admin", "..\..\..\source\$1.vcxproj", "{AE18AC57-1A37-4D2E-9E73-258D36E35340}"
EndProject
Global
	GlobalSection(SolutionConfigurationPlatforms) = preSolution
		basis|Win32 = basis|Win32
		basis|x64 = basis|x64
		cover|Win32 = cover|Win32
		cover|x64 = cover|x64
		stage|Win32 = stage|Win32
		stage|x64 = stage|x64
	EndGlobalSection
	GlobalSection(ProjectConfigurationPlatforms) = postSolution
		{A92C920F-C07D-481E-B523-565B56167CD1}.basis|Win32.ActiveCfg = basis|Win32
		{A92C920F-C07D-481E-B523-565B56167CD1}.basis|Win32.Build.0 = basis|Win32
		{A92C920F-C07D-481E-B523-565B56167CD1}.basis|x64.ActiveCfg = basis|x64
		{A92C920F-C07D-481E-B523-565B56167CD1}.basis|x64.Build.0 = basis|x64
		{A92C920F-C07D-481E-B523-565B56167CD1}.cover|Win32.ActiveCfg = cover|Win32
		{A92C920F-C07D-481E-B523-565B56167CD1}.cover|Win32.Build.0 = cover|Win32
		{A92C920F-C07D-481E-B523-565B56167CD1}.cover|Win32.Deploy.0 = cover|Win32
		{A92C920F-C07D-481E-B523-565B56167CD1}.cover|x64.ActiveCfg = cover|x64
		{A92C920F-C07D-481E-B523-565B56167CD1}.cover|x64.Build.0 = cover|x64
		{A92C920F-C07D-481E-B523-565B56167CD1}.cover|x64.Deploy.0 = cover|x64
		{A92C920F-C07D-481E-B523-565B56167CD1}.stage|Win32.ActiveCfg = stage|Win32
		{A92C920F-C07D-481E-B523-565B56167CD1}.stage|Win32.Build.0 = stage|Win32
		{A92C920F-C07D-481E-B523-565B56167CD1}.stage|x64.ActiveCfg = stage|x64
		{A92C920F-C07D-481E-B523-565B56167CD1}.stage|x64.Build.0 = stage|x64
		{573C4B5E-4132-457A-BE82-05A882A062FF}.basis|Win32.ActiveCfg = basis|Win32
		{573C4B5E-4132-457A-BE82-05A882A062FF}.basis|Win32.Build.0 = basis|Win32
		{573C4B5E-4132-457A-BE82-05A882A062FF}.basis|x64.ActiveCfg = basis|x64
		{573C4B5E-4132-457A-BE82-05A882A062FF}.basis|x64.Build.0 = basis|x64
		{573C4B5E-4132-457A-BE82-05A882A062FF}.cover|Win32.ActiveCfg = cover|Win32
		{573C4B5E-4132-457A-BE82-05A882A062FF}.cover|Win32.Build.0 = cover|Win32
		{573C4B5E-4132-457A-BE82-05A882A062FF}.cover|x64.ActiveCfg = cover|x64
		{573C4B5E-4132-457A-BE82-05A882A062FF}.cover|x64.Build.0 = cover|x64
		{573C4B5E-4132-457A-BE82-05A882A062FF}.stage|Win32.ActiveCfg = stage|Win32
		{573C4B5E-4132-457A-BE82-05A882A062FF}.stage|Win32.Build.0 = stage|Win32
		{573C4B5E-4132-457A-BE82-05A882A062FF}.stage|x64.ActiveCfg = stage|x64
		{573C4B5E-4132-457A-BE82-05A882A062FF}.stage|x64.Build.0 = stage|x64
		{AE18AC57-1A37-4D2E-9E73-258D36E35340}.basis|Win32.ActiveCfg = basis|Win32
		{AE18AC57-1A37-4D2E-9E73-258D36E35340}.basis|Win32.Build.0 = basis|Win32
		{AE18AC57-1A37-4D2E-9E73-258D36E35340}.basis|x64.ActiveCfg = basis|x64
		{AE18AC57-1A37-4D2E-9E73-258D36E35340}.basis|x64.Build.0 = basis|x64
		{AE18AC57-1A37-4D2E-9E73-258D36E35340}.cover|Win32.ActiveCfg = cover|Win32
		{AE18AC57-1A37-4D2E-9E73-258D36E35340}.cover|Win32.Build.0 = cover|Win32
		{AE18AC57-1A37-4D2E-9E73-258D36E35340}.cover|x64.ActiveCfg = cover|x64
		{AE18AC57-1A37-4D2E-9E73-258D36E35340}.cover|x64.Build.0 = cover|x64
		{AE18AC57-1A37-4D2E-9E73-258D36E35340}.stage|Win32.ActiveCfg = stage|Win32
		{AE18AC57-1A37-4D2E-9E73-258D36E35340}.stage|Win32.Build.0 = stage|Win32
		{AE18AC57-1A37-4D2E-9E73-258D36E35340}.stage|x64.ActiveCfg = stage|x64
		{AE18AC57-1A37-4D2E-9E73-258D36E35340}.stage|x64.Build.0 = stage|x64
	EndGlobalSection
	GlobalSection(SolutionProperties) = preSolution
		HideSolutionNode = FALSE
	EndGlobalSection
EndGlobal
