
Microsoft Visual Studio Solution File, Format Version 12.00
# Visual Studio 2012
Project("{8BC9CEB8-8B4A-11D0-8D11-00A0C91BC942}") = "c", "..\..\..\source\app\c\c.vcxproj", "{4D7D3626-ADA6-4CA2-9566-ED7B131E3D51}"
EndProject
Project("{8BC9CEB8-8B4A-11D0-8D11-00A0C91BC942}") = "ca", "..\..\..\source\app\ca\ca.vcxproj", "{ACB3FF4B-0B61-45A7-881D-E102E0F85808}"
EndProject
Project("{8BC9CEB8-8B4A-11D0-8D11-00A0C91BC942}") = "ca2", "..\..\..\source\app\ca2\ca2.vcxproj", "{AFC48570-75E4-46BD-B8AB-4590B257E1C8}"
EndProject
Project("{8BC9CEB8-8B4A-11D0-8D11-00A0C91BC942}") = "optca", "..\..\..\source\app\optca\optca.vcxproj", "{899CC94B-9028-4E57-A7FE-358A564F05F0}"
EndProject
Project("{8BC9CEB8-8B4A-11D0-8D11-00A0C91BC942}") = "os", "..\..\..\source\os.vcxproj", "{9163E31A-2D5A-4F18-AD6F-B561C76E5054}"
EndProject
Project("{8BC9CEB8-8B4A-11D0-8D11-00A0C91BC942}") = "app", "..\app\app.vcxproj", "{19841115-1984-0411-1977-021977151984}"
	ProjectSection(ProjectDependencies) = postProject
		{52F96A19-6F3A-45AC-926B-256082D8FF5D} = {52F96A19-6F3A-45AC-926B-256082D8FF5D}
		{5076B034-466D-49E4-AFB5-A3E62F2ADECB} = {5076B034-466D-49E4-AFB5-A3E62F2ADECB}
		{899CC94B-9028-4E57-A7FE-358A564F05F0} = {899CC94B-9028-4E57-A7FE-358A564F05F0}
		{51F51C57-0947-4D1D-850E-2F4BE6C88DCF} = {51F51C57-0947-4D1D-850E-2F4BE6C88DCF}
		{AFC48570-75E4-46BD-B8AB-4590B257E1C8} = {AFC48570-75E4-46BD-B8AB-4590B257E1C8}
		{A1824D85-C71B-4F08-A696-72ECDE95E5CF} = {A1824D85-C71B-4F08-A696-72ECDE95E5CF}
		{437699AD-7464-4E5F-ACF3-7167487A9E3D} = {437699AD-7464-4E5F-ACF3-7167487A9E3D}
		{B39ED2B3-D53A-4077-B957-930979A3577D} = {B39ED2B3-D53A-4077-B957-930979A3577D}
		{19841511-0204-1977-A73E-2CD949AA3AF6} = {19841511-0204-1977-A73E-2CD949AA3AF6}
		{BF8721E4-B851-4F18-97E1-3E4E0C32F695} = {BF8721E4-B851-4F18-97E1-3E4E0C32F695}
		{9FFC2CF6-737C-43DB-A1EE-383F7BFDB05B} = {9FFC2CF6-737C-43DB-A1EE-383F7BFDB05B}
	EndProjectSection
EndProject
Project("{8BC9CEB8-8B4A-11D0-8D11-00A0C91BC942}") = "os2", "..\..\..\source\os2\os2.vcxproj", "{BF8721E4-B851-4F18-97E1-3E4E0C32F695}"
EndProject
Project("{8BC9CEB8-8B4A-11D0-8D11-00A0C91BC942}") = "app_core_deepfish", "..\..\..\source\app-core\deepfish\deepfish.vcxproj", "{51F51C57-0947-4D1D-850E-2F4BE6C88DCF}"
EndProject
Project("{8BC9CEB8-8B4A-11D0-8D11-00A0C91BC942}") = "app_core_status", "..\..\..\source\app-core\status\status.vcxproj", "{5076B034-466D-49E4-AFB5-A3E62F2ADECB}"
EndProject
Project("{8BC9CEB8-8B4A-11D0-8D11-00A0C91BC942}") = "app_core_tesseract", "..\..\..\source\app-core\tesseract\tesseract.vcxproj", "{437699AD-7464-4E5F-ACF3-7167487A9E3D}"
EndProject
Project("{8BC9CEB8-8B4A-11D0-8D11-00A0C91BC942}") = "app_core_deepfish_user_presence", "..\..\..\source\app-core\deepfish_user_presence\deepfish_user_presence.vcxproj", "{A1824D85-C71B-4F08-A696-72ECDE95E5CF}"
EndProject
Project("{8BC9CEB8-8B4A-11D0-8D11-00A0C91BC942}") = "app_core_alarm", "..\..\..\source\app-core\alarm\alarm.vcxproj", "{19841511-0204-1977-2204-195149AA3AF6}"
EndProject
Project("{8BC9CEB8-8B4A-11D0-8D11-00A0C91BC942}") = "app_core_deepfish_alarm", "..\..\..\source\app-core\deepfish_alarm\deepfish_alarm.vcxproj", "{11223319-6F3A-45AC-926B-256082D8FF5D}"
EndProject
Project("{8BC9CEB8-8B4A-11D0-8D11-00A0C91BC942}") = "_freeimage", "..\..\..\source\app\thirdparty\FreeImage\basefreeimage.vcxproj", "{B39ED2B3-D53A-4077-B957-930979A3577D}"
EndProject
Project("{8BC9CEB8-8B4A-11D0-8D11-00A0C91BC942}") = "_ca2zlib", "..\..\..\source\app\thirdparty\zlib\_ca2zlib.vcxproj", "{9FFC2CF6-737C-43DB-A1EE-383F7BFDB05B}"
EndProject
Global
	GlobalSection(SolutionConfigurationPlatforms) = preSolution
		debug|Win32 = debug|Win32
		debug|x64 = debug|x64
		codeanalysis|Win32 = codeanalysis|Win32
		codeanalysis|x64 = codeanalysis|x64
		memdleak|Win32 = memdleak|Win32
		memdleak|x64 = memdleak|x64
		profiler|Win32 = profiler|Win32
		profiler|x64 = profiler|x64
	EndGlobalSection
	GlobalSection(ProjectConfigurationPlatforms) = postSolution
		{4D7D3626-ADA6-4CA2-9566-ED7B131E3D51}.debug|Win32.ActiveCfg = debug|Win32
		{4D7D3626-ADA6-4CA2-9566-ED7B131E3D51}.debug|Win32.Build.0 = debug|Win32
		{4D7D3626-ADA6-4CA2-9566-ED7B131E3D51}.debug|x64.ActiveCfg = debug|x64
		{4D7D3626-ADA6-4CA2-9566-ED7B131E3D51}.debug|x64.Build.0 = debug|x64
		{4D7D3626-ADA6-4CA2-9566-ED7B131E3D51}.codeanalysis|Win32.ActiveCfg = codeanalysis|Win32
		{4D7D3626-ADA6-4CA2-9566-ED7B131E3D51}.codeanalysis|Win32.Build.0 = codeanalysis|Win32
		{4D7D3626-ADA6-4CA2-9566-ED7B131E3D51}.codeanalysis|x64.ActiveCfg = codeanalysis|x64
		{4D7D3626-ADA6-4CA2-9566-ED7B131E3D51}.codeanalysis|x64.Build.0 = codeanalysis|x64
		{4D7D3626-ADA6-4CA2-9566-ED7B131E3D51}.memdleak|Win32.ActiveCfg = memdleak|Win32
		{4D7D3626-ADA6-4CA2-9566-ED7B131E3D51}.memdleak|Win32.Build.0 = memdleak|Win32
		{4D7D3626-ADA6-4CA2-9566-ED7B131E3D51}.memdleak|x64.ActiveCfg = memdleak|x64
		{4D7D3626-ADA6-4CA2-9566-ED7B131E3D51}.memdleak|x64.Build.0 = memdleak|x64
		{4D7D3626-ADA6-4CA2-9566-ED7B131E3D51}.profiler|Win32.ActiveCfg = profiler|Win32
		{4D7D3626-ADA6-4CA2-9566-ED7B131E3D51}.profiler|Win32.Build.0 = profiler|Win32
		{4D7D3626-ADA6-4CA2-9566-ED7B131E3D51}.profiler|x64.ActiveCfg = profiler|x64
		{4D7D3626-ADA6-4CA2-9566-ED7B131E3D51}.profiler|x64.Build.0 = profiler|x64
		{ACB3FF4B-0B61-45A7-881D-E102E0F85808}.debug|Win32.ActiveCfg = debug|Win32
		{ACB3FF4B-0B61-45A7-881D-E102E0F85808}.debug|Win32.Build.0 = debug|Win32
		{ACB3FF4B-0B61-45A7-881D-E102E0F85808}.debug|x64.ActiveCfg = debug|x64
		{ACB3FF4B-0B61-45A7-881D-E102E0F85808}.debug|x64.Build.0 = debug|x64
		{ACB3FF4B-0B61-45A7-881D-E102E0F85808}.codeanalysis|Win32.ActiveCfg = codeanalysis|Win32
		{ACB3FF4B-0B61-45A7-881D-E102E0F85808}.codeanalysis|Win32.Build.0 = codeanalysis|Win32
		{ACB3FF4B-0B61-45A7-881D-E102E0F85808}.codeanalysis|x64.ActiveCfg = codeanalysis|x64
		{ACB3FF4B-0B61-45A7-881D-E102E0F85808}.codeanalysis|x64.Build.0 = codeanalysis|x64
		{ACB3FF4B-0B61-45A7-881D-E102E0F85808}.memdleak|Win32.ActiveCfg = memdleak|Win32
		{ACB3FF4B-0B61-45A7-881D-E102E0F85808}.memdleak|Win32.Build.0 = memdleak|Win32
		{ACB3FF4B-0B61-45A7-881D-E102E0F85808}.memdleak|x64.ActiveCfg = memdleak|x64
		{ACB3FF4B-0B61-45A7-881D-E102E0F85808}.memdleak|x64.Build.0 = memdleak|x64
		{ACB3FF4B-0B61-45A7-881D-E102E0F85808}.profiler|Win32.ActiveCfg = profiler|Win32
		{ACB3FF4B-0B61-45A7-881D-E102E0F85808}.profiler|Win32.Build.0 = profiler|Win32
		{ACB3FF4B-0B61-45A7-881D-E102E0F85808}.profiler|x64.ActiveCfg = profiler|x64
		{ACB3FF4B-0B61-45A7-881D-E102E0F85808}.profiler|x64.Build.0 = profiler|x64
		{AFC48570-75E4-46BD-B8AB-4590B257E1C8}.debug|Win32.ActiveCfg = debug|Win32
		{AFC48570-75E4-46BD-B8AB-4590B257E1C8}.debug|Win32.Build.0 = debug|Win32
		{AFC48570-75E4-46BD-B8AB-4590B257E1C8}.debug|x64.ActiveCfg = debug|x64
		{AFC48570-75E4-46BD-B8AB-4590B257E1C8}.debug|x64.Build.0 = debug|x64
		{AFC48570-75E4-46BD-B8AB-4590B257E1C8}.codeanalysis|Win32.ActiveCfg = codeanalysis|Win32
		{AFC48570-75E4-46BD-B8AB-4590B257E1C8}.codeanalysis|Win32.Build.0 = codeanalysis|Win32
		{AFC48570-75E4-46BD-B8AB-4590B257E1C8}.codeanalysis|x64.ActiveCfg = codeanalysis|x64
		{AFC48570-75E4-46BD-B8AB-4590B257E1C8}.codeanalysis|x64.Build.0 = codeanalysis|x64
		{AFC48570-75E4-46BD-B8AB-4590B257E1C8}.memdleak|Win32.ActiveCfg = memdleak|Win32
		{AFC48570-75E4-46BD-B8AB-4590B257E1C8}.memdleak|Win32.Build.0 = memdleak|Win32
		{AFC48570-75E4-46BD-B8AB-4590B257E1C8}.memdleak|x64.ActiveCfg = memdleak|x64
		{AFC48570-75E4-46BD-B8AB-4590B257E1C8}.memdleak|x64.Build.0 = memdleak|x64
		{AFC48570-75E4-46BD-B8AB-4590B257E1C8}.profiler|Win32.ActiveCfg = profiler|Win32
		{AFC48570-75E4-46BD-B8AB-4590B257E1C8}.profiler|Win32.Build.0 = profiler|Win32
		{AFC48570-75E4-46BD-B8AB-4590B257E1C8}.profiler|x64.ActiveCfg = profiler|x64
		{AFC48570-75E4-46BD-B8AB-4590B257E1C8}.profiler|x64.Build.0 = profiler|x64
		{899CC94B-9028-4E57-A7FE-358A564F05F0}.debug|Win32.ActiveCfg = debug|Win32
		{899CC94B-9028-4E57-A7FE-358A564F05F0}.debug|Win32.Build.0 = debug|Win32
		{899CC94B-9028-4E57-A7FE-358A564F05F0}.debug|x64.ActiveCfg = debug|x64
		{899CC94B-9028-4E57-A7FE-358A564F05F0}.debug|x64.Build.0 = debug|x64
		{899CC94B-9028-4E57-A7FE-358A564F05F0}.codeanalysis|Win32.ActiveCfg = codeanalysis|Win32
		{899CC94B-9028-4E57-A7FE-358A564F05F0}.codeanalysis|Win32.Build.0 = codeanalysis|Win32
		{899CC94B-9028-4E57-A7FE-358A564F05F0}.codeanalysis|x64.ActiveCfg = codeanalysis|x64
		{899CC94B-9028-4E57-A7FE-358A564F05F0}.codeanalysis|x64.Build.0 = codeanalysis|x64
		{899CC94B-9028-4E57-A7FE-358A564F05F0}.memdleak|Win32.ActiveCfg = memdleak|Win32
		{899CC94B-9028-4E57-A7FE-358A564F05F0}.memdleak|Win32.Build.0 = memdleak|Win32
		{899CC94B-9028-4E57-A7FE-358A564F05F0}.memdleak|x64.ActiveCfg = memdleak|x64
		{899CC94B-9028-4E57-A7FE-358A564F05F0}.memdleak|x64.Build.0 = memdleak|x64
		{899CC94B-9028-4E57-A7FE-358A564F05F0}.profiler|Win32.ActiveCfg = profiler|Win32
		{899CC94B-9028-4E57-A7FE-358A564F05F0}.profiler|Win32.Build.0 = profiler|Win32
		{899CC94B-9028-4E57-A7FE-358A564F05F0}.profiler|x64.ActiveCfg = profiler|x64
		{899CC94B-9028-4E57-A7FE-358A564F05F0}.profiler|x64.Build.0 = profiler|x64
		{9163E31A-2D5A-4F18-AD6F-B561C76E5054}.debug|Win32.ActiveCfg = debug|Win32
		{9163E31A-2D5A-4F18-AD6F-B561C76E5054}.debug|Win32.Build.0 = debug|Win32
		{9163E31A-2D5A-4F18-AD6F-B561C76E5054}.debug|x64.ActiveCfg = debug|x64
		{9163E31A-2D5A-4F18-AD6F-B561C76E5054}.debug|x64.Build.0 = debug|x64
		{9163E31A-2D5A-4F18-AD6F-B561C76E5054}.codeanalysis|Win32.ActiveCfg = codeanalysis|Win32
		{9163E31A-2D5A-4F18-AD6F-B561C76E5054}.codeanalysis|Win32.Build.0 = codeanalysis|Win32
		{9163E31A-2D5A-4F18-AD6F-B561C76E5054}.codeanalysis|x64.ActiveCfg = codeanalysis|x64
		{9163E31A-2D5A-4F18-AD6F-B561C76E5054}.codeanalysis|x64.Build.0 = codeanalysis|x64
		{9163E31A-2D5A-4F18-AD6F-B561C76E5054}.memdleak|Win32.ActiveCfg = memdleak|Win32
		{9163E31A-2D5A-4F18-AD6F-B561C76E5054}.memdleak|Win32.Build.0 = memdleak|Win32
		{9163E31A-2D5A-4F18-AD6F-B561C76E5054}.memdleak|x64.ActiveCfg = memdleak|x64
		{9163E31A-2D5A-4F18-AD6F-B561C76E5054}.memdleak|x64.Build.0 = memdleak|x64
		{9163E31A-2D5A-4F18-AD6F-B561C76E5054}.profiler|Win32.ActiveCfg = profiler|Win32
		{9163E31A-2D5A-4F18-AD6F-B561C76E5054}.profiler|Win32.Build.0 = profiler|Win32
		{9163E31A-2D5A-4F18-AD6F-B561C76E5054}.profiler|x64.ActiveCfg = profiler|x64
		{9163E31A-2D5A-4F18-AD6F-B561C76E5054}.profiler|x64.Build.0 = profiler|x64
		{19841115-1984-0411-1977-021977151984}.debug|Win32.ActiveCfg = debug|Win32
		{19841115-1984-0411-1977-021977151984}.debug|Win32.Build.0 = debug|Win32
		{19841115-1984-0411-1977-021977151984}.debug|x64.ActiveCfg = debug|x64
		{19841115-1984-0411-1977-021977151984}.debug|x64.Build.0 = debug|x64
		{19841115-1984-0411-1977-021977151984}.codeanalysis|Win32.ActiveCfg = codeanalysis|Win32
		{19841115-1984-0411-1977-021977151984}.codeanalysis|Win32.Build.0 = codeanalysis|Win32
		{19841115-1984-0411-1977-021977151984}.codeanalysis|x64.ActiveCfg = codeanalysis|x64
		{19841115-1984-0411-1977-021977151984}.codeanalysis|x64.Build.0 = codeanalysis|x64
		{19841115-1984-0411-1977-021977151984}.memdleak|Win32.ActiveCfg = memdleak|Win32
		{19841115-1984-0411-1977-021977151984}.memdleak|Win32.Build.0 = memdleak|Win32
		{19841115-1984-0411-1977-021977151984}.memdleak|x64.ActiveCfg = memdleak|x64
		{19841115-1984-0411-1977-021977151984}.memdleak|x64.Build.0 = memdleak|x64
		{19841115-1984-0411-1977-021977151984}.profiler|Win32.ActiveCfg = profiler|Win32
		{19841115-1984-0411-1977-021977151984}.profiler|Win32.Build.0 = profiler|Win32
		{19841115-1984-0411-1977-021977151984}.profiler|x64.ActiveCfg = profiler|x64
		{19841115-1984-0411-1977-021977151984}.profiler|x64.Build.0 = profiler|x64
		{BF8721E4-B851-4F18-97E1-3E4E0C32F695}.debug|Win32.ActiveCfg = debug|Win32
		{BF8721E4-B851-4F18-97E1-3E4E0C32F695}.debug|Win32.Build.0 = debug|Win32
		{BF8721E4-B851-4F18-97E1-3E4E0C32F695}.debug|x64.ActiveCfg = debug|x64
		{BF8721E4-B851-4F18-97E1-3E4E0C32F695}.debug|x64.Build.0 = debug|x64
		{BF8721E4-B851-4F18-97E1-3E4E0C32F695}.codeanalysis|Win32.ActiveCfg = codeanalysis|Win32
		{BF8721E4-B851-4F18-97E1-3E4E0C32F695}.codeanalysis|Win32.Build.0 = codeanalysis|Win32
		{BF8721E4-B851-4F18-97E1-3E4E0C32F695}.codeanalysis|x64.ActiveCfg = codeanalysis|x64
		{BF8721E4-B851-4F18-97E1-3E4E0C32F695}.codeanalysis|x64.Build.0 = codeanalysis|x64
		{BF8721E4-B851-4F18-97E1-3E4E0C32F695}.memdleak|Win32.ActiveCfg = memdleak|Win32
		{BF8721E4-B851-4F18-97E1-3E4E0C32F695}.memdleak|Win32.Build.0 = memdleak|Win32
		{BF8721E4-B851-4F18-97E1-3E4E0C32F695}.memdleak|x64.ActiveCfg = memdleak|x64
		{BF8721E4-B851-4F18-97E1-3E4E0C32F695}.memdleak|x64.Build.0 = memdleak|x64
		{BF8721E4-B851-4F18-97E1-3E4E0C32F695}.profiler|Win32.ActiveCfg = profiler|Win32
		{BF8721E4-B851-4F18-97E1-3E4E0C32F695}.profiler|Win32.Build.0 = profiler|Win32
		{BF8721E4-B851-4F18-97E1-3E4E0C32F695}.profiler|x64.ActiveCfg = profiler|x64
		{BF8721E4-B851-4F18-97E1-3E4E0C32F695}.profiler|x64.Build.0 = profiler|x64
		{51F51C57-0947-4D1D-850E-2F4BE6C88DCF}.debug|Win32.ActiveCfg = debug|Win32
		{51F51C57-0947-4D1D-850E-2F4BE6C88DCF}.debug|Win32.Build.0 = debug|Win32
		{51F51C57-0947-4D1D-850E-2F4BE6C88DCF}.debug|x64.ActiveCfg = debug|x64
		{51F51C57-0947-4D1D-850E-2F4BE6C88DCF}.debug|x64.Build.0 = debug|x64
		{51F51C57-0947-4D1D-850E-2F4BE6C88DCF}.codeanalysis|Win32.ActiveCfg = codeanalysis|Win32
		{51F51C57-0947-4D1D-850E-2F4BE6C88DCF}.codeanalysis|Win32.Build.0 = codeanalysis|Win32
		{51F51C57-0947-4D1D-850E-2F4BE6C88DCF}.codeanalysis|x64.ActiveCfg = codeanalysis|x64
		{51F51C57-0947-4D1D-850E-2F4BE6C88DCF}.codeanalysis|x64.Build.0 = codeanalysis|x64
		{51F51C57-0947-4D1D-850E-2F4BE6C88DCF}.memdleak|Win32.ActiveCfg = memdleak|Win32
		{51F51C57-0947-4D1D-850E-2F4BE6C88DCF}.memdleak|Win32.Build.0 = memdleak|Win32
		{51F51C57-0947-4D1D-850E-2F4BE6C88DCF}.memdleak|x64.ActiveCfg = memdleak|x64
		{51F51C57-0947-4D1D-850E-2F4BE6C88DCF}.memdleak|x64.Build.0 = memdleak|x64
		{51F51C57-0947-4D1D-850E-2F4BE6C88DCF}.profiler|Win32.ActiveCfg = profiler|Win32
		{51F51C57-0947-4D1D-850E-2F4BE6C88DCF}.profiler|Win32.Build.0 = profiler|Win32
		{51F51C57-0947-4D1D-850E-2F4BE6C88DCF}.profiler|x64.ActiveCfg = profiler|x64
		{51F51C57-0947-4D1D-850E-2F4BE6C88DCF}.profiler|x64.Build.0 = profiler|x64
		{5076B034-466D-49E4-AFB5-A3E62F2ADECB}.debug|Win32.ActiveCfg = debug|Win32
		{5076B034-466D-49E4-AFB5-A3E62F2ADECB}.debug|Win32.Build.0 = debug|Win32
		{5076B034-466D-49E4-AFB5-A3E62F2ADECB}.debug|x64.ActiveCfg = debug|x64
		{5076B034-466D-49E4-AFB5-A3E62F2ADECB}.debug|x64.Build.0 = debug|x64
		{5076B034-466D-49E4-AFB5-A3E62F2ADECB}.codeanalysis|Win32.ActiveCfg = codeanalysis|Win32
		{5076B034-466D-49E4-AFB5-A3E62F2ADECB}.codeanalysis|Win32.Build.0 = codeanalysis|Win32
		{5076B034-466D-49E4-AFB5-A3E62F2ADECB}.codeanalysis|x64.ActiveCfg = codeanalysis|x64
		{5076B034-466D-49E4-AFB5-A3E62F2ADECB}.codeanalysis|x64.Build.0 = codeanalysis|x64
		{5076B034-466D-49E4-AFB5-A3E62F2ADECB}.memdleak|Win32.ActiveCfg = memdleak|Win32
		{5076B034-466D-49E4-AFB5-A3E62F2ADECB}.memdleak|Win32.Build.0 = memdleak|Win32
		{5076B034-466D-49E4-AFB5-A3E62F2ADECB}.memdleak|x64.ActiveCfg = memdleak|x64
		{5076B034-466D-49E4-AFB5-A3E62F2ADECB}.memdleak|x64.Build.0 = memdleak|x64
		{5076B034-466D-49E4-AFB5-A3E62F2ADECB}.profiler|Win32.ActiveCfg = profiler|Win32
		{5076B034-466D-49E4-AFB5-A3E62F2ADECB}.profiler|Win32.Build.0 = profiler|Win32
		{5076B034-466D-49E4-AFB5-A3E62F2ADECB}.profiler|x64.ActiveCfg = profiler|x64
		{5076B034-466D-49E4-AFB5-A3E62F2ADECB}.profiler|x64.Build.0 = profiler|x64
		{437699AD-7464-4E5F-ACF3-7167487A9E3D}.debug|Win32.ActiveCfg = debug|Win32
		{437699AD-7464-4E5F-ACF3-7167487A9E3D}.debug|Win32.Build.0 = debug|Win32
		{437699AD-7464-4E5F-ACF3-7167487A9E3D}.debug|x64.ActiveCfg = debug|x64
		{437699AD-7464-4E5F-ACF3-7167487A9E3D}.debug|x64.Build.0 = debug|x64
		{437699AD-7464-4E5F-ACF3-7167487A9E3D}.codeanalysis|Win32.ActiveCfg = codeanalysis|Win32
		{437699AD-7464-4E5F-ACF3-7167487A9E3D}.codeanalysis|Win32.Build.0 = codeanalysis|Win32
		{437699AD-7464-4E5F-ACF3-7167487A9E3D}.codeanalysis|x64.ActiveCfg = codeanalysis|x64
		{437699AD-7464-4E5F-ACF3-7167487A9E3D}.codeanalysis|x64.Build.0 = codeanalysis|x64
		{437699AD-7464-4E5F-ACF3-7167487A9E3D}.memdleak|Win32.ActiveCfg = memdleak|Win32
		{437699AD-7464-4E5F-ACF3-7167487A9E3D}.memdleak|Win32.Build.0 = memdleak|Win32
		{437699AD-7464-4E5F-ACF3-7167487A9E3D}.memdleak|x64.ActiveCfg = memdleak|x64
		{437699AD-7464-4E5F-ACF3-7167487A9E3D}.memdleak|x64.Build.0 = memdleak|x64
		{437699AD-7464-4E5F-ACF3-7167487A9E3D}.profiler|Win32.ActiveCfg = profiler|Win32
		{437699AD-7464-4E5F-ACF3-7167487A9E3D}.profiler|Win32.Build.0 = profiler|Win32
		{437699AD-7464-4E5F-ACF3-7167487A9E3D}.profiler|x64.ActiveCfg = profiler|x64
		{437699AD-7464-4E5F-ACF3-7167487A9E3D}.profiler|x64.Build.0 = profiler|x64
		{A1824D85-C71B-4F08-A696-72ECDE95E5CF}.debug|Win32.ActiveCfg = debug|Win32
		{A1824D85-C71B-4F08-A696-72ECDE95E5CF}.debug|Win32.Build.0 = debug|Win32
		{A1824D85-C71B-4F08-A696-72ECDE95E5CF}.debug|x64.ActiveCfg = debug|x64
		{A1824D85-C71B-4F08-A696-72ECDE95E5CF}.debug|x64.Build.0 = debug|x64
		{A1824D85-C71B-4F08-A696-72ECDE95E5CF}.codeanalysis|Win32.ActiveCfg = codeanalysis|Win32
		{A1824D85-C71B-4F08-A696-72ECDE95E5CF}.codeanalysis|Win32.Build.0 = codeanalysis|Win32
		{A1824D85-C71B-4F08-A696-72ECDE95E5CF}.codeanalysis|x64.ActiveCfg = codeanalysis|x64
		{A1824D85-C71B-4F08-A696-72ECDE95E5CF}.codeanalysis|x64.Build.0 = codeanalysis|x64
		{A1824D85-C71B-4F08-A696-72ECDE95E5CF}.memdleak|Win32.ActiveCfg = memdleak|Win32
		{A1824D85-C71B-4F08-A696-72ECDE95E5CF}.memdleak|Win32.Build.0 = memdleak|Win32
		{A1824D85-C71B-4F08-A696-72ECDE95E5CF}.memdleak|x64.ActiveCfg = memdleak|x64
		{A1824D85-C71B-4F08-A696-72ECDE95E5CF}.memdleak|x64.Build.0 = memdleak|x64
		{A1824D85-C71B-4F08-A696-72ECDE95E5CF}.profiler|Win32.ActiveCfg = profiler|Win32
		{A1824D85-C71B-4F08-A696-72ECDE95E5CF}.profiler|Win32.Build.0 = profiler|Win32
		{A1824D85-C71B-4F08-A696-72ECDE95E5CF}.profiler|x64.ActiveCfg = profiler|x64
		{A1824D85-C71B-4F08-A696-72ECDE95E5CF}.profiler|x64.Build.0 = profiler|x64
		{19841511-0204-1977-A73E-2CD949AA3AF6}.debug|Win32.ActiveCfg = debug|Win32
		{19841511-0204-1977-A73E-2CD949AA3AF6}.debug|Win32.Build.0 = debug|Win32
		{19841511-0204-1977-A73E-2CD949AA3AF6}.debug|x64.ActiveCfg = debug|x64
		{19841511-0204-1977-A73E-2CD949AA3AF6}.debug|x64.Build.0 = debug|x64
		{19841511-0204-1977-A73E-2CD949AA3AF6}.codeanalysis|Win32.ActiveCfg = codeanalysis|Win32
		{19841511-0204-1977-A73E-2CD949AA3AF6}.codeanalysis|Win32.Build.0 = codeanalysis|Win32
		{19841511-0204-1977-A73E-2CD949AA3AF6}.codeanalysis|x64.ActiveCfg = codeanalysis|x64
		{19841511-0204-1977-A73E-2CD949AA3AF6}.codeanalysis|x64.Build.0 = codeanalysis|x64
		{19841511-0204-1977-A73E-2CD949AA3AF6}.memdleak|Win32.ActiveCfg = memdleak|Win32
		{19841511-0204-1977-A73E-2CD949AA3AF6}.memdleak|Win32.Build.0 = memdleak|Win32
		{19841511-0204-1977-A73E-2CD949AA3AF6}.memdleak|x64.ActiveCfg = memdleak|x64
		{19841511-0204-1977-A73E-2CD949AA3AF6}.memdleak|x64.Build.0 = memdleak|x64
		{19841511-0204-1977-A73E-2CD949AA3AF6}.profiler|Win32.ActiveCfg = profiler|Win32
		{19841511-0204-1977-A73E-2CD949AA3AF6}.profiler|Win32.Build.0 = profiler|Win32
		{19841511-0204-1977-A73E-2CD949AA3AF6}.profiler|x64.ActiveCfg = profiler|x64
		{19841511-0204-1977-A73E-2CD949AA3AF6}.profiler|x64.Build.0 = profiler|x64
		{52F96A19-6F3A-45AC-926B-256082D8FF5D}.debug|Win32.ActiveCfg = debug|Win32
		{52F96A19-6F3A-45AC-926B-256082D8FF5D}.debug|Win32.Build.0 = debug|Win32
		{52F96A19-6F3A-45AC-926B-256082D8FF5D}.debug|x64.ActiveCfg = debug|x64
		{52F96A19-6F3A-45AC-926B-256082D8FF5D}.debug|x64.Build.0 = debug|x64
		{52F96A19-6F3A-45AC-926B-256082D8FF5D}.codeanalysis|Win32.ActiveCfg = codeanalysis|Win32
		{52F96A19-6F3A-45AC-926B-256082D8FF5D}.codeanalysis|Win32.Build.0 = codeanalysis|Win32
		{52F96A19-6F3A-45AC-926B-256082D8FF5D}.codeanalysis|x64.ActiveCfg = codeanalysis|x64
		{52F96A19-6F3A-45AC-926B-256082D8FF5D}.codeanalysis|x64.Build.0 = codeanalysis|x64
		{52F96A19-6F3A-45AC-926B-256082D8FF5D}.memdleak|Win32.ActiveCfg = memdleak|Win32
		{52F96A19-6F3A-45AC-926B-256082D8FF5D}.memdleak|Win32.Build.0 = memdleak|Win32
		{52F96A19-6F3A-45AC-926B-256082D8FF5D}.memdleak|x64.ActiveCfg = memdleak|x64
		{52F96A19-6F3A-45AC-926B-256082D8FF5D}.memdleak|x64.Build.0 = memdleak|x64
		{52F96A19-6F3A-45AC-926B-256082D8FF5D}.profiler|Win32.ActiveCfg = profiler|Win32
		{52F96A19-6F3A-45AC-926B-256082D8FF5D}.profiler|Win32.Build.0 = profiler|Win32
		{52F96A19-6F3A-45AC-926B-256082D8FF5D}.profiler|x64.ActiveCfg = profiler|x64
		{52F96A19-6F3A-45AC-926B-256082D8FF5D}.profiler|x64.Build.0 = profiler|x64
		{B39ED2B3-D53A-4077-B957-930979A3577D}.debug|Win32.ActiveCfg = debug|Win32
		{B39ED2B3-D53A-4077-B957-930979A3577D}.debug|Win32.Build.0 = debug|Win32
		{B39ED2B3-D53A-4077-B957-930979A3577D}.debug|x64.ActiveCfg = debug|x64
		{B39ED2B3-D53A-4077-B957-930979A3577D}.debug|x64.Build.0 = debug|x64
		{B39ED2B3-D53A-4077-B957-930979A3577D}.codeanalysis|Win32.ActiveCfg = profiler|Win32
		{B39ED2B3-D53A-4077-B957-930979A3577D}.codeanalysis|Win32.Build.0 = profiler|Win32
		{B39ED2B3-D53A-4077-B957-930979A3577D}.codeanalysis|x64.ActiveCfg = profiler|x64
		{B39ED2B3-D53A-4077-B957-930979A3577D}.codeanalysis|x64.Build.0 = profiler|x64
		{B39ED2B3-D53A-4077-B957-930979A3577D}.memdleak|Win32.ActiveCfg = profiler|Win32
		{B39ED2B3-D53A-4077-B957-930979A3577D}.memdleak|Win32.Build.0 = profiler|Win32
		{B39ED2B3-D53A-4077-B957-930979A3577D}.memdleak|x64.ActiveCfg = profiler|x64
		{B39ED2B3-D53A-4077-B957-930979A3577D}.memdleak|x64.Build.0 = profiler|x64
		{B39ED2B3-D53A-4077-B957-930979A3577D}.profiler|Win32.ActiveCfg = profiler|Win32
		{B39ED2B3-D53A-4077-B957-930979A3577D}.profiler|Win32.Build.0 = profiler|Win32
		{B39ED2B3-D53A-4077-B957-930979A3577D}.profiler|x64.ActiveCfg = profiler|x64
		{B39ED2B3-D53A-4077-B957-930979A3577D}.profiler|x64.Build.0 = profiler|x64
		{9FFC2CF6-737C-43DB-A1EE-383F7BFDB05B}.debug|Win32.ActiveCfg = debug|Win32
		{9FFC2CF6-737C-43DB-A1EE-383F7BFDB05B}.debug|Win32.Build.0 = debug|Win32
		{9FFC2CF6-737C-43DB-A1EE-383F7BFDB05B}.debug|x64.ActiveCfg = debug|x64
		{9FFC2CF6-737C-43DB-A1EE-383F7BFDB05B}.debug|x64.Build.0 = debug|x64
		{9FFC2CF6-737C-43DB-A1EE-383F7BFDB05B}.codeanalysis|Win32.ActiveCfg = profiler|Win32
		{9FFC2CF6-737C-43DB-A1EE-383F7BFDB05B}.codeanalysis|Win32.Build.0 = profiler|Win32
		{9FFC2CF6-737C-43DB-A1EE-383F7BFDB05B}.codeanalysis|x64.ActiveCfg = profiler|x64
		{9FFC2CF6-737C-43DB-A1EE-383F7BFDB05B}.codeanalysis|x64.Build.0 = profiler|x64
		{9FFC2CF6-737C-43DB-A1EE-383F7BFDB05B}.memdleak|Win32.ActiveCfg = profiler|Win32
		{9FFC2CF6-737C-43DB-A1EE-383F7BFDB05B}.memdleak|Win32.Build.0 = profiler|Win32
		{9FFC2CF6-737C-43DB-A1EE-383F7BFDB05B}.memdleak|x64.ActiveCfg = profiler|x64
		{9FFC2CF6-737C-43DB-A1EE-383F7BFDB05B}.memdleak|x64.Build.0 = profiler|x64
		{9FFC2CF6-737C-43DB-A1EE-383F7BFDB05B}.profiler|Win32.ActiveCfg = profiler|Win32
		{9FFC2CF6-737C-43DB-A1EE-383F7BFDB05B}.profiler|Win32.Build.0 = profiler|Win32
		{9FFC2CF6-737C-43DB-A1EE-383F7BFDB05B}.profiler|x64.ActiveCfg = profiler|x64
		{9FFC2CF6-737C-43DB-A1EE-383F7BFDB05B}.profiler|x64.Build.0 = profiler|x64
	EndGlobalSection
	GlobalSection(SolutionProperties) = preSolution
		HideSolutionNode = FALSE
	EndGlobalSection
EndGlobal
