
Microsoft Visual Studio Solution File, Format Version 12.00
# Visual Studio 14
VisualStudioVersion = 14.0.25420.1
MinimumVisualStudioVersion = 10.0.40219.1
Project("{8BC9CEB8-8B4A-11D0-8D11-00A0C91BC942}") = "netnode_dynamic_source_script", "..\..\..\source\$1.vcxproj", "{7F80EE33-BA33-4F1D-9EF7-73EB4AC73DCD}"
	ProjectSection(ProjectDependencies) = postProject
		{03E5B8E7-9E3B-44DD-9EDE-E0A74D52C1C5} = {03E5B8E7-9E3B-44DD-9EDE-E0A74D52C1C5}
		{73A245F9-C92F-4487-AEF7-CB0531F665BD} = {73A245F9-C92F-4487-AEF7-CB0531F665BD}
	EndProjectSection
EndProject
Project("{8BC9CEB8-8B4A-11D0-8D11-00A0C91BC942}") = "netnode", "..\..\..\source\$1.vcxproj", "{15111984-C807-4AE2-957A-50089268664D}"
	ProjectSection(ProjectDependencies) = postProject
		{03E5B8E7-9E3B-44DD-9EDE-E0A74D52C1C5} = {03E5B8E7-9E3B-44DD-9EDE-E0A74D52C1C5}
		{73A245F9-C92F-4487-AEF7-CB0531F665BD} = {73A245F9-C92F-4487-AEF7-CB0531F665BD}
	EndProjectSection
EndProject
Project("{8BC9CEB8-8B4A-11D0-8D11-00A0C91BC942}") = "draw2d_gdiplus", "..\draw2d_gdiplus\draw2d_gdiplus.vcxproj", "{9A5FBFB1-76E6-4F7E-933A-328C1EEC95AF}"
	ProjectSection(ProjectDependencies) = postProject
		{03E5B8E7-9E3B-44DD-9EDE-E0A74D52C1C5} = {03E5B8E7-9E3B-44DD-9EDE-E0A74D52C1C5}
		{73A245F9-C92F-4487-AEF7-CB0531F665BD} = {73A245F9-C92F-4487-AEF7-CB0531F665BD}
	EndProjectSection
EndProject
Project("{8BC9CEB8-8B4A-11D0-8D11-00A0C91BC942}") = "app_core", "..\..\..\source\$1.vcxproj", "{1AB44F85-C63D-4F5E-BB76-B416DC4DA2CB}"
EndProject
Project("{8BC9CEB8-8B4A-11D0-8D11-00A0C91BC942}") = "app._", "..\..\..\source\$1.vcxproj", "{3DDD6C31-218E-4979-B095-8AF22563D9C1}"
	ProjectSection(ProjectDependencies) = postProject
		{1AB44F85-C63D-4F5E-BB76-B416DC4DA2CB} = {1AB44F85-C63D-4F5E-BB76-B416DC4DA2CB}
		{9A5FBFB1-76E6-4F7E-933A-328C1EEC95AF} = {9A5FBFB1-76E6-4F7E-933A-328C1EEC95AF}
		{03E5B8E7-9E3B-44DD-9EDE-E0A74D52C1C5} = {03E5B8E7-9E3B-44DD-9EDE-E0A74D52C1C5}
		{73A245F9-C92F-4487-AEF7-CB0531F665BD} = {73A245F9-C92F-4487-AEF7-CB0531F665BD}
	EndProjectSection
EndProject
Project("{8BC9CEB8-8B4A-11D0-8D11-00A0C91BC942}") = "aura", "..\..\..\source\$1.vcxproj", "{03E5B8E7-9E3B-44DD-9EDE-E0A74D52C1C5}"
EndProject
Project("{8BC9CEB8-8B4A-11D0-8D11-00A0C91BC942}") = "axis", "..\..\..\source\$1.vcxproj", "{73A245F9-C92F-4487-AEF7-CB0531F665BD}"
	ProjectSection(ProjectDependencies) = postProject
		{03E5B8E7-9E3B-44DD-9EDE-E0A74D52C1C5} = {03E5B8E7-9E3B-44DD-9EDE-E0A74D52C1C5}
	EndProjectSection
EndProject
Project("{8BC9CEB8-8B4A-11D0-8D11-00A0C91BC942}") = "aqua", "..\..\..\source\$1.vcxproj", "{51778453-C0AA-419D-A87F-4338C9DDE3FA}"
EndProject
Project("{8BC9CEB8-8B4A-11D0-8D11-00A0C91BC942}") = "data", "..\..\..\source\$1.vcxproj", "{A33B9D31-3BFE-496C-A4F5-DC3086D5B27F}"
EndProject
Project("{8BC9CEB8-8B4A-11D0-8D11-00A0C91BC942}") = "programming", "..\..\..\source\$1.vcxproj", "{149AA9B9-9E1A-4612-AD64-A71EE357BCAA}"
EndProject
Project("{8BC9CEB8-8B4A-11D0-8D11-00A0C91BC942}") = "time", "..\..\..\source\$1.vcxproj", "{5B03FC53-5184-7715-1100-000000000000}"
EndProject
Project("{8BC9CEB8-8B4A-11D0-8D11-00A0C91BC942}") = "base", "..\..\..\source\$1.vcxproj", "{4D7D3626-ADA6-4CA2-9566-ED7B131E3D51}"
EndProject
Project("{8BC9CEB8-8B4A-11D0-8D11-00A0C91BC942}") = "aura", "..\..\..\source\$1.vcxproj", "{E000FFAF-392F-4E32-BF51-FD7ED638991F}"
EndProject
Project("{8BC9CEB8-8B4A-11D0-8D11-00A0C91BC942}") = "app_core_alarm", "..\..\..\source\$1.vcxproj", "{19841511-0204-1977-2204-195149AA3AF6}"
	ProjectSection(ProjectDependencies) = postProject
		{19841115-1984-0411-1977-021977151984} = {19841115-1984-0411-1977-021977151984}
		{3DDD6C31-218E-4979-B095-8AF22563D9C1} = {3DDD6C31-218E-4979-B095-8AF22563D9C1}
		{1AB44F85-C63D-4F5E-BB76-B416DC4DA2CB} = {1AB44F85-C63D-4F5E-BB76-B416DC4DA2CB}
		{9A5FBFB1-76E6-4F7E-933A-328C1EEC95AF} = {9A5FBFB1-76E6-4F7E-933A-328C1EEC95AF}
	EndProjectSection
EndProject
Project("{8BC9CEB8-8B4A-11D0-8D11-00A0C91BC942}") = "app", "..\app\app.vcxproj", "{19841115-1984-0411-1977-021977151984}"
EndProject
Project("{8BC9CEB8-8B4A-11D0-8D11-00A0C91BC942}") = "userdatetime", "..\..\..\source\$1.vcxproj", "{51042284-1115-7704-027F-4338C9DDE3FA}"
EndProject
Project("{8BC9CEB8-8B4A-11D0-8D11-00A0C91BC942}") = "post-commit", "..\..\..\source\$1.vcxproj", "{8451773B-CC87-4BB6-A130-C68DB95FAA7C}"
EndProject
Project("{8BC9CEB8-8B4A-11D0-8D11-00A0C91BC942}") = "ace", "..\..\..\source\$1.vcxproj", "{21DCC811-4BCE-4F16-B674-C0941F847127}"
EndProject
Project("{8BC9CEB8-8B4A-11D0-8D11-00A0C91BC942}") = "acid", "..\..\..\source\$1.vcxproj", "{A92C920F-C07D-481E-B523-565B56167CD1}"
EndProject
Project("{8BC9CEB8-8B4A-11D0-8D11-00A0C91BC942}") = "axisfreeimage", "..\..\..\source\$1.vcxproj", "{B39ED2B3-D53A-4077-B957-930979A3577D}"
	ProjectSection(ProjectDependencies) = postProject
		{03E5B8E7-9E3B-44DD-9EDE-E0A74D52C1C5} = {03E5B8E7-9E3B-44DD-9EDE-E0A74D52C1C5}
	EndProjectSection
EndProject
Project("{8BC9CEB8-8B4A-11D0-8D11-00A0C91BC942}") = "image_decode_jpeg", "..\..\..\source\$1.vcxproj", "{84517713-2000-419D-A87F-4338C9DDE3FA}"
EndProject
Project("{8BC9CEB8-8B4A-11D0-8D11-00A0C91BC942}") = "image_decode_png", "..\..\..\source\$1.vcxproj", "{84517714-2000-419D-A87F-4338C9DDE3FA}"
EndProject
Project("{8BC9CEB8-8B4A-11D0-8D11-00A0C91BC942}") = "_ace", "..\..\..\source\$1.vcxproj", "{699D6807-4F43-40E9-86AB-2A8B856707A9}"
EndProject
Project("{8BC9CEB8-8B4A-11D0-8D11-00A0C91BC942}") = "experience_core", "..\..\..\source\$1.vcxproj", "{E2D7833B-9B59-4826-BBDF-C270A2115E86}"
EndProject
Project("{2150E333-8FDC-42A3-9474-1A3956D46DE8}") = "Solution Items", "Solution Items", "{1CE02137-5040-42A2-99A4-7C80E7379EFD}"
	ProjectSection(SolutionItems) = preProject
		Performance1.psess = Performance1.psess
	EndProjectSection
EndProject
Project("{8BC9CEB8-8B4A-11D0-8D11-00A0C91BC942}") = "qr", "..\..\..\source\$1.vcxproj", "{19845177-6A40-4458-848A-019220E88C80}"
EndProject
Project("{8BC9CEB8-8B4A-11D0-8D11-00A0C91BC942}") = "app_core_netnodeqr", "..\..\..\source\$1.vcxproj", "{4C73CC26-F125-4DAA-95B6-D11079EC3453}"
EndProject
Global
	GlobalSection(SolutionConfigurationPlatforms) = preSolution
		basis|ARM = basis|ARM
		basis|Win32 = basis|Win32
		basis|x64 = basis|x64
		Debug|ARM = Debug|ARM
		Debug|Win32 = Debug|Win32
		Debug|x64 = Debug|x64
		Release|ARM = Release|ARM
		Release|Win32 = Release|Win32
		Release|x64 = Release|x64
		stage|ARM = stage|ARM
		stage|Win32 = stage|Win32
		stage|x64 = stage|x64
	EndGlobalSection
	GlobalSection(ProjectConfigurationPlatforms) = postSolution
		{7F80EE33-BA33-4F1D-9EF7-73EB4AC73DCD}.basis|ARM.ActiveCfg = basis|Win32
		{7F80EE33-BA33-4F1D-9EF7-73EB4AC73DCD}.basis|Win32.ActiveCfg = basis|Win32
		{7F80EE33-BA33-4F1D-9EF7-73EB4AC73DCD}.basis|Win32.Build.0 = basis|Win32
		{7F80EE33-BA33-4F1D-9EF7-73EB4AC73DCD}.basis|x64.ActiveCfg = basis|x64
		{7F80EE33-BA33-4F1D-9EF7-73EB4AC73DCD}.basis|x64.Build.0 = basis|x64
		{7F80EE33-BA33-4F1D-9EF7-73EB4AC73DCD}.Debug|ARM.ActiveCfg = stage|x64
		{7F80EE33-BA33-4F1D-9EF7-73EB4AC73DCD}.Debug|ARM.Build.0 = stage|x64
		{7F80EE33-BA33-4F1D-9EF7-73EB4AC73DCD}.Debug|Win32.ActiveCfg = stage|Win32
		{7F80EE33-BA33-4F1D-9EF7-73EB4AC73DCD}.Debug|Win32.Build.0 = stage|Win32
		{7F80EE33-BA33-4F1D-9EF7-73EB4AC73DCD}.Debug|x64.ActiveCfg = stage|x64
		{7F80EE33-BA33-4F1D-9EF7-73EB4AC73DCD}.Debug|x64.Build.0 = stage|x64
		{7F80EE33-BA33-4F1D-9EF7-73EB4AC73DCD}.Release|ARM.ActiveCfg = stage|x64
		{7F80EE33-BA33-4F1D-9EF7-73EB4AC73DCD}.Release|ARM.Build.0 = stage|x64
		{7F80EE33-BA33-4F1D-9EF7-73EB4AC73DCD}.Release|Win32.ActiveCfg = stage|Win32
		{7F80EE33-BA33-4F1D-9EF7-73EB4AC73DCD}.Release|Win32.Build.0 = stage|Win32
		{7F80EE33-BA33-4F1D-9EF7-73EB4AC73DCD}.Release|x64.ActiveCfg = stage|x64
		{7F80EE33-BA33-4F1D-9EF7-73EB4AC73DCD}.Release|x64.Build.0 = stage|x64
		{7F80EE33-BA33-4F1D-9EF7-73EB4AC73DCD}.stage|ARM.ActiveCfg = stage|Win32
		{7F80EE33-BA33-4F1D-9EF7-73EB4AC73DCD}.stage|Win32.ActiveCfg = stage|Win32
		{7F80EE33-BA33-4F1D-9EF7-73EB4AC73DCD}.stage|Win32.Build.0 = stage|Win32
		{7F80EE33-BA33-4F1D-9EF7-73EB4AC73DCD}.stage|x64.ActiveCfg = stage|x64
		{7F80EE33-BA33-4F1D-9EF7-73EB4AC73DCD}.stage|x64.Build.0 = stage|x64
		{15111984-C807-4AE2-957A-50089268664D}.basis|ARM.ActiveCfg = basis|Win32
		{15111984-C807-4AE2-957A-50089268664D}.basis|Win32.ActiveCfg = basis|Win32
		{15111984-C807-4AE2-957A-50089268664D}.basis|Win32.Build.0 = basis|Win32
		{15111984-C807-4AE2-957A-50089268664D}.basis|x64.ActiveCfg = basis|x64
		{15111984-C807-4AE2-957A-50089268664D}.basis|x64.Build.0 = basis|x64
		{15111984-C807-4AE2-957A-50089268664D}.Debug|ARM.ActiveCfg = stage|x64
		{15111984-C807-4AE2-957A-50089268664D}.Debug|ARM.Build.0 = stage|x64
		{15111984-C807-4AE2-957A-50089268664D}.Debug|Win32.ActiveCfg = stage|Win32
		{15111984-C807-4AE2-957A-50089268664D}.Debug|Win32.Build.0 = stage|Win32
		{15111984-C807-4AE2-957A-50089268664D}.Debug|x64.ActiveCfg = stage|x64
		{15111984-C807-4AE2-957A-50089268664D}.Debug|x64.Build.0 = stage|x64
		{15111984-C807-4AE2-957A-50089268664D}.Release|ARM.ActiveCfg = stage|x64
		{15111984-C807-4AE2-957A-50089268664D}.Release|ARM.Build.0 = stage|x64
		{15111984-C807-4AE2-957A-50089268664D}.Release|Win32.ActiveCfg = stage|Win32
		{15111984-C807-4AE2-957A-50089268664D}.Release|Win32.Build.0 = stage|Win32
		{15111984-C807-4AE2-957A-50089268664D}.Release|x64.ActiveCfg = stage|x64
		{15111984-C807-4AE2-957A-50089268664D}.Release|x64.Build.0 = stage|x64
		{15111984-C807-4AE2-957A-50089268664D}.stage|ARM.ActiveCfg = stage|Win32
		{15111984-C807-4AE2-957A-50089268664D}.stage|Win32.ActiveCfg = stage|Win32
		{15111984-C807-4AE2-957A-50089268664D}.stage|Win32.Build.0 = stage|Win32
		{15111984-C807-4AE2-957A-50089268664D}.stage|x64.ActiveCfg = stage|x64
		{15111984-C807-4AE2-957A-50089268664D}.stage|x64.Build.0 = stage|x64
		{9A5FBFB1-76E6-4F7E-933A-328C1EEC95AF}.basis|ARM.ActiveCfg = basis|Win32
		{9A5FBFB1-76E6-4F7E-933A-328C1EEC95AF}.basis|Win32.ActiveCfg = basis|Win32
		{9A5FBFB1-76E6-4F7E-933A-328C1EEC95AF}.basis|Win32.Build.0 = basis|Win32
		{9A5FBFB1-76E6-4F7E-933A-328C1EEC95AF}.basis|x64.ActiveCfg = basis|x64
		{9A5FBFB1-76E6-4F7E-933A-328C1EEC95AF}.basis|x64.Build.0 = basis|x64
		{9A5FBFB1-76E6-4F7E-933A-328C1EEC95AF}.Debug|ARM.ActiveCfg = stage|x64
		{9A5FBFB1-76E6-4F7E-933A-328C1EEC95AF}.Debug|ARM.Build.0 = stage|x64
		{9A5FBFB1-76E6-4F7E-933A-328C1EEC95AF}.Debug|Win32.ActiveCfg = stage|Win32
		{9A5FBFB1-76E6-4F7E-933A-328C1EEC95AF}.Debug|Win32.Build.0 = stage|Win32
		{9A5FBFB1-76E6-4F7E-933A-328C1EEC95AF}.Debug|x64.ActiveCfg = stage|x64
		{9A5FBFB1-76E6-4F7E-933A-328C1EEC95AF}.Debug|x64.Build.0 = stage|x64
		{9A5FBFB1-76E6-4F7E-933A-328C1EEC95AF}.Release|ARM.ActiveCfg = stage|x64
		{9A5FBFB1-76E6-4F7E-933A-328C1EEC95AF}.Release|ARM.Build.0 = stage|x64
		{9A5FBFB1-76E6-4F7E-933A-328C1EEC95AF}.Release|Win32.ActiveCfg = stage|Win32
		{9A5FBFB1-76E6-4F7E-933A-328C1EEC95AF}.Release|Win32.Build.0 = stage|Win32
		{9A5FBFB1-76E6-4F7E-933A-328C1EEC95AF}.Release|x64.ActiveCfg = stage|x64
		{9A5FBFB1-76E6-4F7E-933A-328C1EEC95AF}.Release|x64.Build.0 = stage|x64
		{9A5FBFB1-76E6-4F7E-933A-328C1EEC95AF}.stage|ARM.ActiveCfg = stage|Win32
		{9A5FBFB1-76E6-4F7E-933A-328C1EEC95AF}.stage|Win32.ActiveCfg = stage|Win32
		{9A5FBFB1-76E6-4F7E-933A-328C1EEC95AF}.stage|Win32.Build.0 = stage|Win32
		{9A5FBFB1-76E6-4F7E-933A-328C1EEC95AF}.stage|x64.ActiveCfg = stage|x64
		{9A5FBFB1-76E6-4F7E-933A-328C1EEC95AF}.stage|x64.Build.0 = stage|x64
		{1AB44F85-C63D-4F5E-BB76-B416DC4DA2CB}.basis|ARM.ActiveCfg = basis|Win32
		{1AB44F85-C63D-4F5E-BB76-B416DC4DA2CB}.basis|Win32.ActiveCfg = basis|Win32
		{1AB44F85-C63D-4F5E-BB76-B416DC4DA2CB}.basis|Win32.Build.0 = basis|Win32
		{1AB44F85-C63D-4F5E-BB76-B416DC4DA2CB}.basis|x64.ActiveCfg = basis|x64
		{1AB44F85-C63D-4F5E-BB76-B416DC4DA2CB}.basis|x64.Build.0 = basis|x64
		{1AB44F85-C63D-4F5E-BB76-B416DC4DA2CB}.Debug|ARM.ActiveCfg = stage|x64
		{1AB44F85-C63D-4F5E-BB76-B416DC4DA2CB}.Debug|ARM.Build.0 = stage|x64
		{1AB44F85-C63D-4F5E-BB76-B416DC4DA2CB}.Debug|Win32.ActiveCfg = stage|Win32
		{1AB44F85-C63D-4F5E-BB76-B416DC4DA2CB}.Debug|Win32.Build.0 = stage|Win32
		{1AB44F85-C63D-4F5E-BB76-B416DC4DA2CB}.Debug|x64.ActiveCfg = stage|x64
		{1AB44F85-C63D-4F5E-BB76-B416DC4DA2CB}.Debug|x64.Build.0 = stage|x64
		{1AB44F85-C63D-4F5E-BB76-B416DC4DA2CB}.Release|ARM.ActiveCfg = stage|x64
		{1AB44F85-C63D-4F5E-BB76-B416DC4DA2CB}.Release|ARM.Build.0 = stage|x64
		{1AB44F85-C63D-4F5E-BB76-B416DC4DA2CB}.Release|Win32.ActiveCfg = stage|Win32
		{1AB44F85-C63D-4F5E-BB76-B416DC4DA2CB}.Release|Win32.Build.0 = stage|Win32
		{1AB44F85-C63D-4F5E-BB76-B416DC4DA2CB}.Release|x64.ActiveCfg = stage|x64
		{1AB44F85-C63D-4F5E-BB76-B416DC4DA2CB}.Release|x64.Build.0 = stage|x64
		{1AB44F85-C63D-4F5E-BB76-B416DC4DA2CB}.stage|ARM.ActiveCfg = stage|Win32
		{1AB44F85-C63D-4F5E-BB76-B416DC4DA2CB}.stage|Win32.ActiveCfg = stage|Win32
		{1AB44F85-C63D-4F5E-BB76-B416DC4DA2CB}.stage|Win32.Build.0 = stage|Win32
		{1AB44F85-C63D-4F5E-BB76-B416DC4DA2CB}.stage|x64.ActiveCfg = stage|x64
		{1AB44F85-C63D-4F5E-BB76-B416DC4DA2CB}.stage|x64.Build.0 = stage|x64
		{3DDD6C31-218E-4979-B095-8AF22563D9C1}.basis|ARM.ActiveCfg = basis|Win32
		{3DDD6C31-218E-4979-B095-8AF22563D9C1}.basis|Win32.ActiveCfg = basis|Win32
		{3DDD6C31-218E-4979-B095-8AF22563D9C1}.basis|Win32.Build.0 = basis|Win32
		{3DDD6C31-218E-4979-B095-8AF22563D9C1}.basis|x64.ActiveCfg = basis|x64
		{3DDD6C31-218E-4979-B095-8AF22563D9C1}.basis|x64.Build.0 = basis|x64
		{3DDD6C31-218E-4979-B095-8AF22563D9C1}.Debug|ARM.ActiveCfg = stage|x64
		{3DDD6C31-218E-4979-B095-8AF22563D9C1}.Debug|ARM.Build.0 = stage|x64
		{3DDD6C31-218E-4979-B095-8AF22563D9C1}.Debug|Win32.ActiveCfg = stage|Win32
		{3DDD6C31-218E-4979-B095-8AF22563D9C1}.Debug|Win32.Build.0 = stage|Win32
		{3DDD6C31-218E-4979-B095-8AF22563D9C1}.Debug|x64.ActiveCfg = stage|x64
		{3DDD6C31-218E-4979-B095-8AF22563D9C1}.Debug|x64.Build.0 = stage|x64
		{3DDD6C31-218E-4979-B095-8AF22563D9C1}.Release|ARM.ActiveCfg = stage|x64
		{3DDD6C31-218E-4979-B095-8AF22563D9C1}.Release|ARM.Build.0 = stage|x64
		{3DDD6C31-218E-4979-B095-8AF22563D9C1}.Release|Win32.ActiveCfg = stage|Win32
		{3DDD6C31-218E-4979-B095-8AF22563D9C1}.Release|Win32.Build.0 = stage|Win32
		{3DDD6C31-218E-4979-B095-8AF22563D9C1}.Release|x64.ActiveCfg = stage|x64
		{3DDD6C31-218E-4979-B095-8AF22563D9C1}.Release|x64.Build.0 = stage|x64
		{3DDD6C31-218E-4979-B095-8AF22563D9C1}.stage|ARM.ActiveCfg = stage|Win32
		{3DDD6C31-218E-4979-B095-8AF22563D9C1}.stage|Win32.ActiveCfg = stage|Win32
		{3DDD6C31-218E-4979-B095-8AF22563D9C1}.stage|Win32.Build.0 = stage|Win32
		{3DDD6C31-218E-4979-B095-8AF22563D9C1}.stage|x64.ActiveCfg = stage|x64
		{3DDD6C31-218E-4979-B095-8AF22563D9C1}.stage|x64.Build.0 = stage|x64
		{03E5B8E7-9E3B-44DD-9EDE-E0A74D52C1C5}.basis|ARM.ActiveCfg = basis|Win32
		{03E5B8E7-9E3B-44DD-9EDE-E0A74D52C1C5}.basis|Win32.ActiveCfg = basis|Win32
		{03E5B8E7-9E3B-44DD-9EDE-E0A74D52C1C5}.basis|Win32.Build.0 = basis|Win32
		{03E5B8E7-9E3B-44DD-9EDE-E0A74D52C1C5}.basis|x64.ActiveCfg = basis|x64
		{03E5B8E7-9E3B-44DD-9EDE-E0A74D52C1C5}.basis|x64.Build.0 = basis|x64
		{03E5B8E7-9E3B-44DD-9EDE-E0A74D52C1C5}.Debug|ARM.ActiveCfg = stage|x64
		{03E5B8E7-9E3B-44DD-9EDE-E0A74D52C1C5}.Debug|ARM.Build.0 = stage|x64
		{03E5B8E7-9E3B-44DD-9EDE-E0A74D52C1C5}.Debug|Win32.ActiveCfg = stage|Win32
		{03E5B8E7-9E3B-44DD-9EDE-E0A74D52C1C5}.Debug|Win32.Build.0 = stage|Win32
		{03E5B8E7-9E3B-44DD-9EDE-E0A74D52C1C5}.Debug|x64.ActiveCfg = stage|x64
		{03E5B8E7-9E3B-44DD-9EDE-E0A74D52C1C5}.Debug|x64.Build.0 = stage|x64
		{03E5B8E7-9E3B-44DD-9EDE-E0A74D52C1C5}.Release|ARM.ActiveCfg = stage|x64
		{03E5B8E7-9E3B-44DD-9EDE-E0A74D52C1C5}.Release|ARM.Build.0 = stage|x64
		{03E5B8E7-9E3B-44DD-9EDE-E0A74D52C1C5}.Release|Win32.ActiveCfg = stage|Win32
		{03E5B8E7-9E3B-44DD-9EDE-E0A74D52C1C5}.Release|Win32.Build.0 = stage|Win32
		{03E5B8E7-9E3B-44DD-9EDE-E0A74D52C1C5}.Release|x64.ActiveCfg = stage|x64
		{03E5B8E7-9E3B-44DD-9EDE-E0A74D52C1C5}.Release|x64.Build.0 = stage|x64
		{03E5B8E7-9E3B-44DD-9EDE-E0A74D52C1C5}.stage|ARM.ActiveCfg = stage|Win32
		{03E5B8E7-9E3B-44DD-9EDE-E0A74D52C1C5}.stage|Win32.ActiveCfg = stage|Win32
		{03E5B8E7-9E3B-44DD-9EDE-E0A74D52C1C5}.stage|Win32.Build.0 = stage|Win32
		{03E5B8E7-9E3B-44DD-9EDE-E0A74D52C1C5}.stage|x64.ActiveCfg = stage|x64
		{03E5B8E7-9E3B-44DD-9EDE-E0A74D52C1C5}.stage|x64.Build.0 = stage|x64
		{73A245F9-C92F-4487-AEF7-CB0531F665BD}.basis|ARM.ActiveCfg = basis|Win32
		{73A245F9-C92F-4487-AEF7-CB0531F665BD}.basis|Win32.ActiveCfg = basis|Win32
		{73A245F9-C92F-4487-AEF7-CB0531F665BD}.basis|Win32.Build.0 = basis|Win32
		{73A245F9-C92F-4487-AEF7-CB0531F665BD}.basis|x64.ActiveCfg = basis|x64
		{73A245F9-C92F-4487-AEF7-CB0531F665BD}.basis|x64.Build.0 = basis|x64
		{73A245F9-C92F-4487-AEF7-CB0531F665BD}.Debug|ARM.ActiveCfg = stage|x64
		{73A245F9-C92F-4487-AEF7-CB0531F665BD}.Debug|ARM.Build.0 = stage|x64
		{73A245F9-C92F-4487-AEF7-CB0531F665BD}.Debug|Win32.ActiveCfg = stage|Win32
		{73A245F9-C92F-4487-AEF7-CB0531F665BD}.Debug|Win32.Build.0 = stage|Win32
		{73A245F9-C92F-4487-AEF7-CB0531F665BD}.Debug|x64.ActiveCfg = stage|x64
		{73A245F9-C92F-4487-AEF7-CB0531F665BD}.Debug|x64.Build.0 = stage|x64
		{73A245F9-C92F-4487-AEF7-CB0531F665BD}.Release|ARM.ActiveCfg = stage|x64
		{73A245F9-C92F-4487-AEF7-CB0531F665BD}.Release|ARM.Build.0 = stage|x64
		{73A245F9-C92F-4487-AEF7-CB0531F665BD}.Release|Win32.ActiveCfg = stage|Win32
		{73A245F9-C92F-4487-AEF7-CB0531F665BD}.Release|Win32.Build.0 = stage|Win32
		{73A245F9-C92F-4487-AEF7-CB0531F665BD}.Release|x64.ActiveCfg = stage|x64
		{73A245F9-C92F-4487-AEF7-CB0531F665BD}.Release|x64.Build.0 = stage|x64
		{73A245F9-C92F-4487-AEF7-CB0531F665BD}.stage|ARM.ActiveCfg = stage|Win32
		{73A245F9-C92F-4487-AEF7-CB0531F665BD}.stage|Win32.ActiveCfg = stage|Win32
		{73A245F9-C92F-4487-AEF7-CB0531F665BD}.stage|Win32.Build.0 = stage|Win32
		{73A245F9-C92F-4487-AEF7-CB0531F665BD}.stage|x64.ActiveCfg = stage|x64
		{73A245F9-C92F-4487-AEF7-CB0531F665BD}.stage|x64.Build.0 = stage|x64
		{51778453-C0AA-419D-A87F-4338C9DDE3FA}.basis|ARM.ActiveCfg = basis|Win32
		{51778453-C0AA-419D-A87F-4338C9DDE3FA}.basis|Win32.ActiveCfg = basis|Win32
		{51778453-C0AA-419D-A87F-4338C9DDE3FA}.basis|Win32.Build.0 = basis|Win32
		{51778453-C0AA-419D-A87F-4338C9DDE3FA}.basis|x64.ActiveCfg = basis|x64
		{51778453-C0AA-419D-A87F-4338C9DDE3FA}.basis|x64.Build.0 = basis|x64
		{51778453-C0AA-419D-A87F-4338C9DDE3FA}.Debug|ARM.ActiveCfg = stage|x64
		{51778453-C0AA-419D-A87F-4338C9DDE3FA}.Debug|ARM.Build.0 = stage|x64
		{51778453-C0AA-419D-A87F-4338C9DDE3FA}.Debug|Win32.ActiveCfg = stage|Win32
		{51778453-C0AA-419D-A87F-4338C9DDE3FA}.Debug|Win32.Build.0 = stage|Win32
		{51778453-C0AA-419D-A87F-4338C9DDE3FA}.Debug|x64.ActiveCfg = stage|x64
		{51778453-C0AA-419D-A87F-4338C9DDE3FA}.Debug|x64.Build.0 = stage|x64
		{51778453-C0AA-419D-A87F-4338C9DDE3FA}.Release|ARM.ActiveCfg = stage|x64
		{51778453-C0AA-419D-A87F-4338C9DDE3FA}.Release|ARM.Build.0 = stage|x64
		{51778453-C0AA-419D-A87F-4338C9DDE3FA}.Release|Win32.ActiveCfg = stage|Win32
		{51778453-C0AA-419D-A87F-4338C9DDE3FA}.Release|Win32.Build.0 = stage|Win32
		{51778453-C0AA-419D-A87F-4338C9DDE3FA}.Release|x64.ActiveCfg = stage|x64
		{51778453-C0AA-419D-A87F-4338C9DDE3FA}.Release|x64.Build.0 = stage|x64
		{51778453-C0AA-419D-A87F-4338C9DDE3FA}.stage|ARM.ActiveCfg = stage|Win32
		{51778453-C0AA-419D-A87F-4338C9DDE3FA}.stage|Win32.ActiveCfg = stage|Win32
		{51778453-C0AA-419D-A87F-4338C9DDE3FA}.stage|Win32.Build.0 = stage|Win32
		{51778453-C0AA-419D-A87F-4338C9DDE3FA}.stage|x64.ActiveCfg = stage|x64
		{51778453-C0AA-419D-A87F-4338C9DDE3FA}.stage|x64.Build.0 = stage|x64
		{A33B9D31-3BFE-496C-A4F5-DC3086D5B27F}.basis|ARM.ActiveCfg = basis|Win32
		{A33B9D31-3BFE-496C-A4F5-DC3086D5B27F}.basis|Win32.ActiveCfg = basis|Win32
		{A33B9D31-3BFE-496C-A4F5-DC3086D5B27F}.basis|Win32.Build.0 = basis|Win32
		{A33B9D31-3BFE-496C-A4F5-DC3086D5B27F}.basis|x64.ActiveCfg = basis|x64
		{A33B9D31-3BFE-496C-A4F5-DC3086D5B27F}.basis|x64.Build.0 = basis|x64
		{A33B9D31-3BFE-496C-A4F5-DC3086D5B27F}.Debug|ARM.ActiveCfg = stage|x64
		{A33B9D31-3BFE-496C-A4F5-DC3086D5B27F}.Debug|ARM.Build.0 = stage|x64
		{A33B9D31-3BFE-496C-A4F5-DC3086D5B27F}.Debug|Win32.ActiveCfg = stage|Win32
		{A33B9D31-3BFE-496C-A4F5-DC3086D5B27F}.Debug|Win32.Build.0 = stage|Win32
		{A33B9D31-3BFE-496C-A4F5-DC3086D5B27F}.Debug|x64.ActiveCfg = stage|x64
		{A33B9D31-3BFE-496C-A4F5-DC3086D5B27F}.Debug|x64.Build.0 = stage|x64
		{A33B9D31-3BFE-496C-A4F5-DC3086D5B27F}.Release|ARM.ActiveCfg = stage|x64
		{A33B9D31-3BFE-496C-A4F5-DC3086D5B27F}.Release|ARM.Build.0 = stage|x64
		{A33B9D31-3BFE-496C-A4F5-DC3086D5B27F}.Release|Win32.ActiveCfg = stage|Win32
		{A33B9D31-3BFE-496C-A4F5-DC3086D5B27F}.Release|Win32.Build.0 = stage|Win32
		{A33B9D31-3BFE-496C-A4F5-DC3086D5B27F}.Release|x64.ActiveCfg = stage|x64
		{A33B9D31-3BFE-496C-A4F5-DC3086D5B27F}.Release|x64.Build.0 = stage|x64
		{A33B9D31-3BFE-496C-A4F5-DC3086D5B27F}.stage|ARM.ActiveCfg = stage|Win32
		{A33B9D31-3BFE-496C-A4F5-DC3086D5B27F}.stage|Win32.ActiveCfg = stage|Win32
		{A33B9D31-3BFE-496C-A4F5-DC3086D5B27F}.stage|Win32.Build.0 = stage|Win32
		{A33B9D31-3BFE-496C-A4F5-DC3086D5B27F}.stage|x64.ActiveCfg = stage|x64
		{A33B9D31-3BFE-496C-A4F5-DC3086D5B27F}.stage|x64.Build.0 = stage|x64
		{149AA9B9-9E1A-4612-AD64-A71EE357BCAA}.basis|ARM.ActiveCfg = basis|Win32
		{149AA9B9-9E1A-4612-AD64-A71EE357BCAA}.basis|Win32.ActiveCfg = basis|Win32
		{149AA9B9-9E1A-4612-AD64-A71EE357BCAA}.basis|Win32.Build.0 = basis|Win32
		{149AA9B9-9E1A-4612-AD64-A71EE357BCAA}.basis|x64.ActiveCfg = basis|x64
		{149AA9B9-9E1A-4612-AD64-A71EE357BCAA}.basis|x64.Build.0 = basis|x64
		{149AA9B9-9E1A-4612-AD64-A71EE357BCAA}.Debug|ARM.ActiveCfg = stage|x64
		{149AA9B9-9E1A-4612-AD64-A71EE357BCAA}.Debug|ARM.Build.0 = stage|x64
		{149AA9B9-9E1A-4612-AD64-A71EE357BCAA}.Debug|Win32.ActiveCfg = stage|Win32
		{149AA9B9-9E1A-4612-AD64-A71EE357BCAA}.Debug|Win32.Build.0 = stage|Win32
		{149AA9B9-9E1A-4612-AD64-A71EE357BCAA}.Debug|x64.ActiveCfg = stage|x64
		{149AA9B9-9E1A-4612-AD64-A71EE357BCAA}.Debug|x64.Build.0 = stage|x64
		{149AA9B9-9E1A-4612-AD64-A71EE357BCAA}.Release|ARM.ActiveCfg = stage|x64
		{149AA9B9-9E1A-4612-AD64-A71EE357BCAA}.Release|ARM.Build.0 = stage|x64
		{149AA9B9-9E1A-4612-AD64-A71EE357BCAA}.Release|Win32.ActiveCfg = stage|Win32
		{149AA9B9-9E1A-4612-AD64-A71EE357BCAA}.Release|Win32.Build.0 = stage|Win32
		{149AA9B9-9E1A-4612-AD64-A71EE357BCAA}.Release|x64.ActiveCfg = stage|x64
		{149AA9B9-9E1A-4612-AD64-A71EE357BCAA}.Release|x64.Build.0 = stage|x64
		{149AA9B9-9E1A-4612-AD64-A71EE357BCAA}.stage|ARM.ActiveCfg = stage|Win32
		{149AA9B9-9E1A-4612-AD64-A71EE357BCAA}.stage|Win32.ActiveCfg = stage|Win32
		{149AA9B9-9E1A-4612-AD64-A71EE357BCAA}.stage|Win32.Build.0 = stage|Win32
		{149AA9B9-9E1A-4612-AD64-A71EE357BCAA}.stage|x64.ActiveCfg = stage|x64
		{149AA9B9-9E1A-4612-AD64-A71EE357BCAA}.stage|x64.Build.0 = stage|x64
		{5B03FC53-5184-7715-1100-000000000000}.basis|ARM.ActiveCfg = basis|Win32
		{5B03FC53-5184-7715-1100-000000000000}.basis|Win32.ActiveCfg = basis|Win32
		{5B03FC53-5184-7715-1100-000000000000}.basis|Win32.Build.0 = basis|Win32
		{5B03FC53-5184-7715-1100-000000000000}.basis|x64.ActiveCfg = basis|x64
		{5B03FC53-5184-7715-1100-000000000000}.basis|x64.Build.0 = basis|x64
		{5B03FC53-5184-7715-1100-000000000000}.Debug|ARM.ActiveCfg = stage|x64
		{5B03FC53-5184-7715-1100-000000000000}.Debug|ARM.Build.0 = stage|x64
		{5B03FC53-5184-7715-1100-000000000000}.Debug|Win32.ActiveCfg = stage|Win32
		{5B03FC53-5184-7715-1100-000000000000}.Debug|Win32.Build.0 = stage|Win32
		{5B03FC53-5184-7715-1100-000000000000}.Debug|x64.ActiveCfg = stage|x64
		{5B03FC53-5184-7715-1100-000000000000}.Debug|x64.Build.0 = stage|x64
		{5B03FC53-5184-7715-1100-000000000000}.Release|ARM.ActiveCfg = stage|x64
		{5B03FC53-5184-7715-1100-000000000000}.Release|ARM.Build.0 = stage|x64
		{5B03FC53-5184-7715-1100-000000000000}.Release|Win32.ActiveCfg = stage|Win32
		{5B03FC53-5184-7715-1100-000000000000}.Release|Win32.Build.0 = stage|Win32
		{5B03FC53-5184-7715-1100-000000000000}.Release|x64.ActiveCfg = stage|x64
		{5B03FC53-5184-7715-1100-000000000000}.Release|x64.Build.0 = stage|x64
		{5B03FC53-5184-7715-1100-000000000000}.stage|ARM.ActiveCfg = stage|Win32
		{5B03FC53-5184-7715-1100-000000000000}.stage|Win32.ActiveCfg = stage|Win32
		{5B03FC53-5184-7715-1100-000000000000}.stage|Win32.Build.0 = stage|Win32
		{5B03FC53-5184-7715-1100-000000000000}.stage|x64.ActiveCfg = stage|x64
		{5B03FC53-5184-7715-1100-000000000000}.stage|x64.Build.0 = stage|x64
		{4D7D3626-ADA6-4CA2-9566-ED7B131E3D51}.basis|ARM.ActiveCfg = basis|Win32
		{4D7D3626-ADA6-4CA2-9566-ED7B131E3D51}.basis|Win32.ActiveCfg = basis|Win32
		{4D7D3626-ADA6-4CA2-9566-ED7B131E3D51}.basis|Win32.Build.0 = basis|Win32
		{4D7D3626-ADA6-4CA2-9566-ED7B131E3D51}.basis|x64.ActiveCfg = basis|x64
		{4D7D3626-ADA6-4CA2-9566-ED7B131E3D51}.basis|x64.Build.0 = basis|x64
		{4D7D3626-ADA6-4CA2-9566-ED7B131E3D51}.Debug|ARM.ActiveCfg = stage|x64
		{4D7D3626-ADA6-4CA2-9566-ED7B131E3D51}.Debug|ARM.Build.0 = stage|x64
		{4D7D3626-ADA6-4CA2-9566-ED7B131E3D51}.Debug|Win32.ActiveCfg = stage|Win32
		{4D7D3626-ADA6-4CA2-9566-ED7B131E3D51}.Debug|Win32.Build.0 = stage|Win32
		{4D7D3626-ADA6-4CA2-9566-ED7B131E3D51}.Debug|x64.ActiveCfg = stage|x64
		{4D7D3626-ADA6-4CA2-9566-ED7B131E3D51}.Debug|x64.Build.0 = stage|x64
		{4D7D3626-ADA6-4CA2-9566-ED7B131E3D51}.Release|ARM.ActiveCfg = stage|x64
		{4D7D3626-ADA6-4CA2-9566-ED7B131E3D51}.Release|ARM.Build.0 = stage|x64
		{4D7D3626-ADA6-4CA2-9566-ED7B131E3D51}.Release|Win32.ActiveCfg = stage|Win32
		{4D7D3626-ADA6-4CA2-9566-ED7B131E3D51}.Release|Win32.Build.0 = stage|Win32
		{4D7D3626-ADA6-4CA2-9566-ED7B131E3D51}.Release|x64.ActiveCfg = stage|x64
		{4D7D3626-ADA6-4CA2-9566-ED7B131E3D51}.Release|x64.Build.0 = stage|x64
		{4D7D3626-ADA6-4CA2-9566-ED7B131E3D51}.stage|ARM.ActiveCfg = stage|Win32
		{4D7D3626-ADA6-4CA2-9566-ED7B131E3D51}.stage|Win32.ActiveCfg = stage|Win32
		{4D7D3626-ADA6-4CA2-9566-ED7B131E3D51}.stage|Win32.Build.0 = stage|Win32
		{4D7D3626-ADA6-4CA2-9566-ED7B131E3D51}.stage|x64.ActiveCfg = stage|x64
		{4D7D3626-ADA6-4CA2-9566-ED7B131E3D51}.stage|x64.Build.0 = stage|x64
		{E000FFAF-392F-4E32-BF51-FD7ED638991F}.basis|ARM.ActiveCfg = basis|Win32
		{E000FFAF-392F-4E32-BF51-FD7ED638991F}.basis|Win32.ActiveCfg = basis|Win32
		{E000FFAF-392F-4E32-BF51-FD7ED638991F}.basis|Win32.Build.0 = basis|Win32
		{E000FFAF-392F-4E32-BF51-FD7ED638991F}.basis|x64.ActiveCfg = basis|x64
		{E000FFAF-392F-4E32-BF51-FD7ED638991F}.basis|x64.Build.0 = basis|x64
		{E000FFAF-392F-4E32-BF51-FD7ED638991F}.Debug|ARM.ActiveCfg = stage|x64
		{E000FFAF-392F-4E32-BF51-FD7ED638991F}.Debug|ARM.Build.0 = stage|x64
		{E000FFAF-392F-4E32-BF51-FD7ED638991F}.Debug|Win32.ActiveCfg = stage|Win32
		{E000FFAF-392F-4E32-BF51-FD7ED638991F}.Debug|Win32.Build.0 = stage|Win32
		{E000FFAF-392F-4E32-BF51-FD7ED638991F}.Debug|x64.ActiveCfg = stage|x64
		{E000FFAF-392F-4E32-BF51-FD7ED638991F}.Debug|x64.Build.0 = stage|x64
		{E000FFAF-392F-4E32-BF51-FD7ED638991F}.Release|ARM.ActiveCfg = stage|x64
		{E000FFAF-392F-4E32-BF51-FD7ED638991F}.Release|ARM.Build.0 = stage|x64
		{E000FFAF-392F-4E32-BF51-FD7ED638991F}.Release|Win32.ActiveCfg = stage|Win32
		{E000FFAF-392F-4E32-BF51-FD7ED638991F}.Release|Win32.Build.0 = stage|Win32
		{E000FFAF-392F-4E32-BF51-FD7ED638991F}.Release|x64.ActiveCfg = stage|x64
		{E000FFAF-392F-4E32-BF51-FD7ED638991F}.Release|x64.Build.0 = stage|x64
		{E000FFAF-392F-4E32-BF51-FD7ED638991F}.stage|ARM.ActiveCfg = stage|Win32
		{E000FFAF-392F-4E32-BF51-FD7ED638991F}.stage|Win32.ActiveCfg = stage|Win32
		{E000FFAF-392F-4E32-BF51-FD7ED638991F}.stage|Win32.Build.0 = stage|Win32
		{E000FFAF-392F-4E32-BF51-FD7ED638991F}.stage|x64.ActiveCfg = stage|x64
		{E000FFAF-392F-4E32-BF51-FD7ED638991F}.stage|x64.Build.0 = stage|x64
		{19841511-0204-1977-2204-195149AA3AF6}.basis|ARM.ActiveCfg = basis|Win32
		{19841511-0204-1977-2204-195149AA3AF6}.basis|Win32.ActiveCfg = basis|Win32
		{19841511-0204-1977-2204-195149AA3AF6}.basis|Win32.Build.0 = basis|Win32
		{19841511-0204-1977-2204-195149AA3AF6}.basis|x64.ActiveCfg = basis|x64
		{19841511-0204-1977-2204-195149AA3AF6}.basis|x64.Build.0 = basis|x64
		{19841511-0204-1977-2204-195149AA3AF6}.Debug|ARM.ActiveCfg = stage|x64
		{19841511-0204-1977-2204-195149AA3AF6}.Debug|ARM.Build.0 = stage|x64
		{19841511-0204-1977-2204-195149AA3AF6}.Debug|Win32.ActiveCfg = stage|Win32
		{19841511-0204-1977-2204-195149AA3AF6}.Debug|Win32.Build.0 = stage|Win32
		{19841511-0204-1977-2204-195149AA3AF6}.Debug|x64.ActiveCfg = stage|x64
		{19841511-0204-1977-2204-195149AA3AF6}.Debug|x64.Build.0 = stage|x64
		{19841511-0204-1977-2204-195149AA3AF6}.Release|ARM.ActiveCfg = stage|x64
		{19841511-0204-1977-2204-195149AA3AF6}.Release|ARM.Build.0 = stage|x64
		{19841511-0204-1977-2204-195149AA3AF6}.Release|Win32.ActiveCfg = stage|Win32
		{19841511-0204-1977-2204-195149AA3AF6}.Release|Win32.Build.0 = stage|Win32
		{19841511-0204-1977-2204-195149AA3AF6}.Release|x64.ActiveCfg = stage|x64
		{19841511-0204-1977-2204-195149AA3AF6}.Release|x64.Build.0 = stage|x64
		{19841511-0204-1977-2204-195149AA3AF6}.stage|ARM.ActiveCfg = stage|Win32
		{19841511-0204-1977-2204-195149AA3AF6}.stage|Win32.ActiveCfg = stage|Win32
		{19841511-0204-1977-2204-195149AA3AF6}.stage|Win32.Build.0 = stage|Win32
		{19841511-0204-1977-2204-195149AA3AF6}.stage|x64.ActiveCfg = stage|x64
		{19841511-0204-1977-2204-195149AA3AF6}.stage|x64.Build.0 = stage|x64
		{19841115-1984-0411-1977-021977151984}.basis|ARM.ActiveCfg = basis|Win32
		{19841115-1984-0411-1977-021977151984}.basis|Win32.ActiveCfg = basis|Win32
		{19841115-1984-0411-1977-021977151984}.basis|Win32.Build.0 = basis|Win32
		{19841115-1984-0411-1977-021977151984}.basis|x64.ActiveCfg = basis|x64
		{19841115-1984-0411-1977-021977151984}.basis|x64.Build.0 = basis|x64
		{19841115-1984-0411-1977-021977151984}.Debug|ARM.ActiveCfg = stage|x64
		{19841115-1984-0411-1977-021977151984}.Debug|ARM.Build.0 = stage|x64
		{19841115-1984-0411-1977-021977151984}.Debug|Win32.ActiveCfg = stage|Win32
		{19841115-1984-0411-1977-021977151984}.Debug|Win32.Build.0 = stage|Win32
		{19841115-1984-0411-1977-021977151984}.Debug|x64.ActiveCfg = stage|x64
		{19841115-1984-0411-1977-021977151984}.Debug|x64.Build.0 = stage|x64
		{19841115-1984-0411-1977-021977151984}.Release|ARM.ActiveCfg = stage|x64
		{19841115-1984-0411-1977-021977151984}.Release|ARM.Build.0 = stage|x64
		{19841115-1984-0411-1977-021977151984}.Release|Win32.ActiveCfg = stage|Win32
		{19841115-1984-0411-1977-021977151984}.Release|Win32.Build.0 = stage|Win32
		{19841115-1984-0411-1977-021977151984}.Release|x64.ActiveCfg = stage|x64
		{19841115-1984-0411-1977-021977151984}.Release|x64.Build.0 = stage|x64
		{19841115-1984-0411-1977-021977151984}.stage|ARM.ActiveCfg = stage|Win32
		{19841115-1984-0411-1977-021977151984}.stage|Win32.ActiveCfg = stage|Win32
		{19841115-1984-0411-1977-021977151984}.stage|Win32.Build.0 = stage|Win32
		{19841115-1984-0411-1977-021977151984}.stage|x64.ActiveCfg = stage|x64
		{19841115-1984-0411-1977-021977151984}.stage|x64.Build.0 = stage|x64
		{51042284-1115-7704-027F-4338C9DDE3FA}.basis|ARM.ActiveCfg = basis|Win32
		{51042284-1115-7704-027F-4338C9DDE3FA}.basis|Win32.ActiveCfg = basis|Win32
		{51042284-1115-7704-027F-4338C9DDE3FA}.basis|Win32.Build.0 = basis|Win32
		{51042284-1115-7704-027F-4338C9DDE3FA}.basis|x64.ActiveCfg = basis|x64
		{51042284-1115-7704-027F-4338C9DDE3FA}.basis|x64.Build.0 = basis|x64
		{51042284-1115-7704-027F-4338C9DDE3FA}.Debug|ARM.ActiveCfg = stage|x64
		{51042284-1115-7704-027F-4338C9DDE3FA}.Debug|ARM.Build.0 = stage|x64
		{51042284-1115-7704-027F-4338C9DDE3FA}.Debug|Win32.ActiveCfg = stage|Win32
		{51042284-1115-7704-027F-4338C9DDE3FA}.Debug|Win32.Build.0 = stage|Win32
		{51042284-1115-7704-027F-4338C9DDE3FA}.Debug|x64.ActiveCfg = stage|x64
		{51042284-1115-7704-027F-4338C9DDE3FA}.Debug|x64.Build.0 = stage|x64
		{51042284-1115-7704-027F-4338C9DDE3FA}.Release|ARM.ActiveCfg = stage|x64
		{51042284-1115-7704-027F-4338C9DDE3FA}.Release|ARM.Build.0 = stage|x64
		{51042284-1115-7704-027F-4338C9DDE3FA}.Release|Win32.ActiveCfg = stage|Win32
		{51042284-1115-7704-027F-4338C9DDE3FA}.Release|Win32.Build.0 = stage|Win32
		{51042284-1115-7704-027F-4338C9DDE3FA}.Release|x64.ActiveCfg = stage|x64
		{51042284-1115-7704-027F-4338C9DDE3FA}.Release|x64.Build.0 = stage|x64
		{51042284-1115-7704-027F-4338C9DDE3FA}.stage|ARM.ActiveCfg = stage|Win32
		{51042284-1115-7704-027F-4338C9DDE3FA}.stage|Win32.ActiveCfg = stage|Win32
		{51042284-1115-7704-027F-4338C9DDE3FA}.stage|Win32.Build.0 = stage|Win32
		{51042284-1115-7704-027F-4338C9DDE3FA}.stage|x64.ActiveCfg = stage|x64
		{51042284-1115-7704-027F-4338C9DDE3FA}.stage|x64.Build.0 = stage|x64
		{8451773B-CC87-4BB6-A130-C68DB95FAA7C}.basis|ARM.ActiveCfg = basis|Win32
		{8451773B-CC87-4BB6-A130-C68DB95FAA7C}.basis|Win32.ActiveCfg = basis|Win32
		{8451773B-CC87-4BB6-A130-C68DB95FAA7C}.basis|Win32.Build.0 = basis|Win32
		{8451773B-CC87-4BB6-A130-C68DB95FAA7C}.basis|x64.ActiveCfg = basis|x64
		{8451773B-CC87-4BB6-A130-C68DB95FAA7C}.basis|x64.Build.0 = basis|x64
		{8451773B-CC87-4BB6-A130-C68DB95FAA7C}.Debug|ARM.ActiveCfg = stage|x64
		{8451773B-CC87-4BB6-A130-C68DB95FAA7C}.Debug|ARM.Build.0 = stage|x64
		{8451773B-CC87-4BB6-A130-C68DB95FAA7C}.Debug|Win32.ActiveCfg = stage|Win32
		{8451773B-CC87-4BB6-A130-C68DB95FAA7C}.Debug|Win32.Build.0 = stage|Win32
		{8451773B-CC87-4BB6-A130-C68DB95FAA7C}.Debug|x64.ActiveCfg = stage|x64
		{8451773B-CC87-4BB6-A130-C68DB95FAA7C}.Debug|x64.Build.0 = stage|x64
		{8451773B-CC87-4BB6-A130-C68DB95FAA7C}.Release|ARM.ActiveCfg = stage|x64
		{8451773B-CC87-4BB6-A130-C68DB95FAA7C}.Release|ARM.Build.0 = stage|x64
		{8451773B-CC87-4BB6-A130-C68DB95FAA7C}.Release|Win32.ActiveCfg = stage|Win32
		{8451773B-CC87-4BB6-A130-C68DB95FAA7C}.Release|Win32.Build.0 = stage|Win32
		{8451773B-CC87-4BB6-A130-C68DB95FAA7C}.Release|x64.ActiveCfg = stage|x64
		{8451773B-CC87-4BB6-A130-C68DB95FAA7C}.Release|x64.Build.0 = stage|x64
		{8451773B-CC87-4BB6-A130-C68DB95FAA7C}.stage|ARM.ActiveCfg = stage|Win32
		{8451773B-CC87-4BB6-A130-C68DB95FAA7C}.stage|Win32.ActiveCfg = stage|Win32
		{8451773B-CC87-4BB6-A130-C68DB95FAA7C}.stage|Win32.Build.0 = stage|Win32
		{8451773B-CC87-4BB6-A130-C68DB95FAA7C}.stage|x64.ActiveCfg = stage|x64
		{8451773B-CC87-4BB6-A130-C68DB95FAA7C}.stage|x64.Build.0 = stage|x64
		{21DCC811-4BCE-4F16-B674-C0941F847127}.basis|ARM.ActiveCfg = basis|Win32
		{21DCC811-4BCE-4F16-B674-C0941F847127}.basis|Win32.ActiveCfg = basis|Win32
		{21DCC811-4BCE-4F16-B674-C0941F847127}.basis|Win32.Build.0 = basis|Win32
		{21DCC811-4BCE-4F16-B674-C0941F847127}.basis|x64.ActiveCfg = basis|x64
		{21DCC811-4BCE-4F16-B674-C0941F847127}.basis|x64.Build.0 = basis|x64
		{21DCC811-4BCE-4F16-B674-C0941F847127}.Debug|ARM.ActiveCfg = basis|x64
		{21DCC811-4BCE-4F16-B674-C0941F847127}.Debug|ARM.Build.0 = basis|x64
		{21DCC811-4BCE-4F16-B674-C0941F847127}.Debug|Win32.ActiveCfg = basis|Win32
		{21DCC811-4BCE-4F16-B674-C0941F847127}.Debug|Win32.Build.0 = basis|Win32
		{21DCC811-4BCE-4F16-B674-C0941F847127}.Debug|x64.ActiveCfg = basis|x64
		{21DCC811-4BCE-4F16-B674-C0941F847127}.Debug|x64.Build.0 = basis|x64
		{21DCC811-4BCE-4F16-B674-C0941F847127}.Release|ARM.ActiveCfg = basis|x64
		{21DCC811-4BCE-4F16-B674-C0941F847127}.Release|ARM.Build.0 = basis|x64
		{21DCC811-4BCE-4F16-B674-C0941F847127}.Release|Win32.ActiveCfg = basis|Win32
		{21DCC811-4BCE-4F16-B674-C0941F847127}.Release|Win32.Build.0 = basis|Win32
		{21DCC811-4BCE-4F16-B674-C0941F847127}.Release|x64.ActiveCfg = basis|x64
		{21DCC811-4BCE-4F16-B674-C0941F847127}.Release|x64.Build.0 = basis|x64
		{21DCC811-4BCE-4F16-B674-C0941F847127}.stage|ARM.ActiveCfg = stage|Win32
		{21DCC811-4BCE-4F16-B674-C0941F847127}.stage|Win32.ActiveCfg = stage|Win32
		{21DCC811-4BCE-4F16-B674-C0941F847127}.stage|Win32.Build.0 = stage|Win32
		{21DCC811-4BCE-4F16-B674-C0941F847127}.stage|x64.ActiveCfg = stage|x64
		{21DCC811-4BCE-4F16-B674-C0941F847127}.stage|x64.Build.0 = stage|x64
		{A92C920F-C07D-481E-B523-565B56167CD1}.basis|ARM.ActiveCfg = basis|Win32
		{A92C920F-C07D-481E-B523-565B56167CD1}.basis|Win32.ActiveCfg = basis|Win32
		{A92C920F-C07D-481E-B523-565B56167CD1}.basis|Win32.Build.0 = basis|Win32
		{A92C920F-C07D-481E-B523-565B56167CD1}.basis|x64.ActiveCfg = basis|x64
		{A92C920F-C07D-481E-B523-565B56167CD1}.basis|x64.Build.0 = basis|x64
		{A92C920F-C07D-481E-B523-565B56167CD1}.Debug|ARM.ActiveCfg = basis|x64
		{A92C920F-C07D-481E-B523-565B56167CD1}.Debug|ARM.Build.0 = basis|x64
		{A92C920F-C07D-481E-B523-565B56167CD1}.Debug|Win32.ActiveCfg = basis|Win32
		{A92C920F-C07D-481E-B523-565B56167CD1}.Debug|Win32.Build.0 = basis|Win32
		{A92C920F-C07D-481E-B523-565B56167CD1}.Debug|x64.ActiveCfg = basis|x64
		{A92C920F-C07D-481E-B523-565B56167CD1}.Debug|x64.Build.0 = basis|x64
		{A92C920F-C07D-481E-B523-565B56167CD1}.Release|ARM.ActiveCfg = basis|x64
		{A92C920F-C07D-481E-B523-565B56167CD1}.Release|ARM.Build.0 = basis|x64
		{A92C920F-C07D-481E-B523-565B56167CD1}.Release|Win32.ActiveCfg = basis|Win32
		{A92C920F-C07D-481E-B523-565B56167CD1}.Release|Win32.Build.0 = basis|Win32
		{A92C920F-C07D-481E-B523-565B56167CD1}.Release|x64.ActiveCfg = basis|x64
		{A92C920F-C07D-481E-B523-565B56167CD1}.Release|x64.Build.0 = basis|x64
		{A92C920F-C07D-481E-B523-565B56167CD1}.stage|ARM.ActiveCfg = stage|Win32
		{A92C920F-C07D-481E-B523-565B56167CD1}.stage|Win32.ActiveCfg = stage|Win32
		{A92C920F-C07D-481E-B523-565B56167CD1}.stage|Win32.Build.0 = stage|Win32
		{A92C920F-C07D-481E-B523-565B56167CD1}.stage|x64.ActiveCfg = stage|x64
		{A92C920F-C07D-481E-B523-565B56167CD1}.stage|x64.Build.0 = stage|x64
		{B39ED2B3-D53A-4077-B957-930979A3577D}.basis|ARM.ActiveCfg = basis|Win32
		{B39ED2B3-D53A-4077-B957-930979A3577D}.basis|Win32.ActiveCfg = basis|Win32
		{B39ED2B3-D53A-4077-B957-930979A3577D}.basis|Win32.Build.0 = basis|Win32
		{B39ED2B3-D53A-4077-B957-930979A3577D}.basis|x64.ActiveCfg = basis|x64
		{B39ED2B3-D53A-4077-B957-930979A3577D}.basis|x64.Build.0 = basis|x64
		{B39ED2B3-D53A-4077-B957-930979A3577D}.Debug|ARM.ActiveCfg = basis|x64
		{B39ED2B3-D53A-4077-B957-930979A3577D}.Debug|ARM.Build.0 = basis|x64
		{B39ED2B3-D53A-4077-B957-930979A3577D}.Debug|Win32.ActiveCfg = basis|Win32
		{B39ED2B3-D53A-4077-B957-930979A3577D}.Debug|Win32.Build.0 = basis|Win32
		{B39ED2B3-D53A-4077-B957-930979A3577D}.Debug|x64.ActiveCfg = basis|x64
		{B39ED2B3-D53A-4077-B957-930979A3577D}.Debug|x64.Build.0 = basis|x64
		{B39ED2B3-D53A-4077-B957-930979A3577D}.Release|ARM.ActiveCfg = basis|x64
		{B39ED2B3-D53A-4077-B957-930979A3577D}.Release|ARM.Build.0 = basis|x64
		{B39ED2B3-D53A-4077-B957-930979A3577D}.Release|Win32.ActiveCfg = basis|Win32
		{B39ED2B3-D53A-4077-B957-930979A3577D}.Release|Win32.Build.0 = basis|Win32
		{B39ED2B3-D53A-4077-B957-930979A3577D}.Release|x64.ActiveCfg = basis|x64
		{B39ED2B3-D53A-4077-B957-930979A3577D}.Release|x64.Build.0 = basis|x64
		{B39ED2B3-D53A-4077-B957-930979A3577D}.stage|ARM.ActiveCfg = stage|Win32
		{B39ED2B3-D53A-4077-B957-930979A3577D}.stage|Win32.ActiveCfg = stage|Win32
		{B39ED2B3-D53A-4077-B957-930979A3577D}.stage|Win32.Build.0 = stage|Win32
		{B39ED2B3-D53A-4077-B957-930979A3577D}.stage|x64.ActiveCfg = stage|x64
		{B39ED2B3-D53A-4077-B957-930979A3577D}.stage|x64.Build.0 = stage|x64
		{84517713-2000-419D-A87F-4338C9DDE3FA}.basis|ARM.ActiveCfg = basis|Win32
		{84517713-2000-419D-A87F-4338C9DDE3FA}.basis|Win32.ActiveCfg = basis|Win32
		{84517713-2000-419D-A87F-4338C9DDE3FA}.basis|Win32.Build.0 = basis|Win32
		{84517713-2000-419D-A87F-4338C9DDE3FA}.basis|x64.ActiveCfg = basis|x64
		{84517713-2000-419D-A87F-4338C9DDE3FA}.basis|x64.Build.0 = basis|x64
		{84517713-2000-419D-A87F-4338C9DDE3FA}.Debug|ARM.ActiveCfg = basis|x64
		{84517713-2000-419D-A87F-4338C9DDE3FA}.Debug|ARM.Build.0 = basis|x64
		{84517713-2000-419D-A87F-4338C9DDE3FA}.Debug|Win32.ActiveCfg = basis|Win32
		{84517713-2000-419D-A87F-4338C9DDE3FA}.Debug|Win32.Build.0 = basis|Win32
		{84517713-2000-419D-A87F-4338C9DDE3FA}.Debug|x64.ActiveCfg = basis|x64
		{84517713-2000-419D-A87F-4338C9DDE3FA}.Debug|x64.Build.0 = basis|x64
		{84517713-2000-419D-A87F-4338C9DDE3FA}.Release|ARM.ActiveCfg = basis|x64
		{84517713-2000-419D-A87F-4338C9DDE3FA}.Release|ARM.Build.0 = basis|x64
		{84517713-2000-419D-A87F-4338C9DDE3FA}.Release|Win32.ActiveCfg = basis|Win32
		{84517713-2000-419D-A87F-4338C9DDE3FA}.Release|Win32.Build.0 = basis|Win32
		{84517713-2000-419D-A87F-4338C9DDE3FA}.Release|x64.ActiveCfg = basis|x64
		{84517713-2000-419D-A87F-4338C9DDE3FA}.Release|x64.Build.0 = basis|x64
		{84517713-2000-419D-A87F-4338C9DDE3FA}.stage|ARM.ActiveCfg = stage|Win32
		{84517713-2000-419D-A87F-4338C9DDE3FA}.stage|Win32.ActiveCfg = stage|Win32
		{84517713-2000-419D-A87F-4338C9DDE3FA}.stage|Win32.Build.0 = stage|Win32
		{84517713-2000-419D-A87F-4338C9DDE3FA}.stage|x64.ActiveCfg = stage|x64
		{84517713-2000-419D-A87F-4338C9DDE3FA}.stage|x64.Build.0 = stage|x64
		{84517714-2000-419D-A87F-4338C9DDE3FA}.basis|ARM.ActiveCfg = basis|Win32
		{84517714-2000-419D-A87F-4338C9DDE3FA}.basis|Win32.ActiveCfg = basis|Win32
		{84517714-2000-419D-A87F-4338C9DDE3FA}.basis|Win32.Build.0 = basis|Win32
		{84517714-2000-419D-A87F-4338C9DDE3FA}.basis|x64.ActiveCfg = basis|x64
		{84517714-2000-419D-A87F-4338C9DDE3FA}.basis|x64.Build.0 = basis|x64
		{84517714-2000-419D-A87F-4338C9DDE3FA}.Debug|ARM.ActiveCfg = basis|x64
		{84517714-2000-419D-A87F-4338C9DDE3FA}.Debug|ARM.Build.0 = basis|x64
		{84517714-2000-419D-A87F-4338C9DDE3FA}.Debug|Win32.ActiveCfg = basis|Win32
		{84517714-2000-419D-A87F-4338C9DDE3FA}.Debug|Win32.Build.0 = basis|Win32
		{84517714-2000-419D-A87F-4338C9DDE3FA}.Debug|x64.ActiveCfg = basis|x64
		{84517714-2000-419D-A87F-4338C9DDE3FA}.Debug|x64.Build.0 = basis|x64
		{84517714-2000-419D-A87F-4338C9DDE3FA}.Release|ARM.ActiveCfg = basis|x64
		{84517714-2000-419D-A87F-4338C9DDE3FA}.Release|ARM.Build.0 = basis|x64
		{84517714-2000-419D-A87F-4338C9DDE3FA}.Release|Win32.ActiveCfg = basis|Win32
		{84517714-2000-419D-A87F-4338C9DDE3FA}.Release|Win32.Build.0 = basis|Win32
		{84517714-2000-419D-A87F-4338C9DDE3FA}.Release|x64.ActiveCfg = basis|x64
		{84517714-2000-419D-A87F-4338C9DDE3FA}.Release|x64.Build.0 = basis|x64
		{84517714-2000-419D-A87F-4338C9DDE3FA}.stage|ARM.ActiveCfg = stage|Win32
		{84517714-2000-419D-A87F-4338C9DDE3FA}.stage|Win32.ActiveCfg = stage|Win32
		{84517714-2000-419D-A87F-4338C9DDE3FA}.stage|Win32.Build.0 = stage|Win32
		{84517714-2000-419D-A87F-4338C9DDE3FA}.stage|x64.ActiveCfg = stage|x64
		{84517714-2000-419D-A87F-4338C9DDE3FA}.stage|x64.Build.0 = stage|x64
		{699D6807-4F43-40E9-86AB-2A8B856707A9}.basis|ARM.ActiveCfg = basis|Win32
		{699D6807-4F43-40E9-86AB-2A8B856707A9}.basis|Win32.ActiveCfg = basis|Win32
		{699D6807-4F43-40E9-86AB-2A8B856707A9}.basis|Win32.Build.0 = basis|Win32
		{699D6807-4F43-40E9-86AB-2A8B856707A9}.basis|x64.ActiveCfg = basis|x64
		{699D6807-4F43-40E9-86AB-2A8B856707A9}.basis|x64.Build.0 = basis|x64
		{699D6807-4F43-40E9-86AB-2A8B856707A9}.Debug|ARM.ActiveCfg = basis|x64
		{699D6807-4F43-40E9-86AB-2A8B856707A9}.Debug|ARM.Build.0 = basis|x64
		{699D6807-4F43-40E9-86AB-2A8B856707A9}.Debug|Win32.ActiveCfg = basis|Win32
		{699D6807-4F43-40E9-86AB-2A8B856707A9}.Debug|Win32.Build.0 = basis|Win32
		{699D6807-4F43-40E9-86AB-2A8B856707A9}.Debug|x64.ActiveCfg = basis|x64
		{699D6807-4F43-40E9-86AB-2A8B856707A9}.Debug|x64.Build.0 = basis|x64
		{699D6807-4F43-40E9-86AB-2A8B856707A9}.Release|ARM.ActiveCfg = basis|x64
		{699D6807-4F43-40E9-86AB-2A8B856707A9}.Release|ARM.Build.0 = basis|x64
		{699D6807-4F43-40E9-86AB-2A8B856707A9}.Release|Win32.ActiveCfg = basis|Win32
		{699D6807-4F43-40E9-86AB-2A8B856707A9}.Release|Win32.Build.0 = basis|Win32
		{699D6807-4F43-40E9-86AB-2A8B856707A9}.Release|x64.ActiveCfg = basis|x64
		{699D6807-4F43-40E9-86AB-2A8B856707A9}.Release|x64.Build.0 = basis|x64
		{699D6807-4F43-40E9-86AB-2A8B856707A9}.stage|ARM.ActiveCfg = stage|Win32
		{699D6807-4F43-40E9-86AB-2A8B856707A9}.stage|Win32.ActiveCfg = stage|Win32
		{699D6807-4F43-40E9-86AB-2A8B856707A9}.stage|Win32.Build.0 = stage|Win32
		{699D6807-4F43-40E9-86AB-2A8B856707A9}.stage|x64.ActiveCfg = stage|x64
		{699D6807-4F43-40E9-86AB-2A8B856707A9}.stage|x64.Build.0 = stage|x64
		{E2D7833B-9B59-4826-BBDF-C270A2115E86}.basis|ARM.ActiveCfg = basis|Win32
		{E2D7833B-9B59-4826-BBDF-C270A2115E86}.basis|Win32.ActiveCfg = basis|Win32
		{E2D7833B-9B59-4826-BBDF-C270A2115E86}.basis|Win32.Build.0 = basis|Win32
		{E2D7833B-9B59-4826-BBDF-C270A2115E86}.basis|x64.ActiveCfg = basis|x64
		{E2D7833B-9B59-4826-BBDF-C270A2115E86}.basis|x64.Build.0 = basis|x64
		{E2D7833B-9B59-4826-BBDF-C270A2115E86}.Debug|ARM.ActiveCfg = basis|x64
		{E2D7833B-9B59-4826-BBDF-C270A2115E86}.Debug|ARM.Build.0 = basis|x64
		{E2D7833B-9B59-4826-BBDF-C270A2115E86}.Debug|Win32.ActiveCfg = basis|Win32
		{E2D7833B-9B59-4826-BBDF-C270A2115E86}.Debug|Win32.Build.0 = basis|Win32
		{E2D7833B-9B59-4826-BBDF-C270A2115E86}.Debug|x64.ActiveCfg = basis|x64
		{E2D7833B-9B59-4826-BBDF-C270A2115E86}.Debug|x64.Build.0 = basis|x64
		{E2D7833B-9B59-4826-BBDF-C270A2115E86}.Release|ARM.ActiveCfg = basis|x64
		{E2D7833B-9B59-4826-BBDF-C270A2115E86}.Release|ARM.Build.0 = basis|x64
		{E2D7833B-9B59-4826-BBDF-C270A2115E86}.Release|Win32.ActiveCfg = basis|Win32
		{E2D7833B-9B59-4826-BBDF-C270A2115E86}.Release|Win32.Build.0 = basis|Win32
		{E2D7833B-9B59-4826-BBDF-C270A2115E86}.Release|x64.ActiveCfg = basis|x64
		{E2D7833B-9B59-4826-BBDF-C270A2115E86}.Release|x64.Build.0 = basis|x64
		{E2D7833B-9B59-4826-BBDF-C270A2115E86}.stage|ARM.ActiveCfg = stage|Win32
		{E2D7833B-9B59-4826-BBDF-C270A2115E86}.stage|Win32.ActiveCfg = stage|Win32
		{E2D7833B-9B59-4826-BBDF-C270A2115E86}.stage|Win32.Build.0 = stage|Win32
		{E2D7833B-9B59-4826-BBDF-C270A2115E86}.stage|x64.ActiveCfg = stage|x64
		{E2D7833B-9B59-4826-BBDF-C270A2115E86}.stage|x64.Build.0 = stage|x64
		{19845177-6A40-4458-848A-019220E88C80}.basis|ARM.ActiveCfg = basis|Win32
		{19845177-6A40-4458-848A-019220E88C80}.basis|Win32.ActiveCfg = basis|Win32
		{19845177-6A40-4458-848A-019220E88C80}.basis|Win32.Build.0 = basis|Win32
		{19845177-6A40-4458-848A-019220E88C80}.basis|x64.ActiveCfg = basis|x64
		{19845177-6A40-4458-848A-019220E88C80}.basis|x64.Build.0 = basis|x64
		{19845177-6A40-4458-848A-019220E88C80}.Debug|ARM.ActiveCfg = basis|x64
		{19845177-6A40-4458-848A-019220E88C80}.Debug|ARM.Build.0 = basis|x64
		{19845177-6A40-4458-848A-019220E88C80}.Debug|Win32.ActiveCfg = basis|Win32
		{19845177-6A40-4458-848A-019220E88C80}.Debug|Win32.Build.0 = basis|Win32
		{19845177-6A40-4458-848A-019220E88C80}.Debug|x64.ActiveCfg = basis|x64
		{19845177-6A40-4458-848A-019220E88C80}.Debug|x64.Build.0 = basis|x64
		{19845177-6A40-4458-848A-019220E88C80}.Release|ARM.ActiveCfg = basis|x64
		{19845177-6A40-4458-848A-019220E88C80}.Release|ARM.Build.0 = basis|x64
		{19845177-6A40-4458-848A-019220E88C80}.Release|Win32.ActiveCfg = basis|Win32
		{19845177-6A40-4458-848A-019220E88C80}.Release|Win32.Build.0 = basis|Win32
		{19845177-6A40-4458-848A-019220E88C80}.Release|x64.ActiveCfg = basis|x64
		{19845177-6A40-4458-848A-019220E88C80}.Release|x64.Build.0 = basis|x64
		{19845177-6A40-4458-848A-019220E88C80}.stage|ARM.ActiveCfg = stage|Win32
		{19845177-6A40-4458-848A-019220E88C80}.stage|Win32.ActiveCfg = stage|Win32
		{19845177-6A40-4458-848A-019220E88C80}.stage|Win32.Build.0 = stage|Win32
		{19845177-6A40-4458-848A-019220E88C80}.stage|x64.ActiveCfg = stage|x64
		{19845177-6A40-4458-848A-019220E88C80}.stage|x64.Build.0 = stage|x64
		{4C73CC26-F125-4DAA-95B6-D11079EC3453}.basis|ARM.ActiveCfg = basis|Win32
		{4C73CC26-F125-4DAA-95B6-D11079EC3453}.basis|Win32.ActiveCfg = basis|Win32
		{4C73CC26-F125-4DAA-95B6-D11079EC3453}.basis|Win32.Build.0 = basis|Win32
		{4C73CC26-F125-4DAA-95B6-D11079EC3453}.basis|x64.ActiveCfg = basis|x64
		{4C73CC26-F125-4DAA-95B6-D11079EC3453}.basis|x64.Build.0 = basis|x64
		{4C73CC26-F125-4DAA-95B6-D11079EC3453}.Debug|ARM.ActiveCfg = basis|x64
		{4C73CC26-F125-4DAA-95B6-D11079EC3453}.Debug|ARM.Build.0 = basis|x64
		{4C73CC26-F125-4DAA-95B6-D11079EC3453}.Debug|Win32.ActiveCfg = basis|Win32
		{4C73CC26-F125-4DAA-95B6-D11079EC3453}.Debug|Win32.Build.0 = basis|Win32
		{4C73CC26-F125-4DAA-95B6-D11079EC3453}.Debug|x64.ActiveCfg = basis|x64
		{4C73CC26-F125-4DAA-95B6-D11079EC3453}.Debug|x64.Build.0 = basis|x64
		{4C73CC26-F125-4DAA-95B6-D11079EC3453}.Release|ARM.ActiveCfg = basis|x64
		{4C73CC26-F125-4DAA-95B6-D11079EC3453}.Release|ARM.Build.0 = basis|x64
		{4C73CC26-F125-4DAA-95B6-D11079EC3453}.Release|Win32.ActiveCfg = basis|Win32
		{4C73CC26-F125-4DAA-95B6-D11079EC3453}.Release|Win32.Build.0 = basis|Win32
		{4C73CC26-F125-4DAA-95B6-D11079EC3453}.Release|x64.ActiveCfg = basis|x64
		{4C73CC26-F125-4DAA-95B6-D11079EC3453}.Release|x64.Build.0 = basis|x64
		{4C73CC26-F125-4DAA-95B6-D11079EC3453}.stage|ARM.ActiveCfg = stage|Win32
		{4C73CC26-F125-4DAA-95B6-D11079EC3453}.stage|Win32.ActiveCfg = stage|Win32
		{4C73CC26-F125-4DAA-95B6-D11079EC3453}.stage|Win32.Build.0 = stage|Win32
		{4C73CC26-F125-4DAA-95B6-D11079EC3453}.stage|x64.ActiveCfg = stage|x64
		{4C73CC26-F125-4DAA-95B6-D11079EC3453}.stage|x64.Build.0 = stage|x64
	EndGlobalSection
	GlobalSection(SolutionProperties) = preSolution
		HideSolutionNode = FALSE
	EndGlobalSection
EndGlobal
