
Microsoft Visual Studio Solution File, Format Version 12.00
# Visual Studio Version 17
VisualStudioVersion = 17.0.31825.309
MinimumVisualStudioVersion = 10.0.40219.1
Project("{8BC9CEB8-8B4A-11D0-8D11-00A0C91BC942}") = "aura", "..\..\..\source\app\aura\aura.vcxproj", "{E000FFAF-392F-4E32-BF51-FD7ED638991F}"
EndProject
Project("{8BC9CEB8-8B4A-11D0-8D11-00A0C91BC942}") = "draw2d_gdiplus", "..\draw2d_gdiplus\draw2d_gdiplus.vcxproj", "{9A5FBFB1-76E6-4F7E-933A-328C1EEC95AF}"
	ProjectSection(ProjectDependencies) = postProject
		{E000FFAF-392F-4E32-BF51-FD7ED638991F} = {E000FFAF-392F-4E32-BF51-FD7ED638991F}
	EndProjectSection
EndProject
Project("{8BC9CEB8-8B4A-11D0-8D11-00A0C91BC942}") = "experience_tranquillum", "..\..\..\source\app\experience_tranquillum\experience_tranquillum.vcxproj", "{3C892817-9F8B-493C-A3E1-AAC25943A7F9}"
EndProject
Project("{8BC9CEB8-8B4A-11D0-8D11-00A0C91BC942}") = "app_simple_form", "..\..\..\source\app-simple\form\simple_form.vcxproj", "{B5C52981-89BE-4FAF-937B-764CB2C4CDB7}"
	ProjectSection(ProjectDependencies) = postProject
		{CC8E8200-00A9-414E-9829-7CA3F1091ADD} = {CC8E8200-00A9-414E-9829-7CA3F1091ADD}
		{3C892817-9F8B-493C-A3E1-AAC25943A7F9} = {3C892817-9F8B-493C-A3E1-AAC25943A7F9}
		{C598E718-55AE-4D6E-81E0-53450FC3A649} = {C598E718-55AE-4D6E-81E0-53450FC3A649}
		{C1CCDF2E-9F27-45D3-B67A-B2EEB1754E72} = {C1CCDF2E-9F27-45D3-B67A-B2EEB1754E72}
		{B5B26A30-A18D-4DC2-BACE-48C2DE33CD75} = {B5B26A30-A18D-4DC2-BACE-48C2DE33CD75}
		{77D5757E-2923-40F8-9CC0-A07FA5BCC236} = {77D5757E-2923-40F8-9CC0-A07FA5BCC236}
		{9A5FBFB1-76E6-4F7E-933A-328C1EEC95AF} = {9A5FBFB1-76E6-4F7E-933A-328C1EEC95AF}
		{F85061D8-22DC-4A8B-85EA-76D330BE52CC} = {F85061D8-22DC-4A8B-85EA-76D330BE52CC}
		{D79C7DDB-A727-4B91-803E-41C4431693D6} = {D79C7DDB-A727-4B91-803E-41C4431693D6}
		{D6B5B8F3-A524-4E73-8343-C3D5D558ADE3} = {D6B5B8F3-A524-4E73-8343-C3D5D558ADE3}
	EndProjectSection
EndProject
Project("{8BC9CEB8-8B4A-11D0-8D11-00A0C91BC942}") = "app_simple_os_drag_and_drop", "..\..\..\source\app-simple\os_drag_and_drop\simple_os_drag_and_drop.vcxproj", "{527051F1-A381-4D7F-BE3E-5E85CDCED43B}"
	ProjectSection(ProjectDependencies) = postProject
		{3C892817-9F8B-493C-A3E1-AAC25943A7F9} = {3C892817-9F8B-493C-A3E1-AAC25943A7F9}
		{9A5FBFB1-76E6-4F7E-933A-328C1EEC95AF} = {9A5FBFB1-76E6-4F7E-933A-328C1EEC95AF}
		{D79C7DDB-A727-4B91-803E-41C4431693D6} = {D79C7DDB-A727-4B91-803E-41C4431693D6}
	EndProjectSection
EndProject
Project("{8BC9CEB8-8B4A-11D0-8D11-00A0C91BC942}") = "axis", "..\..\..\source\app\axis\axis.vcxproj", "{A2CBD4ED-ED0F-482B-9B16-F48F21C32835}"
EndProject
Project("{8BC9CEB8-8B4A-11D0-8D11-00A0C91BC942}") = "base", "..\..\..\source\app\base\base.vcxproj", "{A216ABD4-26C4-4746-96B3-9D30ED28CF92}"
EndProject
Project("{8BC9CEB8-8B4A-11D0-8D11-00A0C91BC942}") = "acme", "..\..\..\source\app\acme\acme.vcxproj", "{638B242F-0F21-41C3-9F66-724660046133}"
EndProject
Project("{8BC9CEB8-8B4A-11D0-8D11-00A0C91BC942}") = "apex", "..\..\..\source\app\apex\apex.vcxproj", "{E000FFAF-392F-4E32-BF51-777CA238991F}"
EndProject
Project("{8BC9CEB8-8B4A-11D0-8D11-00A0C91BC942}") = "aqua", "..\..\..\source\app\aqua\aqua.vcxproj", "{1B06FE5F-F783-41A1-AC68-0E02880DBBAC}"
EndProject
Project("{8BC9CEB8-8B4A-11D0-8D11-00A0C91BC942}") = "draw2d_cairo", "..\..\..\source\app\draw2d_cairo\cairo.vcxproj", "{B5B26A30-A18D-4DC2-BACE-48C2DE33CD75}"
EndProject
Project("{8BC9CEB8-8B4A-11D0-8D11-00A0C91BC942}") = "node_windows", "..\node_windows\node_windows.vcxproj", "{C1CCDF2E-9F27-45D3-B67A-B2EEB1754E72}"
EndProject
Project("{8BC9CEB8-8B4A-11D0-8D11-00A0C91BC942}") = "windowing_win32", "..\windowing_win32\windowing_win32.vcxproj", "{77D5757E-2923-40F8-9CC0-A07FA5BCC236}"
EndProject
Project("{8BC9CEB8-8B4A-11D0-8D11-00A0C91BC942}") = "acme_windows", "..\acme_windows\acme_windows.vcxproj", "{CC8E8200-00A9-414E-9829-7CA3F1091ADD}"
EndProject
Project("{8BC9CEB8-8B4A-11D0-8D11-00A0C91BC942}") = "apex_windows", "..\apex_windows\apex_windows.vcxproj", "{C598E718-55AE-4D6E-81E0-53450FC3A649}"
EndProject
Project("{8BC9CEB8-8B4A-11D0-8D11-00A0C91BC942}") = "write_text_win32", "..\write_text_win32\write_text_win32.vcxproj", "{D6B5B8F3-A524-4E73-8343-C3D5D558ADE3}"
EndProject
Project("{8BC9CEB8-8B4A-11D0-8D11-00A0C91BC942}") = "acme_windows_common", "..\..\operating-system-windows_common\acme_windows_common\acme_windows_common.vcxproj", "{EB9DC9C0-0573-4DA0-8700-4DBB371773F1}"
EndProject
Project("{8BC9CEB8-8B4A-11D0-8D11-00A0C91BC942}") = "apex_windows_common", "..\..\operating-system-windows_common\apex_windows_common\apex_windows_common.vcxproj", "{A094E038-D195-4400-82CE-44A7EDF91B78}"
EndProject
Project("{8BC9CEB8-8B4A-11D0-8D11-00A0C91BC942}") = "aura_windows_common", "..\..\operating-system-windows_common\aura_windows_common\aura_windows_common.vcxproj", "{99F5ABF0-7377-4CC7-B016-4CA7B365B9F1}"
EndProject
Project("{8BC9CEB8-8B4A-11D0-8D11-00A0C91BC942}") = "aura_windows", "..\aura_windows\aura_windows.vcxproj", "{94C3715A-7FBF-4455-917B-20CB7F40C58C}"
EndProject
Project("{8BC9CEB8-8B4A-11D0-8D11-00A0C91BC942}") = "imaging_wic", "..\..\operating-system-windows_common\imaging_wic\imaging_wic.vcxproj", "{D79C7DDB-A727-4B91-803E-41C4431693D6}"
EndProject
Project("{8BC9CEB8-8B4A-11D0-8D11-00A0C91BC942}") = "database_sqlite3", "..\..\..\source\app\database_sqlite3\database_sqlite3.vcxproj", "{F85061D8-22DC-4A8B-85EA-76D330BE52CC}"
EndProject
Project("{8BC9CEB8-8B4A-11D0-8D11-00A0C91BC942}") = "app_simple_change_grub_default_entry", "..\..\..\source\app-simple\change_grub_default_entry\change_grub_default_entry.vcxproj", "{6D3C8026-2626-4D4A-9C5C-E1DE3BE8F6AA}"
EndProject
Project("{8BC9CEB8-8B4A-11D0-8D11-00A0C91BC942}") = "shared_app_simple_form", "..\..\..\source\app-simple\form\shared_app_simple_form.vcxproj", "{A8DB550C-0CAF-42E8-8D1C-3EF9DFDF80E8}"
	ProjectSection(ProjectDependencies) = postProject
		{3C892817-9F8B-493C-A3E1-AAC25943A7F9} = {3C892817-9F8B-493C-A3E1-AAC25943A7F9}
		{A69CC125-E38A-4F77-9677-8860D43AB3B0} = {A69CC125-E38A-4F77-9677-8860D43AB3B0}
		{C1CCDF2E-9F27-45D3-B67A-B2EEB1754E72} = {C1CCDF2E-9F27-45D3-B67A-B2EEB1754E72}
		{9A5FBFB1-76E6-4F7E-933A-328C1EEC95AF} = {9A5FBFB1-76E6-4F7E-933A-328C1EEC95AF}
		{F85061D8-22DC-4A8B-85EA-76D330BE52CC} = {F85061D8-22DC-4A8B-85EA-76D330BE52CC}
		{D79C7DDB-A727-4B91-803E-41C4431693D6} = {D79C7DDB-A727-4B91-803E-41C4431693D6}
		{D08014E6-E329-41CF-81B5-957C290A4AA8} = {D08014E6-E329-41CF-81B5-957C290A4AA8}
		{D6B5B8F3-A524-4E73-8343-C3D5D558ADE3} = {D6B5B8F3-A524-4E73-8343-C3D5D558ADE3}
	EndProjectSection
EndProject
Project("{8BC9CEB8-8B4A-11D0-8D11-00A0C91BC942}") = "static_app_simple_form", "..\..\..\source\app-simple\form\static_app_simple_form.vcxproj", "{8D5FFE5A-44A7-4477-9A32-5AAD6B9FB06C}"
EndProject
Project("{8BC9CEB8-8B4A-11D0-8D11-00A0C91BC942}") = "crypto_openssl", "..\..\..\source\app\crypto_openssl\crypto_openssl.vcxproj", "{D08014E6-E329-41CF-81B5-957C290A4AA8}"
EndProject
Project("{8BC9CEB8-8B4A-11D0-8D11-00A0C91BC942}") = "folder_zip", "..\..\..\source\app\folder_zip\folder_zip.vcxproj", "{A69CC125-E38A-4F77-9677-8860D43AB3B0}"
EndProject
Project("{8BC9CEB8-8B4A-11D0-8D11-00A0C91BC942}") = "shared_app_simple_shortcut", "..\..\..\source\app-simple\shortcut\shared_app_simple_shortcut.vcxproj", "{D2A05B15-376F-4805-BE80-91207600A24F}"
	ProjectSection(ProjectDependencies) = postProject
		{3C892817-9F8B-493C-A3E1-AAC25943A7F9} = {3C892817-9F8B-493C-A3E1-AAC25943A7F9}
	EndProjectSection
EndProject
Project("{8BC9CEB8-8B4A-11D0-8D11-00A0C91BC942}") = "app_simple_shortcut", "..\..\..\source\app-simple\shortcut\app_simple_shortcut.vcxproj", "{C7201A26-86DC-4726-9456-AEDCBE98206B}"
EndProject
Project("{8BC9CEB8-8B4A-11D0-8D11-00A0C91BC942}") = "static_app_simple_shortcut", "..\..\..\source\app-simple\shortcut\static_app_simple_shortcut.vcxproj", "{4F8D55A1-AACB-4988-99C4-AA6B0487C251}"
EndProject
Global
	GlobalSection(SolutionConfigurationPlatforms) = preSolution
		basis|ARM = basis|ARM
		basis|ARM64 = basis|ARM64
		basis|Win32 = basis|Win32
		basis|x64 = basis|x64
		cube_basis|ARM = cube_basis|ARM
		cube_basis|ARM64 = cube_basis|ARM64
		cube_basis|Win32 = cube_basis|Win32
		cube_basis|x64 = cube_basis|x64
		cube_stage|ARM = cube_stage|ARM
		cube_stage|ARM64 = cube_stage|ARM64
		cube_stage|Win32 = cube_stage|Win32
		cube_stage|x64 = cube_stage|x64
		stage|ARM = stage|ARM
		stage|ARM64 = stage|ARM64
		stage|Win32 = stage|Win32
		stage|x64 = stage|x64
	EndGlobalSection
	GlobalSection(ProjectConfigurationPlatforms) = postSolution
		{E000FFAF-392F-4E32-BF51-FD7ED638991F}.basis|ARM.ActiveCfg = basis|x64
		{E000FFAF-392F-4E32-BF51-FD7ED638991F}.basis|ARM.Build.0 = basis|x64
		{E000FFAF-392F-4E32-BF51-FD7ED638991F}.basis|ARM64.ActiveCfg = basis|x64
		{E000FFAF-392F-4E32-BF51-FD7ED638991F}.basis|ARM64.Build.0 = basis|x64
		{E000FFAF-392F-4E32-BF51-FD7ED638991F}.basis|Win32.ActiveCfg = basis|Win32
		{E000FFAF-392F-4E32-BF51-FD7ED638991F}.basis|Win32.Build.0 = basis|Win32
		{E000FFAF-392F-4E32-BF51-FD7ED638991F}.basis|x64.ActiveCfg = basis|x64
		{E000FFAF-392F-4E32-BF51-FD7ED638991F}.basis|x64.Build.0 = basis|x64
		{E000FFAF-392F-4E32-BF51-FD7ED638991F}.cube_basis|ARM.ActiveCfg = cube_basis|x64
		{E000FFAF-392F-4E32-BF51-FD7ED638991F}.cube_basis|ARM.Build.0 = cube_basis|x64
		{E000FFAF-392F-4E32-BF51-FD7ED638991F}.cube_basis|ARM64.ActiveCfg = cube_basis|x64
		{E000FFAF-392F-4E32-BF51-FD7ED638991F}.cube_basis|ARM64.Build.0 = cube_basis|x64
		{E000FFAF-392F-4E32-BF51-FD7ED638991F}.cube_basis|Win32.ActiveCfg = cube_basis|Win32
		{E000FFAF-392F-4E32-BF51-FD7ED638991F}.cube_basis|Win32.Build.0 = cube_basis|Win32
		{E000FFAF-392F-4E32-BF51-FD7ED638991F}.cube_basis|x64.ActiveCfg = cube_basis|x64
		{E000FFAF-392F-4E32-BF51-FD7ED638991F}.cube_basis|x64.Build.0 = cube_basis|x64
		{E000FFAF-392F-4E32-BF51-FD7ED638991F}.cube_stage|ARM.ActiveCfg = cube_stage|x64
		{E000FFAF-392F-4E32-BF51-FD7ED638991F}.cube_stage|ARM.Build.0 = cube_stage|x64
		{E000FFAF-392F-4E32-BF51-FD7ED638991F}.cube_stage|ARM64.ActiveCfg = cube_stage|x64
		{E000FFAF-392F-4E32-BF51-FD7ED638991F}.cube_stage|ARM64.Build.0 = cube_stage|x64
		{E000FFAF-392F-4E32-BF51-FD7ED638991F}.cube_stage|Win32.ActiveCfg = cube_stage|Win32
		{E000FFAF-392F-4E32-BF51-FD7ED638991F}.cube_stage|Win32.Build.0 = cube_stage|Win32
		{E000FFAF-392F-4E32-BF51-FD7ED638991F}.cube_stage|x64.ActiveCfg = cube_stage|x64
		{E000FFAF-392F-4E32-BF51-FD7ED638991F}.cube_stage|x64.Build.0 = cube_stage|x64
		{E000FFAF-392F-4E32-BF51-FD7ED638991F}.stage|ARM.ActiveCfg = stage|x64
		{E000FFAF-392F-4E32-BF51-FD7ED638991F}.stage|ARM.Build.0 = stage|x64
		{E000FFAF-392F-4E32-BF51-FD7ED638991F}.stage|ARM64.ActiveCfg = stage|x64
		{E000FFAF-392F-4E32-BF51-FD7ED638991F}.stage|ARM64.Build.0 = stage|x64
		{E000FFAF-392F-4E32-BF51-FD7ED638991F}.stage|Win32.ActiveCfg = stage|Win32
		{E000FFAF-392F-4E32-BF51-FD7ED638991F}.stage|Win32.Build.0 = stage|Win32
		{E000FFAF-392F-4E32-BF51-FD7ED638991F}.stage|x64.ActiveCfg = stage|x64
		{E000FFAF-392F-4E32-BF51-FD7ED638991F}.stage|x64.Build.0 = stage|x64
		{9A5FBFB1-76E6-4F7E-933A-328C1EEC95AF}.basis|ARM.ActiveCfg = basis|x64
		{9A5FBFB1-76E6-4F7E-933A-328C1EEC95AF}.basis|ARM.Build.0 = basis|x64
		{9A5FBFB1-76E6-4F7E-933A-328C1EEC95AF}.basis|ARM64.ActiveCfg = basis|x64
		{9A5FBFB1-76E6-4F7E-933A-328C1EEC95AF}.basis|ARM64.Build.0 = basis|x64
		{9A5FBFB1-76E6-4F7E-933A-328C1EEC95AF}.basis|Win32.ActiveCfg = basis|Win32
		{9A5FBFB1-76E6-4F7E-933A-328C1EEC95AF}.basis|Win32.Build.0 = basis|Win32
		{9A5FBFB1-76E6-4F7E-933A-328C1EEC95AF}.basis|x64.ActiveCfg = basis|x64
		{9A5FBFB1-76E6-4F7E-933A-328C1EEC95AF}.basis|x64.Build.0 = basis|x64
		{9A5FBFB1-76E6-4F7E-933A-328C1EEC95AF}.cube_basis|ARM.ActiveCfg = cube_basis|x64
		{9A5FBFB1-76E6-4F7E-933A-328C1EEC95AF}.cube_basis|ARM.Build.0 = cube_basis|x64
		{9A5FBFB1-76E6-4F7E-933A-328C1EEC95AF}.cube_basis|ARM64.ActiveCfg = cube_basis|x64
		{9A5FBFB1-76E6-4F7E-933A-328C1EEC95AF}.cube_basis|ARM64.Build.0 = cube_basis|x64
		{9A5FBFB1-76E6-4F7E-933A-328C1EEC95AF}.cube_basis|Win32.ActiveCfg = cube_basis|Win32
		{9A5FBFB1-76E6-4F7E-933A-328C1EEC95AF}.cube_basis|Win32.Build.0 = cube_basis|Win32
		{9A5FBFB1-76E6-4F7E-933A-328C1EEC95AF}.cube_basis|x64.ActiveCfg = cube_basis|x64
		{9A5FBFB1-76E6-4F7E-933A-328C1EEC95AF}.cube_basis|x64.Build.0 = cube_basis|x64
		{9A5FBFB1-76E6-4F7E-933A-328C1EEC95AF}.cube_stage|ARM.ActiveCfg = cube_stage|x64
		{9A5FBFB1-76E6-4F7E-933A-328C1EEC95AF}.cube_stage|ARM.Build.0 = cube_stage|x64
		{9A5FBFB1-76E6-4F7E-933A-328C1EEC95AF}.cube_stage|ARM64.ActiveCfg = cube_stage|x64
		{9A5FBFB1-76E6-4F7E-933A-328C1EEC95AF}.cube_stage|ARM64.Build.0 = cube_stage|x64
		{9A5FBFB1-76E6-4F7E-933A-328C1EEC95AF}.cube_stage|Win32.ActiveCfg = cube_stage|Win32
		{9A5FBFB1-76E6-4F7E-933A-328C1EEC95AF}.cube_stage|Win32.Build.0 = cube_stage|Win32
		{9A5FBFB1-76E6-4F7E-933A-328C1EEC95AF}.cube_stage|x64.ActiveCfg = cube_stage|x64
		{9A5FBFB1-76E6-4F7E-933A-328C1EEC95AF}.cube_stage|x64.Build.0 = cube_stage|x64
		{9A5FBFB1-76E6-4F7E-933A-328C1EEC95AF}.stage|ARM.ActiveCfg = stage|x64
		{9A5FBFB1-76E6-4F7E-933A-328C1EEC95AF}.stage|ARM.Build.0 = stage|x64
		{9A5FBFB1-76E6-4F7E-933A-328C1EEC95AF}.stage|ARM64.ActiveCfg = stage|x64
		{9A5FBFB1-76E6-4F7E-933A-328C1EEC95AF}.stage|ARM64.Build.0 = stage|x64
		{9A5FBFB1-76E6-4F7E-933A-328C1EEC95AF}.stage|Win32.ActiveCfg = stage|Win32
		{9A5FBFB1-76E6-4F7E-933A-328C1EEC95AF}.stage|Win32.Build.0 = stage|Win32
		{9A5FBFB1-76E6-4F7E-933A-328C1EEC95AF}.stage|x64.ActiveCfg = stage|x64
		{9A5FBFB1-76E6-4F7E-933A-328C1EEC95AF}.stage|x64.Build.0 = stage|x64
		{3C892817-9F8B-493C-A3E1-AAC25943A7F9}.basis|ARM.ActiveCfg = basis|x64
		{3C892817-9F8B-493C-A3E1-AAC25943A7F9}.basis|ARM.Build.0 = basis|x64
		{3C892817-9F8B-493C-A3E1-AAC25943A7F9}.basis|ARM64.ActiveCfg = basis|x64
		{3C892817-9F8B-493C-A3E1-AAC25943A7F9}.basis|ARM64.Build.0 = basis|x64
		{3C892817-9F8B-493C-A3E1-AAC25943A7F9}.basis|Win32.ActiveCfg = basis|Win32
		{3C892817-9F8B-493C-A3E1-AAC25943A7F9}.basis|Win32.Build.0 = basis|Win32
		{3C892817-9F8B-493C-A3E1-AAC25943A7F9}.basis|x64.ActiveCfg = basis|x64
		{3C892817-9F8B-493C-A3E1-AAC25943A7F9}.basis|x64.Build.0 = basis|x64
		{3C892817-9F8B-493C-A3E1-AAC25943A7F9}.cube_basis|ARM.ActiveCfg = cube_basis|x64
		{3C892817-9F8B-493C-A3E1-AAC25943A7F9}.cube_basis|ARM.Build.0 = cube_basis|x64
		{3C892817-9F8B-493C-A3E1-AAC25943A7F9}.cube_basis|ARM64.ActiveCfg = cube_basis|x64
		{3C892817-9F8B-493C-A3E1-AAC25943A7F9}.cube_basis|ARM64.Build.0 = cube_basis|x64
		{3C892817-9F8B-493C-A3E1-AAC25943A7F9}.cube_basis|Win32.ActiveCfg = cube_basis|Win32
		{3C892817-9F8B-493C-A3E1-AAC25943A7F9}.cube_basis|Win32.Build.0 = cube_basis|Win32
		{3C892817-9F8B-493C-A3E1-AAC25943A7F9}.cube_basis|x64.ActiveCfg = cube_basis|x64
		{3C892817-9F8B-493C-A3E1-AAC25943A7F9}.cube_basis|x64.Build.0 = cube_basis|x64
		{3C892817-9F8B-493C-A3E1-AAC25943A7F9}.cube_stage|ARM.ActiveCfg = cube_stage|x64
		{3C892817-9F8B-493C-A3E1-AAC25943A7F9}.cube_stage|ARM.Build.0 = cube_stage|x64
		{3C892817-9F8B-493C-A3E1-AAC25943A7F9}.cube_stage|ARM64.ActiveCfg = cube_stage|x64
		{3C892817-9F8B-493C-A3E1-AAC25943A7F9}.cube_stage|ARM64.Build.0 = cube_stage|x64
		{3C892817-9F8B-493C-A3E1-AAC25943A7F9}.cube_stage|Win32.ActiveCfg = cube_stage|Win32
		{3C892817-9F8B-493C-A3E1-AAC25943A7F9}.cube_stage|Win32.Build.0 = cube_stage|Win32
		{3C892817-9F8B-493C-A3E1-AAC25943A7F9}.cube_stage|x64.ActiveCfg = cube_stage|x64
		{3C892817-9F8B-493C-A3E1-AAC25943A7F9}.cube_stage|x64.Build.0 = cube_stage|x64
		{3C892817-9F8B-493C-A3E1-AAC25943A7F9}.stage|ARM.ActiveCfg = stage|x64
		{3C892817-9F8B-493C-A3E1-AAC25943A7F9}.stage|ARM.Build.0 = stage|x64
		{3C892817-9F8B-493C-A3E1-AAC25943A7F9}.stage|ARM64.ActiveCfg = stage|x64
		{3C892817-9F8B-493C-A3E1-AAC25943A7F9}.stage|ARM64.Build.0 = stage|x64
		{3C892817-9F8B-493C-A3E1-AAC25943A7F9}.stage|Win32.ActiveCfg = stage|Win32
		{3C892817-9F8B-493C-A3E1-AAC25943A7F9}.stage|Win32.Build.0 = stage|Win32
		{3C892817-9F8B-493C-A3E1-AAC25943A7F9}.stage|x64.ActiveCfg = stage|x64
		{3C892817-9F8B-493C-A3E1-AAC25943A7F9}.stage|x64.Build.0 = stage|x64
		{B5C52981-89BE-4FAF-937B-764CB2C4CDB7}.basis|ARM.ActiveCfg = basis|x64
		{B5C52981-89BE-4FAF-937B-764CB2C4CDB7}.basis|ARM.Build.0 = basis|x64
		{B5C52981-89BE-4FAF-937B-764CB2C4CDB7}.basis|ARM64.ActiveCfg = basis|x64
		{B5C52981-89BE-4FAF-937B-764CB2C4CDB7}.basis|ARM64.Build.0 = basis|x64
		{B5C52981-89BE-4FAF-937B-764CB2C4CDB7}.basis|Win32.ActiveCfg = basis|Win32
		{B5C52981-89BE-4FAF-937B-764CB2C4CDB7}.basis|Win32.Build.0 = basis|Win32
		{B5C52981-89BE-4FAF-937B-764CB2C4CDB7}.basis|x64.ActiveCfg = basis|x64
		{B5C52981-89BE-4FAF-937B-764CB2C4CDB7}.basis|x64.Build.0 = basis|x64
		{B5C52981-89BE-4FAF-937B-764CB2C4CDB7}.cube_basis|ARM.ActiveCfg = cube_basis|x64
		{B5C52981-89BE-4FAF-937B-764CB2C4CDB7}.cube_basis|ARM.Build.0 = cube_basis|x64
		{B5C52981-89BE-4FAF-937B-764CB2C4CDB7}.cube_basis|ARM64.ActiveCfg = cube_basis|x64
		{B5C52981-89BE-4FAF-937B-764CB2C4CDB7}.cube_basis|ARM64.Build.0 = cube_basis|x64
		{B5C52981-89BE-4FAF-937B-764CB2C4CDB7}.cube_basis|Win32.ActiveCfg = cube_basis|Win32
		{B5C52981-89BE-4FAF-937B-764CB2C4CDB7}.cube_basis|Win32.Build.0 = cube_basis|Win32
		{B5C52981-89BE-4FAF-937B-764CB2C4CDB7}.cube_basis|x64.ActiveCfg = cube_basis|x64
		{B5C52981-89BE-4FAF-937B-764CB2C4CDB7}.cube_basis|x64.Build.0 = cube_basis|x64
		{B5C52981-89BE-4FAF-937B-764CB2C4CDB7}.cube_stage|ARM.ActiveCfg = cube_stage|x64
		{B5C52981-89BE-4FAF-937B-764CB2C4CDB7}.cube_stage|ARM.Build.0 = cube_stage|x64
		{B5C52981-89BE-4FAF-937B-764CB2C4CDB7}.cube_stage|ARM64.ActiveCfg = cube_stage|x64
		{B5C52981-89BE-4FAF-937B-764CB2C4CDB7}.cube_stage|ARM64.Build.0 = cube_stage|x64
		{B5C52981-89BE-4FAF-937B-764CB2C4CDB7}.cube_stage|Win32.ActiveCfg = cube_stage|Win32
		{B5C52981-89BE-4FAF-937B-764CB2C4CDB7}.cube_stage|Win32.Build.0 = cube_stage|Win32
		{B5C52981-89BE-4FAF-937B-764CB2C4CDB7}.cube_stage|x64.ActiveCfg = cube_stage|x64
		{B5C52981-89BE-4FAF-937B-764CB2C4CDB7}.cube_stage|x64.Build.0 = cube_stage|x64
		{B5C52981-89BE-4FAF-937B-764CB2C4CDB7}.stage|ARM.ActiveCfg = stage|x64
		{B5C52981-89BE-4FAF-937B-764CB2C4CDB7}.stage|ARM.Build.0 = stage|x64
		{B5C52981-89BE-4FAF-937B-764CB2C4CDB7}.stage|ARM64.ActiveCfg = stage|x64
		{B5C52981-89BE-4FAF-937B-764CB2C4CDB7}.stage|ARM64.Build.0 = stage|x64
		{B5C52981-89BE-4FAF-937B-764CB2C4CDB7}.stage|Win32.ActiveCfg = stage|Win32
		{B5C52981-89BE-4FAF-937B-764CB2C4CDB7}.stage|Win32.Build.0 = stage|Win32
		{B5C52981-89BE-4FAF-937B-764CB2C4CDB7}.stage|x64.ActiveCfg = stage|x64
		{B5C52981-89BE-4FAF-937B-764CB2C4CDB7}.stage|x64.Build.0 = stage|x64
		{527051F1-A381-4D7F-BE3E-5E85CDCED43B}.basis|ARM.ActiveCfg = basis|x64
		{527051F1-A381-4D7F-BE3E-5E85CDCED43B}.basis|ARM.Build.0 = basis|x64
		{527051F1-A381-4D7F-BE3E-5E85CDCED43B}.basis|ARM64.ActiveCfg = basis|x64
		{527051F1-A381-4D7F-BE3E-5E85CDCED43B}.basis|ARM64.Build.0 = basis|x64
		{527051F1-A381-4D7F-BE3E-5E85CDCED43B}.basis|Win32.ActiveCfg = basis|Win32
		{527051F1-A381-4D7F-BE3E-5E85CDCED43B}.basis|Win32.Build.0 = basis|Win32
		{527051F1-A381-4D7F-BE3E-5E85CDCED43B}.basis|x64.ActiveCfg = basis|x64
		{527051F1-A381-4D7F-BE3E-5E85CDCED43B}.basis|x64.Build.0 = basis|x64
		{527051F1-A381-4D7F-BE3E-5E85CDCED43B}.cube_basis|ARM.ActiveCfg = cube_basis|x64
		{527051F1-A381-4D7F-BE3E-5E85CDCED43B}.cube_basis|ARM.Build.0 = cube_basis|x64
		{527051F1-A381-4D7F-BE3E-5E85CDCED43B}.cube_basis|ARM64.ActiveCfg = cube_basis|x64
		{527051F1-A381-4D7F-BE3E-5E85CDCED43B}.cube_basis|ARM64.Build.0 = cube_basis|x64
		{527051F1-A381-4D7F-BE3E-5E85CDCED43B}.cube_basis|Win32.ActiveCfg = cube_basis|Win32
		{527051F1-A381-4D7F-BE3E-5E85CDCED43B}.cube_basis|Win32.Build.0 = cube_basis|Win32
		{527051F1-A381-4D7F-BE3E-5E85CDCED43B}.cube_basis|x64.ActiveCfg = cube_basis|x64
		{527051F1-A381-4D7F-BE3E-5E85CDCED43B}.cube_basis|x64.Build.0 = cube_basis|x64
		{527051F1-A381-4D7F-BE3E-5E85CDCED43B}.cube_stage|ARM.ActiveCfg = cube_stage|x64
		{527051F1-A381-4D7F-BE3E-5E85CDCED43B}.cube_stage|ARM.Build.0 = cube_stage|x64
		{527051F1-A381-4D7F-BE3E-5E85CDCED43B}.cube_stage|ARM64.ActiveCfg = cube_stage|x64
		{527051F1-A381-4D7F-BE3E-5E85CDCED43B}.cube_stage|ARM64.Build.0 = cube_stage|x64
		{527051F1-A381-4D7F-BE3E-5E85CDCED43B}.cube_stage|Win32.ActiveCfg = cube_stage|Win32
		{527051F1-A381-4D7F-BE3E-5E85CDCED43B}.cube_stage|Win32.Build.0 = cube_stage|Win32
		{527051F1-A381-4D7F-BE3E-5E85CDCED43B}.cube_stage|x64.ActiveCfg = cube_stage|x64
		{527051F1-A381-4D7F-BE3E-5E85CDCED43B}.cube_stage|x64.Build.0 = cube_stage|x64
		{527051F1-A381-4D7F-BE3E-5E85CDCED43B}.stage|ARM.ActiveCfg = stage|x64
		{527051F1-A381-4D7F-BE3E-5E85CDCED43B}.stage|ARM.Build.0 = stage|x64
		{527051F1-A381-4D7F-BE3E-5E85CDCED43B}.stage|ARM64.ActiveCfg = stage|x64
		{527051F1-A381-4D7F-BE3E-5E85CDCED43B}.stage|ARM64.Build.0 = stage|x64
		{527051F1-A381-4D7F-BE3E-5E85CDCED43B}.stage|Win32.ActiveCfg = stage|Win32
		{527051F1-A381-4D7F-BE3E-5E85CDCED43B}.stage|Win32.Build.0 = stage|Win32
		{527051F1-A381-4D7F-BE3E-5E85CDCED43B}.stage|x64.ActiveCfg = stage|x64
		{527051F1-A381-4D7F-BE3E-5E85CDCED43B}.stage|x64.Build.0 = stage|x64
		{A2CBD4ED-ED0F-482B-9B16-F48F21C32835}.basis|ARM.ActiveCfg = basis|x64
		{A2CBD4ED-ED0F-482B-9B16-F48F21C32835}.basis|ARM.Build.0 = basis|x64
		{A2CBD4ED-ED0F-482B-9B16-F48F21C32835}.basis|ARM64.ActiveCfg = basis|x64
		{A2CBD4ED-ED0F-482B-9B16-F48F21C32835}.basis|ARM64.Build.0 = basis|x64
		{A2CBD4ED-ED0F-482B-9B16-F48F21C32835}.basis|Win32.ActiveCfg = basis|Win32
		{A2CBD4ED-ED0F-482B-9B16-F48F21C32835}.basis|Win32.Build.0 = basis|Win32
		{A2CBD4ED-ED0F-482B-9B16-F48F21C32835}.basis|x64.ActiveCfg = basis|x64
		{A2CBD4ED-ED0F-482B-9B16-F48F21C32835}.basis|x64.Build.0 = basis|x64
		{A2CBD4ED-ED0F-482B-9B16-F48F21C32835}.cube_basis|ARM.ActiveCfg = cube_basis|x64
		{A2CBD4ED-ED0F-482B-9B16-F48F21C32835}.cube_basis|ARM.Build.0 = cube_basis|x64
		{A2CBD4ED-ED0F-482B-9B16-F48F21C32835}.cube_basis|ARM64.ActiveCfg = cube_basis|x64
		{A2CBD4ED-ED0F-482B-9B16-F48F21C32835}.cube_basis|ARM64.Build.0 = cube_basis|x64
		{A2CBD4ED-ED0F-482B-9B16-F48F21C32835}.cube_basis|Win32.ActiveCfg = cube_basis|Win32
		{A2CBD4ED-ED0F-482B-9B16-F48F21C32835}.cube_basis|Win32.Build.0 = cube_basis|Win32
		{A2CBD4ED-ED0F-482B-9B16-F48F21C32835}.cube_basis|x64.ActiveCfg = cube_basis|x64
		{A2CBD4ED-ED0F-482B-9B16-F48F21C32835}.cube_basis|x64.Build.0 = cube_basis|x64
		{A2CBD4ED-ED0F-482B-9B16-F48F21C32835}.cube_stage|ARM.ActiveCfg = cube_stage|x64
		{A2CBD4ED-ED0F-482B-9B16-F48F21C32835}.cube_stage|ARM.Build.0 = cube_stage|x64
		{A2CBD4ED-ED0F-482B-9B16-F48F21C32835}.cube_stage|ARM64.ActiveCfg = cube_stage|x64
		{A2CBD4ED-ED0F-482B-9B16-F48F21C32835}.cube_stage|ARM64.Build.0 = cube_stage|x64
		{A2CBD4ED-ED0F-482B-9B16-F48F21C32835}.cube_stage|Win32.ActiveCfg = cube_stage|Win32
		{A2CBD4ED-ED0F-482B-9B16-F48F21C32835}.cube_stage|Win32.Build.0 = cube_stage|Win32
		{A2CBD4ED-ED0F-482B-9B16-F48F21C32835}.cube_stage|x64.ActiveCfg = cube_stage|x64
		{A2CBD4ED-ED0F-482B-9B16-F48F21C32835}.cube_stage|x64.Build.0 = cube_stage|x64
		{A2CBD4ED-ED0F-482B-9B16-F48F21C32835}.stage|ARM.ActiveCfg = stage|x64
		{A2CBD4ED-ED0F-482B-9B16-F48F21C32835}.stage|ARM.Build.0 = stage|x64
		{A2CBD4ED-ED0F-482B-9B16-F48F21C32835}.stage|ARM64.ActiveCfg = stage|x64
		{A2CBD4ED-ED0F-482B-9B16-F48F21C32835}.stage|ARM64.Build.0 = stage|x64
		{A2CBD4ED-ED0F-482B-9B16-F48F21C32835}.stage|Win32.ActiveCfg = stage|Win32
		{A2CBD4ED-ED0F-482B-9B16-F48F21C32835}.stage|Win32.Build.0 = stage|Win32
		{A2CBD4ED-ED0F-482B-9B16-F48F21C32835}.stage|x64.ActiveCfg = stage|x64
		{A2CBD4ED-ED0F-482B-9B16-F48F21C32835}.stage|x64.Build.0 = stage|x64
		{A216ABD4-26C4-4746-96B3-9D30ED28CF92}.basis|ARM.ActiveCfg = basis|x64
		{A216ABD4-26C4-4746-96B3-9D30ED28CF92}.basis|ARM.Build.0 = basis|x64
		{A216ABD4-26C4-4746-96B3-9D30ED28CF92}.basis|ARM64.ActiveCfg = basis|x64
		{A216ABD4-26C4-4746-96B3-9D30ED28CF92}.basis|ARM64.Build.0 = basis|x64
		{A216ABD4-26C4-4746-96B3-9D30ED28CF92}.basis|Win32.ActiveCfg = basis|Win32
		{A216ABD4-26C4-4746-96B3-9D30ED28CF92}.basis|Win32.Build.0 = basis|Win32
		{A216ABD4-26C4-4746-96B3-9D30ED28CF92}.basis|x64.ActiveCfg = basis|x64
		{A216ABD4-26C4-4746-96B3-9D30ED28CF92}.basis|x64.Build.0 = basis|x64
		{A216ABD4-26C4-4746-96B3-9D30ED28CF92}.cube_basis|ARM.ActiveCfg = cube_basis|x64
		{A216ABD4-26C4-4746-96B3-9D30ED28CF92}.cube_basis|ARM.Build.0 = cube_basis|x64
		{A216ABD4-26C4-4746-96B3-9D30ED28CF92}.cube_basis|ARM64.ActiveCfg = cube_basis|x64
		{A216ABD4-26C4-4746-96B3-9D30ED28CF92}.cube_basis|ARM64.Build.0 = cube_basis|x64
		{A216ABD4-26C4-4746-96B3-9D30ED28CF92}.cube_basis|Win32.ActiveCfg = cube_basis|Win32
		{A216ABD4-26C4-4746-96B3-9D30ED28CF92}.cube_basis|Win32.Build.0 = cube_basis|Win32
		{A216ABD4-26C4-4746-96B3-9D30ED28CF92}.cube_basis|x64.ActiveCfg = cube_basis|x64
		{A216ABD4-26C4-4746-96B3-9D30ED28CF92}.cube_basis|x64.Build.0 = cube_basis|x64
		{A216ABD4-26C4-4746-96B3-9D30ED28CF92}.cube_stage|ARM.ActiveCfg = cube_stage|x64
		{A216ABD4-26C4-4746-96B3-9D30ED28CF92}.cube_stage|ARM.Build.0 = cube_stage|x64
		{A216ABD4-26C4-4746-96B3-9D30ED28CF92}.cube_stage|ARM64.ActiveCfg = cube_stage|x64
		{A216ABD4-26C4-4746-96B3-9D30ED28CF92}.cube_stage|ARM64.Build.0 = cube_stage|x64
		{A216ABD4-26C4-4746-96B3-9D30ED28CF92}.cube_stage|Win32.ActiveCfg = cube_stage|Win32
		{A216ABD4-26C4-4746-96B3-9D30ED28CF92}.cube_stage|Win32.Build.0 = cube_stage|Win32
		{A216ABD4-26C4-4746-96B3-9D30ED28CF92}.cube_stage|x64.ActiveCfg = cube_stage|x64
		{A216ABD4-26C4-4746-96B3-9D30ED28CF92}.cube_stage|x64.Build.0 = cube_stage|x64
		{A216ABD4-26C4-4746-96B3-9D30ED28CF92}.stage|ARM.ActiveCfg = stage|x64
		{A216ABD4-26C4-4746-96B3-9D30ED28CF92}.stage|ARM.Build.0 = stage|x64
		{A216ABD4-26C4-4746-96B3-9D30ED28CF92}.stage|ARM64.ActiveCfg = stage|x64
		{A216ABD4-26C4-4746-96B3-9D30ED28CF92}.stage|ARM64.Build.0 = stage|x64
		{A216ABD4-26C4-4746-96B3-9D30ED28CF92}.stage|Win32.ActiveCfg = stage|Win32
		{A216ABD4-26C4-4746-96B3-9D30ED28CF92}.stage|Win32.Build.0 = stage|Win32
		{A216ABD4-26C4-4746-96B3-9D30ED28CF92}.stage|x64.ActiveCfg = stage|x64
		{A216ABD4-26C4-4746-96B3-9D30ED28CF92}.stage|x64.Build.0 = stage|x64
		{638B242F-0F21-41C3-9F66-724660046133}.basis|ARM.ActiveCfg = basis|x64
		{638B242F-0F21-41C3-9F66-724660046133}.basis|ARM.Build.0 = basis|x64
		{638B242F-0F21-41C3-9F66-724660046133}.basis|ARM64.ActiveCfg = basis|x64
		{638B242F-0F21-41C3-9F66-724660046133}.basis|ARM64.Build.0 = basis|x64
		{638B242F-0F21-41C3-9F66-724660046133}.basis|Win32.ActiveCfg = basis|Win32
		{638B242F-0F21-41C3-9F66-724660046133}.basis|Win32.Build.0 = basis|Win32
		{638B242F-0F21-41C3-9F66-724660046133}.basis|x64.ActiveCfg = basis|x64
		{638B242F-0F21-41C3-9F66-724660046133}.basis|x64.Build.0 = basis|x64
		{638B242F-0F21-41C3-9F66-724660046133}.cube_basis|ARM.ActiveCfg = cube_basis|x64
		{638B242F-0F21-41C3-9F66-724660046133}.cube_basis|ARM.Build.0 = cube_basis|x64
		{638B242F-0F21-41C3-9F66-724660046133}.cube_basis|ARM64.ActiveCfg = cube_basis|x64
		{638B242F-0F21-41C3-9F66-724660046133}.cube_basis|ARM64.Build.0 = cube_basis|x64
		{638B242F-0F21-41C3-9F66-724660046133}.cube_basis|Win32.ActiveCfg = cube_basis|Win32
		{638B242F-0F21-41C3-9F66-724660046133}.cube_basis|Win32.Build.0 = cube_basis|Win32
		{638B242F-0F21-41C3-9F66-724660046133}.cube_basis|x64.ActiveCfg = cube_basis|x64
		{638B242F-0F21-41C3-9F66-724660046133}.cube_basis|x64.Build.0 = cube_basis|x64
		{638B242F-0F21-41C3-9F66-724660046133}.cube_stage|ARM.ActiveCfg = cube_stage|x64
		{638B242F-0F21-41C3-9F66-724660046133}.cube_stage|ARM.Build.0 = cube_stage|x64
		{638B242F-0F21-41C3-9F66-724660046133}.cube_stage|ARM64.ActiveCfg = cube_stage|x64
		{638B242F-0F21-41C3-9F66-724660046133}.cube_stage|ARM64.Build.0 = cube_stage|x64
		{638B242F-0F21-41C3-9F66-724660046133}.cube_stage|Win32.ActiveCfg = cube_stage|Win32
		{638B242F-0F21-41C3-9F66-724660046133}.cube_stage|Win32.Build.0 = cube_stage|Win32
		{638B242F-0F21-41C3-9F66-724660046133}.cube_stage|x64.ActiveCfg = cube_stage|x64
		{638B242F-0F21-41C3-9F66-724660046133}.cube_stage|x64.Build.0 = cube_stage|x64
		{638B242F-0F21-41C3-9F66-724660046133}.stage|ARM.ActiveCfg = stage|x64
		{638B242F-0F21-41C3-9F66-724660046133}.stage|ARM.Build.0 = stage|x64
		{638B242F-0F21-41C3-9F66-724660046133}.stage|ARM64.ActiveCfg = stage|x64
		{638B242F-0F21-41C3-9F66-724660046133}.stage|ARM64.Build.0 = stage|x64
		{638B242F-0F21-41C3-9F66-724660046133}.stage|Win32.ActiveCfg = stage|Win32
		{638B242F-0F21-41C3-9F66-724660046133}.stage|Win32.Build.0 = stage|Win32
		{638B242F-0F21-41C3-9F66-724660046133}.stage|x64.ActiveCfg = stage|x64
		{638B242F-0F21-41C3-9F66-724660046133}.stage|x64.Build.0 = stage|x64
		{E000FFAF-392F-4E32-BF51-777CA238991F}.basis|ARM.ActiveCfg = basis|x64
		{E000FFAF-392F-4E32-BF51-777CA238991F}.basis|ARM.Build.0 = basis|x64
		{E000FFAF-392F-4E32-BF51-777CA238991F}.basis|ARM64.ActiveCfg = basis|x64
		{E000FFAF-392F-4E32-BF51-777CA238991F}.basis|ARM64.Build.0 = basis|x64
		{E000FFAF-392F-4E32-BF51-777CA238991F}.basis|Win32.ActiveCfg = basis|Win32
		{E000FFAF-392F-4E32-BF51-777CA238991F}.basis|Win32.Build.0 = basis|Win32
		{E000FFAF-392F-4E32-BF51-777CA238991F}.basis|x64.ActiveCfg = basis|x64
		{E000FFAF-392F-4E32-BF51-777CA238991F}.basis|x64.Build.0 = basis|x64
		{E000FFAF-392F-4E32-BF51-777CA238991F}.cube_basis|ARM.ActiveCfg = cube_basis|x64
		{E000FFAF-392F-4E32-BF51-777CA238991F}.cube_basis|ARM.Build.0 = cube_basis|x64
		{E000FFAF-392F-4E32-BF51-777CA238991F}.cube_basis|ARM64.ActiveCfg = cube_basis|x64
		{E000FFAF-392F-4E32-BF51-777CA238991F}.cube_basis|ARM64.Build.0 = cube_basis|x64
		{E000FFAF-392F-4E32-BF51-777CA238991F}.cube_basis|Win32.ActiveCfg = cube_basis|Win32
		{E000FFAF-392F-4E32-BF51-777CA238991F}.cube_basis|Win32.Build.0 = cube_basis|Win32
		{E000FFAF-392F-4E32-BF51-777CA238991F}.cube_basis|x64.ActiveCfg = cube_basis|x64
		{E000FFAF-392F-4E32-BF51-777CA238991F}.cube_basis|x64.Build.0 = cube_basis|x64
		{E000FFAF-392F-4E32-BF51-777CA238991F}.cube_stage|ARM.ActiveCfg = cube_stage|x64
		{E000FFAF-392F-4E32-BF51-777CA238991F}.cube_stage|ARM.Build.0 = cube_stage|x64
		{E000FFAF-392F-4E32-BF51-777CA238991F}.cube_stage|ARM64.ActiveCfg = cube_stage|x64
		{E000FFAF-392F-4E32-BF51-777CA238991F}.cube_stage|ARM64.Build.0 = cube_stage|x64
		{E000FFAF-392F-4E32-BF51-777CA238991F}.cube_stage|Win32.ActiveCfg = cube_stage|Win32
		{E000FFAF-392F-4E32-BF51-777CA238991F}.cube_stage|Win32.Build.0 = cube_stage|Win32
		{E000FFAF-392F-4E32-BF51-777CA238991F}.cube_stage|x64.ActiveCfg = cube_stage|x64
		{E000FFAF-392F-4E32-BF51-777CA238991F}.cube_stage|x64.Build.0 = cube_stage|x64
		{E000FFAF-392F-4E32-BF51-777CA238991F}.stage|ARM.ActiveCfg = stage|x64
		{E000FFAF-392F-4E32-BF51-777CA238991F}.stage|ARM.Build.0 = stage|x64
		{E000FFAF-392F-4E32-BF51-777CA238991F}.stage|ARM64.ActiveCfg = stage|x64
		{E000FFAF-392F-4E32-BF51-777CA238991F}.stage|ARM64.Build.0 = stage|x64
		{E000FFAF-392F-4E32-BF51-777CA238991F}.stage|Win32.ActiveCfg = stage|Win32
		{E000FFAF-392F-4E32-BF51-777CA238991F}.stage|Win32.Build.0 = stage|Win32
		{E000FFAF-392F-4E32-BF51-777CA238991F}.stage|x64.ActiveCfg = stage|x64
		{E000FFAF-392F-4E32-BF51-777CA238991F}.stage|x64.Build.0 = stage|x64
		{1B06FE5F-F783-41A1-AC68-0E02880DBBAC}.basis|ARM.ActiveCfg = basis|x64
		{1B06FE5F-F783-41A1-AC68-0E02880DBBAC}.basis|ARM.Build.0 = basis|x64
		{1B06FE5F-F783-41A1-AC68-0E02880DBBAC}.basis|ARM64.ActiveCfg = basis|x64
		{1B06FE5F-F783-41A1-AC68-0E02880DBBAC}.basis|ARM64.Build.0 = basis|x64
		{1B06FE5F-F783-41A1-AC68-0E02880DBBAC}.basis|Win32.ActiveCfg = basis|Win32
		{1B06FE5F-F783-41A1-AC68-0E02880DBBAC}.basis|Win32.Build.0 = basis|Win32
		{1B06FE5F-F783-41A1-AC68-0E02880DBBAC}.basis|x64.ActiveCfg = basis|x64
		{1B06FE5F-F783-41A1-AC68-0E02880DBBAC}.basis|x64.Build.0 = basis|x64
		{1B06FE5F-F783-41A1-AC68-0E02880DBBAC}.cube_basis|ARM.ActiveCfg = cube_basis|x64
		{1B06FE5F-F783-41A1-AC68-0E02880DBBAC}.cube_basis|ARM.Build.0 = cube_basis|x64
		{1B06FE5F-F783-41A1-AC68-0E02880DBBAC}.cube_basis|ARM64.ActiveCfg = cube_basis|x64
		{1B06FE5F-F783-41A1-AC68-0E02880DBBAC}.cube_basis|ARM64.Build.0 = cube_basis|x64
		{1B06FE5F-F783-41A1-AC68-0E02880DBBAC}.cube_basis|Win32.ActiveCfg = cube_basis|Win32
		{1B06FE5F-F783-41A1-AC68-0E02880DBBAC}.cube_basis|Win32.Build.0 = cube_basis|Win32
		{1B06FE5F-F783-41A1-AC68-0E02880DBBAC}.cube_basis|x64.ActiveCfg = cube_basis|x64
		{1B06FE5F-F783-41A1-AC68-0E02880DBBAC}.cube_basis|x64.Build.0 = cube_basis|x64
		{1B06FE5F-F783-41A1-AC68-0E02880DBBAC}.cube_stage|ARM.ActiveCfg = cube_stage|x64
		{1B06FE5F-F783-41A1-AC68-0E02880DBBAC}.cube_stage|ARM.Build.0 = cube_stage|x64
		{1B06FE5F-F783-41A1-AC68-0E02880DBBAC}.cube_stage|ARM64.ActiveCfg = cube_stage|x64
		{1B06FE5F-F783-41A1-AC68-0E02880DBBAC}.cube_stage|ARM64.Build.0 = cube_stage|x64
		{1B06FE5F-F783-41A1-AC68-0E02880DBBAC}.cube_stage|Win32.ActiveCfg = cube_stage|Win32
		{1B06FE5F-F783-41A1-AC68-0E02880DBBAC}.cube_stage|Win32.Build.0 = cube_stage|Win32
		{1B06FE5F-F783-41A1-AC68-0E02880DBBAC}.cube_stage|x64.ActiveCfg = cube_stage|x64
		{1B06FE5F-F783-41A1-AC68-0E02880DBBAC}.cube_stage|x64.Build.0 = cube_stage|x64
		{1B06FE5F-F783-41A1-AC68-0E02880DBBAC}.stage|ARM.ActiveCfg = stage|x64
		{1B06FE5F-F783-41A1-AC68-0E02880DBBAC}.stage|ARM.Build.0 = stage|x64
		{1B06FE5F-F783-41A1-AC68-0E02880DBBAC}.stage|ARM64.ActiveCfg = stage|x64
		{1B06FE5F-F783-41A1-AC68-0E02880DBBAC}.stage|ARM64.Build.0 = stage|x64
		{1B06FE5F-F783-41A1-AC68-0E02880DBBAC}.stage|Win32.ActiveCfg = stage|Win32
		{1B06FE5F-F783-41A1-AC68-0E02880DBBAC}.stage|Win32.Build.0 = stage|Win32
		{1B06FE5F-F783-41A1-AC68-0E02880DBBAC}.stage|x64.ActiveCfg = stage|x64
		{1B06FE5F-F783-41A1-AC68-0E02880DBBAC}.stage|x64.Build.0 = stage|x64
		{B5B26A30-A18D-4DC2-BACE-48C2DE33CD75}.basis|ARM.ActiveCfg = basis|x64
		{B5B26A30-A18D-4DC2-BACE-48C2DE33CD75}.basis|ARM.Build.0 = basis|x64
		{B5B26A30-A18D-4DC2-BACE-48C2DE33CD75}.basis|ARM64.ActiveCfg = basis|x64
		{B5B26A30-A18D-4DC2-BACE-48C2DE33CD75}.basis|ARM64.Build.0 = basis|x64
		{B5B26A30-A18D-4DC2-BACE-48C2DE33CD75}.basis|Win32.ActiveCfg = basis|Win32
		{B5B26A30-A18D-4DC2-BACE-48C2DE33CD75}.basis|Win32.Build.0 = basis|Win32
		{B5B26A30-A18D-4DC2-BACE-48C2DE33CD75}.basis|x64.ActiveCfg = basis|x64
		{B5B26A30-A18D-4DC2-BACE-48C2DE33CD75}.basis|x64.Build.0 = basis|x64
		{B5B26A30-A18D-4DC2-BACE-48C2DE33CD75}.cube_basis|ARM.ActiveCfg = cube_basis|x64
		{B5B26A30-A18D-4DC2-BACE-48C2DE33CD75}.cube_basis|ARM.Build.0 = cube_basis|x64
		{B5B26A30-A18D-4DC2-BACE-48C2DE33CD75}.cube_basis|ARM64.ActiveCfg = cube_basis|x64
		{B5B26A30-A18D-4DC2-BACE-48C2DE33CD75}.cube_basis|ARM64.Build.0 = cube_basis|x64
		{B5B26A30-A18D-4DC2-BACE-48C2DE33CD75}.cube_basis|Win32.ActiveCfg = cube_basis|Win32
		{B5B26A30-A18D-4DC2-BACE-48C2DE33CD75}.cube_basis|Win32.Build.0 = cube_basis|Win32
		{B5B26A30-A18D-4DC2-BACE-48C2DE33CD75}.cube_basis|x64.ActiveCfg = cube_basis|x64
		{B5B26A30-A18D-4DC2-BACE-48C2DE33CD75}.cube_basis|x64.Build.0 = cube_basis|x64
		{B5B26A30-A18D-4DC2-BACE-48C2DE33CD75}.cube_stage|ARM.ActiveCfg = cube_stage|x64
		{B5B26A30-A18D-4DC2-BACE-48C2DE33CD75}.cube_stage|ARM.Build.0 = cube_stage|x64
		{B5B26A30-A18D-4DC2-BACE-48C2DE33CD75}.cube_stage|ARM64.ActiveCfg = cube_stage|x64
		{B5B26A30-A18D-4DC2-BACE-48C2DE33CD75}.cube_stage|ARM64.Build.0 = cube_stage|x64
		{B5B26A30-A18D-4DC2-BACE-48C2DE33CD75}.cube_stage|Win32.ActiveCfg = cube_stage|Win32
		{B5B26A30-A18D-4DC2-BACE-48C2DE33CD75}.cube_stage|Win32.Build.0 = cube_stage|Win32
		{B5B26A30-A18D-4DC2-BACE-48C2DE33CD75}.cube_stage|x64.ActiveCfg = cube_stage|x64
		{B5B26A30-A18D-4DC2-BACE-48C2DE33CD75}.cube_stage|x64.Build.0 = cube_stage|x64
		{B5B26A30-A18D-4DC2-BACE-48C2DE33CD75}.stage|ARM.ActiveCfg = stage|x64
		{B5B26A30-A18D-4DC2-BACE-48C2DE33CD75}.stage|ARM.Build.0 = stage|x64
		{B5B26A30-A18D-4DC2-BACE-48C2DE33CD75}.stage|ARM64.ActiveCfg = stage|x64
		{B5B26A30-A18D-4DC2-BACE-48C2DE33CD75}.stage|ARM64.Build.0 = stage|x64
		{B5B26A30-A18D-4DC2-BACE-48C2DE33CD75}.stage|Win32.ActiveCfg = stage|Win32
		{B5B26A30-A18D-4DC2-BACE-48C2DE33CD75}.stage|Win32.Build.0 = stage|Win32
		{B5B26A30-A18D-4DC2-BACE-48C2DE33CD75}.stage|x64.ActiveCfg = stage|x64
		{B5B26A30-A18D-4DC2-BACE-48C2DE33CD75}.stage|x64.Build.0 = stage|x64
		{C1CCDF2E-9F27-45D3-B67A-B2EEB1754E72}.basis|ARM.ActiveCfg = basis|x64
		{C1CCDF2E-9F27-45D3-B67A-B2EEB1754E72}.basis|ARM.Build.0 = basis|x64
		{C1CCDF2E-9F27-45D3-B67A-B2EEB1754E72}.basis|ARM64.ActiveCfg = basis|x64
		{C1CCDF2E-9F27-45D3-B67A-B2EEB1754E72}.basis|ARM64.Build.0 = basis|x64
		{C1CCDF2E-9F27-45D3-B67A-B2EEB1754E72}.basis|Win32.ActiveCfg = basis|Win32
		{C1CCDF2E-9F27-45D3-B67A-B2EEB1754E72}.basis|Win32.Build.0 = basis|Win32
		{C1CCDF2E-9F27-45D3-B67A-B2EEB1754E72}.basis|x64.ActiveCfg = basis|x64
		{C1CCDF2E-9F27-45D3-B67A-B2EEB1754E72}.basis|x64.Build.0 = basis|x64
		{C1CCDF2E-9F27-45D3-B67A-B2EEB1754E72}.cube_basis|ARM.ActiveCfg = cube_basis|x64
		{C1CCDF2E-9F27-45D3-B67A-B2EEB1754E72}.cube_basis|ARM.Build.0 = cube_basis|x64
		{C1CCDF2E-9F27-45D3-B67A-B2EEB1754E72}.cube_basis|ARM64.ActiveCfg = cube_basis|x64
		{C1CCDF2E-9F27-45D3-B67A-B2EEB1754E72}.cube_basis|ARM64.Build.0 = cube_basis|x64
		{C1CCDF2E-9F27-45D3-B67A-B2EEB1754E72}.cube_basis|Win32.ActiveCfg = cube_basis|Win32
		{C1CCDF2E-9F27-45D3-B67A-B2EEB1754E72}.cube_basis|Win32.Build.0 = cube_basis|Win32
		{C1CCDF2E-9F27-45D3-B67A-B2EEB1754E72}.cube_basis|x64.ActiveCfg = cube_basis|x64
		{C1CCDF2E-9F27-45D3-B67A-B2EEB1754E72}.cube_basis|x64.Build.0 = cube_basis|x64
		{C1CCDF2E-9F27-45D3-B67A-B2EEB1754E72}.cube_stage|ARM.ActiveCfg = cube_stage|x64
		{C1CCDF2E-9F27-45D3-B67A-B2EEB1754E72}.cube_stage|ARM.Build.0 = cube_stage|x64
		{C1CCDF2E-9F27-45D3-B67A-B2EEB1754E72}.cube_stage|ARM64.ActiveCfg = cube_stage|x64
		{C1CCDF2E-9F27-45D3-B67A-B2EEB1754E72}.cube_stage|ARM64.Build.0 = cube_stage|x64
		{C1CCDF2E-9F27-45D3-B67A-B2EEB1754E72}.cube_stage|Win32.ActiveCfg = cube_stage|Win32
		{C1CCDF2E-9F27-45D3-B67A-B2EEB1754E72}.cube_stage|Win32.Build.0 = cube_stage|Win32
		{C1CCDF2E-9F27-45D3-B67A-B2EEB1754E72}.cube_stage|x64.ActiveCfg = cube_stage|x64
		{C1CCDF2E-9F27-45D3-B67A-B2EEB1754E72}.cube_stage|x64.Build.0 = cube_stage|x64
		{C1CCDF2E-9F27-45D3-B67A-B2EEB1754E72}.stage|ARM.ActiveCfg = stage|x64
		{C1CCDF2E-9F27-45D3-B67A-B2EEB1754E72}.stage|ARM.Build.0 = stage|x64
		{C1CCDF2E-9F27-45D3-B67A-B2EEB1754E72}.stage|ARM64.ActiveCfg = stage|x64
		{C1CCDF2E-9F27-45D3-B67A-B2EEB1754E72}.stage|ARM64.Build.0 = stage|x64
		{C1CCDF2E-9F27-45D3-B67A-B2EEB1754E72}.stage|Win32.ActiveCfg = stage|Win32
		{C1CCDF2E-9F27-45D3-B67A-B2EEB1754E72}.stage|Win32.Build.0 = stage|Win32
		{C1CCDF2E-9F27-45D3-B67A-B2EEB1754E72}.stage|x64.ActiveCfg = stage|x64
		{C1CCDF2E-9F27-45D3-B67A-B2EEB1754E72}.stage|x64.Build.0 = stage|x64
		{77D5757E-2923-40F8-9CC0-A07FA5BCC236}.basis|ARM.ActiveCfg = basis|x64
		{77D5757E-2923-40F8-9CC0-A07FA5BCC236}.basis|ARM.Build.0 = basis|x64
		{77D5757E-2923-40F8-9CC0-A07FA5BCC236}.basis|ARM64.ActiveCfg = basis|x64
		{77D5757E-2923-40F8-9CC0-A07FA5BCC236}.basis|ARM64.Build.0 = basis|x64
		{77D5757E-2923-40F8-9CC0-A07FA5BCC236}.basis|Win32.ActiveCfg = basis|Win32
		{77D5757E-2923-40F8-9CC0-A07FA5BCC236}.basis|Win32.Build.0 = basis|Win32
		{77D5757E-2923-40F8-9CC0-A07FA5BCC236}.basis|x64.ActiveCfg = basis|x64
		{77D5757E-2923-40F8-9CC0-A07FA5BCC236}.basis|x64.Build.0 = basis|x64
		{77D5757E-2923-40F8-9CC0-A07FA5BCC236}.cube_basis|ARM.ActiveCfg = cube_basis|x64
		{77D5757E-2923-40F8-9CC0-A07FA5BCC236}.cube_basis|ARM.Build.0 = cube_basis|x64
		{77D5757E-2923-40F8-9CC0-A07FA5BCC236}.cube_basis|ARM64.ActiveCfg = cube_basis|x64
		{77D5757E-2923-40F8-9CC0-A07FA5BCC236}.cube_basis|ARM64.Build.0 = cube_basis|x64
		{77D5757E-2923-40F8-9CC0-A07FA5BCC236}.cube_basis|Win32.ActiveCfg = cube_basis|Win32
		{77D5757E-2923-40F8-9CC0-A07FA5BCC236}.cube_basis|Win32.Build.0 = cube_basis|Win32
		{77D5757E-2923-40F8-9CC0-A07FA5BCC236}.cube_basis|x64.ActiveCfg = cube_basis|x64
		{77D5757E-2923-40F8-9CC0-A07FA5BCC236}.cube_basis|x64.Build.0 = cube_basis|x64
		{77D5757E-2923-40F8-9CC0-A07FA5BCC236}.cube_stage|ARM.ActiveCfg = cube_stage|x64
		{77D5757E-2923-40F8-9CC0-A07FA5BCC236}.cube_stage|ARM.Build.0 = cube_stage|x64
		{77D5757E-2923-40F8-9CC0-A07FA5BCC236}.cube_stage|ARM64.ActiveCfg = cube_stage|x64
		{77D5757E-2923-40F8-9CC0-A07FA5BCC236}.cube_stage|ARM64.Build.0 = cube_stage|x64
		{77D5757E-2923-40F8-9CC0-A07FA5BCC236}.cube_stage|Win32.ActiveCfg = cube_stage|Win32
		{77D5757E-2923-40F8-9CC0-A07FA5BCC236}.cube_stage|Win32.Build.0 = cube_stage|Win32
		{77D5757E-2923-40F8-9CC0-A07FA5BCC236}.cube_stage|x64.ActiveCfg = cube_stage|x64
		{77D5757E-2923-40F8-9CC0-A07FA5BCC236}.cube_stage|x64.Build.0 = cube_stage|x64
		{77D5757E-2923-40F8-9CC0-A07FA5BCC236}.stage|ARM.ActiveCfg = stage|x64
		{77D5757E-2923-40F8-9CC0-A07FA5BCC236}.stage|ARM.Build.0 = stage|x64
		{77D5757E-2923-40F8-9CC0-A07FA5BCC236}.stage|ARM64.ActiveCfg = stage|x64
		{77D5757E-2923-40F8-9CC0-A07FA5BCC236}.stage|ARM64.Build.0 = stage|x64
		{77D5757E-2923-40F8-9CC0-A07FA5BCC236}.stage|Win32.ActiveCfg = stage|Win32
		{77D5757E-2923-40F8-9CC0-A07FA5BCC236}.stage|Win32.Build.0 = stage|Win32
		{77D5757E-2923-40F8-9CC0-A07FA5BCC236}.stage|x64.ActiveCfg = stage|x64
		{77D5757E-2923-40F8-9CC0-A07FA5BCC236}.stage|x64.Build.0 = stage|x64
		{CC8E8200-00A9-414E-9829-7CA3F1091ADD}.basis|ARM.ActiveCfg = basis|x64
		{CC8E8200-00A9-414E-9829-7CA3F1091ADD}.basis|ARM.Build.0 = basis|x64
		{CC8E8200-00A9-414E-9829-7CA3F1091ADD}.basis|ARM64.ActiveCfg = basis|x64
		{CC8E8200-00A9-414E-9829-7CA3F1091ADD}.basis|ARM64.Build.0 = basis|x64
		{CC8E8200-00A9-414E-9829-7CA3F1091ADD}.basis|Win32.ActiveCfg = basis|Win32
		{CC8E8200-00A9-414E-9829-7CA3F1091ADD}.basis|Win32.Build.0 = basis|Win32
		{CC8E8200-00A9-414E-9829-7CA3F1091ADD}.basis|x64.ActiveCfg = basis|x64
		{CC8E8200-00A9-414E-9829-7CA3F1091ADD}.basis|x64.Build.0 = basis|x64
		{CC8E8200-00A9-414E-9829-7CA3F1091ADD}.cube_basis|ARM.ActiveCfg = cube_basis|x64
		{CC8E8200-00A9-414E-9829-7CA3F1091ADD}.cube_basis|ARM.Build.0 = cube_basis|x64
		{CC8E8200-00A9-414E-9829-7CA3F1091ADD}.cube_basis|ARM64.ActiveCfg = cube_basis|x64
		{CC8E8200-00A9-414E-9829-7CA3F1091ADD}.cube_basis|ARM64.Build.0 = cube_basis|x64
		{CC8E8200-00A9-414E-9829-7CA3F1091ADD}.cube_basis|Win32.ActiveCfg = cube_basis|Win32
		{CC8E8200-00A9-414E-9829-7CA3F1091ADD}.cube_basis|Win32.Build.0 = cube_basis|Win32
		{CC8E8200-00A9-414E-9829-7CA3F1091ADD}.cube_basis|x64.ActiveCfg = cube_basis|x64
		{CC8E8200-00A9-414E-9829-7CA3F1091ADD}.cube_basis|x64.Build.0 = cube_basis|x64
		{CC8E8200-00A9-414E-9829-7CA3F1091ADD}.cube_stage|ARM.ActiveCfg = cube_stage|x64
		{CC8E8200-00A9-414E-9829-7CA3F1091ADD}.cube_stage|ARM.Build.0 = cube_stage|x64
		{CC8E8200-00A9-414E-9829-7CA3F1091ADD}.cube_stage|ARM64.ActiveCfg = cube_stage|x64
		{CC8E8200-00A9-414E-9829-7CA3F1091ADD}.cube_stage|ARM64.Build.0 = cube_stage|x64
		{CC8E8200-00A9-414E-9829-7CA3F1091ADD}.cube_stage|Win32.ActiveCfg = cube_stage|Win32
		{CC8E8200-00A9-414E-9829-7CA3F1091ADD}.cube_stage|Win32.Build.0 = cube_stage|Win32
		{CC8E8200-00A9-414E-9829-7CA3F1091ADD}.cube_stage|x64.ActiveCfg = cube_stage|x64
		{CC8E8200-00A9-414E-9829-7CA3F1091ADD}.cube_stage|x64.Build.0 = cube_stage|x64
		{CC8E8200-00A9-414E-9829-7CA3F1091ADD}.stage|ARM.ActiveCfg = stage|x64
		{CC8E8200-00A9-414E-9829-7CA3F1091ADD}.stage|ARM.Build.0 = stage|x64
		{CC8E8200-00A9-414E-9829-7CA3F1091ADD}.stage|ARM64.ActiveCfg = stage|x64
		{CC8E8200-00A9-414E-9829-7CA3F1091ADD}.stage|ARM64.Build.0 = stage|x64
		{CC8E8200-00A9-414E-9829-7CA3F1091ADD}.stage|Win32.ActiveCfg = stage|Win32
		{CC8E8200-00A9-414E-9829-7CA3F1091ADD}.stage|Win32.Build.0 = stage|Win32
		{CC8E8200-00A9-414E-9829-7CA3F1091ADD}.stage|x64.ActiveCfg = stage|x64
		{CC8E8200-00A9-414E-9829-7CA3F1091ADD}.stage|x64.Build.0 = stage|x64
		{C598E718-55AE-4D6E-81E0-53450FC3A649}.basis|ARM.ActiveCfg = basis|x64
		{C598E718-55AE-4D6E-81E0-53450FC3A649}.basis|ARM.Build.0 = basis|x64
		{C598E718-55AE-4D6E-81E0-53450FC3A649}.basis|ARM64.ActiveCfg = basis|x64
		{C598E718-55AE-4D6E-81E0-53450FC3A649}.basis|ARM64.Build.0 = basis|x64
		{C598E718-55AE-4D6E-81E0-53450FC3A649}.basis|Win32.ActiveCfg = basis|Win32
		{C598E718-55AE-4D6E-81E0-53450FC3A649}.basis|Win32.Build.0 = basis|Win32
		{C598E718-55AE-4D6E-81E0-53450FC3A649}.basis|x64.ActiveCfg = basis|x64
		{C598E718-55AE-4D6E-81E0-53450FC3A649}.basis|x64.Build.0 = basis|x64
		{C598E718-55AE-4D6E-81E0-53450FC3A649}.cube_basis|ARM.ActiveCfg = cube_basis|x64
		{C598E718-55AE-4D6E-81E0-53450FC3A649}.cube_basis|ARM.Build.0 = cube_basis|x64
		{C598E718-55AE-4D6E-81E0-53450FC3A649}.cube_basis|ARM64.ActiveCfg = cube_basis|x64
		{C598E718-55AE-4D6E-81E0-53450FC3A649}.cube_basis|ARM64.Build.0 = cube_basis|x64
		{C598E718-55AE-4D6E-81E0-53450FC3A649}.cube_basis|Win32.ActiveCfg = cube_basis|Win32
		{C598E718-55AE-4D6E-81E0-53450FC3A649}.cube_basis|Win32.Build.0 = cube_basis|Win32
		{C598E718-55AE-4D6E-81E0-53450FC3A649}.cube_basis|x64.ActiveCfg = cube_basis|x64
		{C598E718-55AE-4D6E-81E0-53450FC3A649}.cube_basis|x64.Build.0 = cube_basis|x64
		{C598E718-55AE-4D6E-81E0-53450FC3A649}.cube_stage|ARM.ActiveCfg = cube_stage|x64
		{C598E718-55AE-4D6E-81E0-53450FC3A649}.cube_stage|ARM.Build.0 = cube_stage|x64
		{C598E718-55AE-4D6E-81E0-53450FC3A649}.cube_stage|ARM64.ActiveCfg = cube_stage|x64
		{C598E718-55AE-4D6E-81E0-53450FC3A649}.cube_stage|ARM64.Build.0 = cube_stage|x64
		{C598E718-55AE-4D6E-81E0-53450FC3A649}.cube_stage|Win32.ActiveCfg = cube_stage|Win32
		{C598E718-55AE-4D6E-81E0-53450FC3A649}.cube_stage|Win32.Build.0 = cube_stage|Win32
		{C598E718-55AE-4D6E-81E0-53450FC3A649}.cube_stage|x64.ActiveCfg = cube_stage|x64
		{C598E718-55AE-4D6E-81E0-53450FC3A649}.cube_stage|x64.Build.0 = cube_stage|x64
		{C598E718-55AE-4D6E-81E0-53450FC3A649}.stage|ARM.ActiveCfg = stage|x64
		{C598E718-55AE-4D6E-81E0-53450FC3A649}.stage|ARM.Build.0 = stage|x64
		{C598E718-55AE-4D6E-81E0-53450FC3A649}.stage|ARM64.ActiveCfg = stage|x64
		{C598E718-55AE-4D6E-81E0-53450FC3A649}.stage|ARM64.Build.0 = stage|x64
		{C598E718-55AE-4D6E-81E0-53450FC3A649}.stage|Win32.ActiveCfg = stage|Win32
		{C598E718-55AE-4D6E-81E0-53450FC3A649}.stage|Win32.Build.0 = stage|Win32
		{C598E718-55AE-4D6E-81E0-53450FC3A649}.stage|x64.ActiveCfg = stage|x64
		{C598E718-55AE-4D6E-81E0-53450FC3A649}.stage|x64.Build.0 = stage|x64
		{D6B5B8F3-A524-4E73-8343-C3D5D558ADE3}.basis|ARM.ActiveCfg = basis|x64
		{D6B5B8F3-A524-4E73-8343-C3D5D558ADE3}.basis|ARM.Build.0 = basis|x64
		{D6B5B8F3-A524-4E73-8343-C3D5D558ADE3}.basis|ARM64.ActiveCfg = basis|x64
		{D6B5B8F3-A524-4E73-8343-C3D5D558ADE3}.basis|ARM64.Build.0 = basis|x64
		{D6B5B8F3-A524-4E73-8343-C3D5D558ADE3}.basis|Win32.ActiveCfg = basis|Win32
		{D6B5B8F3-A524-4E73-8343-C3D5D558ADE3}.basis|Win32.Build.0 = basis|Win32
		{D6B5B8F3-A524-4E73-8343-C3D5D558ADE3}.basis|x64.ActiveCfg = basis|x64
		{D6B5B8F3-A524-4E73-8343-C3D5D558ADE3}.basis|x64.Build.0 = basis|x64
		{D6B5B8F3-A524-4E73-8343-C3D5D558ADE3}.cube_basis|ARM.ActiveCfg = cube_basis|x64
		{D6B5B8F3-A524-4E73-8343-C3D5D558ADE3}.cube_basis|ARM.Build.0 = cube_basis|x64
		{D6B5B8F3-A524-4E73-8343-C3D5D558ADE3}.cube_basis|ARM64.ActiveCfg = cube_basis|x64
		{D6B5B8F3-A524-4E73-8343-C3D5D558ADE3}.cube_basis|ARM64.Build.0 = cube_basis|x64
		{D6B5B8F3-A524-4E73-8343-C3D5D558ADE3}.cube_basis|Win32.ActiveCfg = cube_basis|Win32
		{D6B5B8F3-A524-4E73-8343-C3D5D558ADE3}.cube_basis|Win32.Build.0 = cube_basis|Win32
		{D6B5B8F3-A524-4E73-8343-C3D5D558ADE3}.cube_basis|x64.ActiveCfg = cube_basis|x64
		{D6B5B8F3-A524-4E73-8343-C3D5D558ADE3}.cube_basis|x64.Build.0 = cube_basis|x64
		{D6B5B8F3-A524-4E73-8343-C3D5D558ADE3}.cube_stage|ARM.ActiveCfg = cube_stage|x64
		{D6B5B8F3-A524-4E73-8343-C3D5D558ADE3}.cube_stage|ARM.Build.0 = cube_stage|x64
		{D6B5B8F3-A524-4E73-8343-C3D5D558ADE3}.cube_stage|ARM64.ActiveCfg = cube_stage|x64
		{D6B5B8F3-A524-4E73-8343-C3D5D558ADE3}.cube_stage|ARM64.Build.0 = cube_stage|x64
		{D6B5B8F3-A524-4E73-8343-C3D5D558ADE3}.cube_stage|Win32.ActiveCfg = cube_stage|Win32
		{D6B5B8F3-A524-4E73-8343-C3D5D558ADE3}.cube_stage|Win32.Build.0 = cube_stage|Win32
		{D6B5B8F3-A524-4E73-8343-C3D5D558ADE3}.cube_stage|x64.ActiveCfg = cube_stage|x64
		{D6B5B8F3-A524-4E73-8343-C3D5D558ADE3}.cube_stage|x64.Build.0 = cube_stage|x64
		{D6B5B8F3-A524-4E73-8343-C3D5D558ADE3}.stage|ARM.ActiveCfg = stage|x64
		{D6B5B8F3-A524-4E73-8343-C3D5D558ADE3}.stage|ARM.Build.0 = stage|x64
		{D6B5B8F3-A524-4E73-8343-C3D5D558ADE3}.stage|ARM64.ActiveCfg = stage|x64
		{D6B5B8F3-A524-4E73-8343-C3D5D558ADE3}.stage|ARM64.Build.0 = stage|x64
		{D6B5B8F3-A524-4E73-8343-C3D5D558ADE3}.stage|Win32.ActiveCfg = stage|Win32
		{D6B5B8F3-A524-4E73-8343-C3D5D558ADE3}.stage|Win32.Build.0 = stage|Win32
		{D6B5B8F3-A524-4E73-8343-C3D5D558ADE3}.stage|x64.ActiveCfg = stage|x64
		{D6B5B8F3-A524-4E73-8343-C3D5D558ADE3}.stage|x64.Build.0 = stage|x64
		{EB9DC9C0-0573-4DA0-8700-4DBB371773F1}.basis|ARM.ActiveCfg = basis|x64
		{EB9DC9C0-0573-4DA0-8700-4DBB371773F1}.basis|ARM.Build.0 = basis|x64
		{EB9DC9C0-0573-4DA0-8700-4DBB371773F1}.basis|ARM64.ActiveCfg = basis|x64
		{EB9DC9C0-0573-4DA0-8700-4DBB371773F1}.basis|ARM64.Build.0 = basis|x64
		{EB9DC9C0-0573-4DA0-8700-4DBB371773F1}.basis|Win32.ActiveCfg = basis|Win32
		{EB9DC9C0-0573-4DA0-8700-4DBB371773F1}.basis|Win32.Build.0 = basis|Win32
		{EB9DC9C0-0573-4DA0-8700-4DBB371773F1}.basis|x64.ActiveCfg = basis|x64
		{EB9DC9C0-0573-4DA0-8700-4DBB371773F1}.basis|x64.Build.0 = basis|x64
		{EB9DC9C0-0573-4DA0-8700-4DBB371773F1}.cube_basis|ARM.ActiveCfg = cube_basis|x64
		{EB9DC9C0-0573-4DA0-8700-4DBB371773F1}.cube_basis|ARM.Build.0 = cube_basis|x64
		{EB9DC9C0-0573-4DA0-8700-4DBB371773F1}.cube_basis|ARM64.ActiveCfg = cube_basis|x64
		{EB9DC9C0-0573-4DA0-8700-4DBB371773F1}.cube_basis|ARM64.Build.0 = cube_basis|x64
		{EB9DC9C0-0573-4DA0-8700-4DBB371773F1}.cube_basis|Win32.ActiveCfg = cube_basis|Win32
		{EB9DC9C0-0573-4DA0-8700-4DBB371773F1}.cube_basis|Win32.Build.0 = cube_basis|Win32
		{EB9DC9C0-0573-4DA0-8700-4DBB371773F1}.cube_basis|x64.ActiveCfg = cube_basis|x64
		{EB9DC9C0-0573-4DA0-8700-4DBB371773F1}.cube_basis|x64.Build.0 = cube_basis|x64
		{EB9DC9C0-0573-4DA0-8700-4DBB371773F1}.cube_stage|ARM.ActiveCfg = cube_stage|x64
		{EB9DC9C0-0573-4DA0-8700-4DBB371773F1}.cube_stage|ARM.Build.0 = cube_stage|x64
		{EB9DC9C0-0573-4DA0-8700-4DBB371773F1}.cube_stage|ARM64.ActiveCfg = cube_stage|x64
		{EB9DC9C0-0573-4DA0-8700-4DBB371773F1}.cube_stage|ARM64.Build.0 = cube_stage|x64
		{EB9DC9C0-0573-4DA0-8700-4DBB371773F1}.cube_stage|Win32.ActiveCfg = cube_stage|Win32
		{EB9DC9C0-0573-4DA0-8700-4DBB371773F1}.cube_stage|Win32.Build.0 = cube_stage|Win32
		{EB9DC9C0-0573-4DA0-8700-4DBB371773F1}.cube_stage|x64.ActiveCfg = cube_stage|x64
		{EB9DC9C0-0573-4DA0-8700-4DBB371773F1}.cube_stage|x64.Build.0 = cube_stage|x64
		{EB9DC9C0-0573-4DA0-8700-4DBB371773F1}.stage|ARM.ActiveCfg = stage|x64
		{EB9DC9C0-0573-4DA0-8700-4DBB371773F1}.stage|ARM.Build.0 = stage|x64
		{EB9DC9C0-0573-4DA0-8700-4DBB371773F1}.stage|ARM64.ActiveCfg = stage|x64
		{EB9DC9C0-0573-4DA0-8700-4DBB371773F1}.stage|ARM64.Build.0 = stage|x64
		{EB9DC9C0-0573-4DA0-8700-4DBB371773F1}.stage|Win32.ActiveCfg = stage|Win32
		{EB9DC9C0-0573-4DA0-8700-4DBB371773F1}.stage|Win32.Build.0 = stage|Win32
		{EB9DC9C0-0573-4DA0-8700-4DBB371773F1}.stage|x64.ActiveCfg = stage|x64
		{EB9DC9C0-0573-4DA0-8700-4DBB371773F1}.stage|x64.Build.0 = stage|x64
		{A094E038-D195-4400-82CE-44A7EDF91B78}.basis|ARM.ActiveCfg = basis|x64
		{A094E038-D195-4400-82CE-44A7EDF91B78}.basis|ARM.Build.0 = basis|x64
		{A094E038-D195-4400-82CE-44A7EDF91B78}.basis|ARM64.ActiveCfg = basis|x64
		{A094E038-D195-4400-82CE-44A7EDF91B78}.basis|ARM64.Build.0 = basis|x64
		{A094E038-D195-4400-82CE-44A7EDF91B78}.basis|Win32.ActiveCfg = basis|Win32
		{A094E038-D195-4400-82CE-44A7EDF91B78}.basis|Win32.Build.0 = basis|Win32
		{A094E038-D195-4400-82CE-44A7EDF91B78}.basis|x64.ActiveCfg = basis|x64
		{A094E038-D195-4400-82CE-44A7EDF91B78}.basis|x64.Build.0 = basis|x64
		{A094E038-D195-4400-82CE-44A7EDF91B78}.cube_basis|ARM.ActiveCfg = cube_basis|x64
		{A094E038-D195-4400-82CE-44A7EDF91B78}.cube_basis|ARM.Build.0 = cube_basis|x64
		{A094E038-D195-4400-82CE-44A7EDF91B78}.cube_basis|ARM64.ActiveCfg = cube_basis|x64
		{A094E038-D195-4400-82CE-44A7EDF91B78}.cube_basis|ARM64.Build.0 = cube_basis|x64
		{A094E038-D195-4400-82CE-44A7EDF91B78}.cube_basis|Win32.ActiveCfg = cube_basis|Win32
		{A094E038-D195-4400-82CE-44A7EDF91B78}.cube_basis|Win32.Build.0 = cube_basis|Win32
		{A094E038-D195-4400-82CE-44A7EDF91B78}.cube_basis|x64.ActiveCfg = cube_basis|x64
		{A094E038-D195-4400-82CE-44A7EDF91B78}.cube_basis|x64.Build.0 = cube_basis|x64
		{A094E038-D195-4400-82CE-44A7EDF91B78}.cube_stage|ARM.ActiveCfg = cube_stage|x64
		{A094E038-D195-4400-82CE-44A7EDF91B78}.cube_stage|ARM.Build.0 = cube_stage|x64
		{A094E038-D195-4400-82CE-44A7EDF91B78}.cube_stage|ARM64.ActiveCfg = cube_stage|x64
		{A094E038-D195-4400-82CE-44A7EDF91B78}.cube_stage|ARM64.Build.0 = cube_stage|x64
		{A094E038-D195-4400-82CE-44A7EDF91B78}.cube_stage|Win32.ActiveCfg = cube_stage|Win32
		{A094E038-D195-4400-82CE-44A7EDF91B78}.cube_stage|Win32.Build.0 = cube_stage|Win32
		{A094E038-D195-4400-82CE-44A7EDF91B78}.cube_stage|x64.ActiveCfg = cube_stage|x64
		{A094E038-D195-4400-82CE-44A7EDF91B78}.cube_stage|x64.Build.0 = cube_stage|x64
		{A094E038-D195-4400-82CE-44A7EDF91B78}.stage|ARM.ActiveCfg = stage|x64
		{A094E038-D195-4400-82CE-44A7EDF91B78}.stage|ARM.Build.0 = stage|x64
		{A094E038-D195-4400-82CE-44A7EDF91B78}.stage|ARM64.ActiveCfg = stage|x64
		{A094E038-D195-4400-82CE-44A7EDF91B78}.stage|ARM64.Build.0 = stage|x64
		{A094E038-D195-4400-82CE-44A7EDF91B78}.stage|Win32.ActiveCfg = stage|Win32
		{A094E038-D195-4400-82CE-44A7EDF91B78}.stage|Win32.Build.0 = stage|Win32
		{A094E038-D195-4400-82CE-44A7EDF91B78}.stage|x64.ActiveCfg = stage|x64
		{A094E038-D195-4400-82CE-44A7EDF91B78}.stage|x64.Build.0 = stage|x64
		{99F5ABF0-7377-4CC7-B016-4CA7B365B9F1}.basis|ARM.ActiveCfg = basis|x64
		{99F5ABF0-7377-4CC7-B016-4CA7B365B9F1}.basis|ARM.Build.0 = basis|x64
		{99F5ABF0-7377-4CC7-B016-4CA7B365B9F1}.basis|ARM64.ActiveCfg = basis|x64
		{99F5ABF0-7377-4CC7-B016-4CA7B365B9F1}.basis|ARM64.Build.0 = basis|x64
		{99F5ABF0-7377-4CC7-B016-4CA7B365B9F1}.basis|Win32.ActiveCfg = basis|Win32
		{99F5ABF0-7377-4CC7-B016-4CA7B365B9F1}.basis|Win32.Build.0 = basis|Win32
		{99F5ABF0-7377-4CC7-B016-4CA7B365B9F1}.basis|x64.ActiveCfg = basis|x64
		{99F5ABF0-7377-4CC7-B016-4CA7B365B9F1}.basis|x64.Build.0 = basis|x64
		{99F5ABF0-7377-4CC7-B016-4CA7B365B9F1}.cube_basis|ARM.ActiveCfg = cube_basis|x64
		{99F5ABF0-7377-4CC7-B016-4CA7B365B9F1}.cube_basis|ARM.Build.0 = cube_basis|x64
		{99F5ABF0-7377-4CC7-B016-4CA7B365B9F1}.cube_basis|ARM64.ActiveCfg = cube_basis|x64
		{99F5ABF0-7377-4CC7-B016-4CA7B365B9F1}.cube_basis|ARM64.Build.0 = cube_basis|x64
		{99F5ABF0-7377-4CC7-B016-4CA7B365B9F1}.cube_basis|Win32.ActiveCfg = cube_basis|Win32
		{99F5ABF0-7377-4CC7-B016-4CA7B365B9F1}.cube_basis|Win32.Build.0 = cube_basis|Win32
		{99F5ABF0-7377-4CC7-B016-4CA7B365B9F1}.cube_basis|x64.ActiveCfg = cube_basis|x64
		{99F5ABF0-7377-4CC7-B016-4CA7B365B9F1}.cube_basis|x64.Build.0 = cube_basis|x64
		{99F5ABF0-7377-4CC7-B016-4CA7B365B9F1}.cube_stage|ARM.ActiveCfg = cube_stage|x64
		{99F5ABF0-7377-4CC7-B016-4CA7B365B9F1}.cube_stage|ARM.Build.0 = cube_stage|x64
		{99F5ABF0-7377-4CC7-B016-4CA7B365B9F1}.cube_stage|ARM64.ActiveCfg = cube_stage|x64
		{99F5ABF0-7377-4CC7-B016-4CA7B365B9F1}.cube_stage|ARM64.Build.0 = cube_stage|x64
		{99F5ABF0-7377-4CC7-B016-4CA7B365B9F1}.cube_stage|Win32.ActiveCfg = cube_stage|Win32
		{99F5ABF0-7377-4CC7-B016-4CA7B365B9F1}.cube_stage|Win32.Build.0 = cube_stage|Win32
		{99F5ABF0-7377-4CC7-B016-4CA7B365B9F1}.cube_stage|x64.ActiveCfg = cube_stage|x64
		{99F5ABF0-7377-4CC7-B016-4CA7B365B9F1}.cube_stage|x64.Build.0 = cube_stage|x64
		{99F5ABF0-7377-4CC7-B016-4CA7B365B9F1}.stage|ARM.ActiveCfg = stage|x64
		{99F5ABF0-7377-4CC7-B016-4CA7B365B9F1}.stage|ARM.Build.0 = stage|x64
		{99F5ABF0-7377-4CC7-B016-4CA7B365B9F1}.stage|ARM64.ActiveCfg = stage|x64
		{99F5ABF0-7377-4CC7-B016-4CA7B365B9F1}.stage|ARM64.Build.0 = stage|x64
		{99F5ABF0-7377-4CC7-B016-4CA7B365B9F1}.stage|Win32.ActiveCfg = stage|Win32
		{99F5ABF0-7377-4CC7-B016-4CA7B365B9F1}.stage|Win32.Build.0 = stage|Win32
		{99F5ABF0-7377-4CC7-B016-4CA7B365B9F1}.stage|x64.ActiveCfg = stage|x64
		{99F5ABF0-7377-4CC7-B016-4CA7B365B9F1}.stage|x64.Build.0 = stage|x64
		{94C3715A-7FBF-4455-917B-20CB7F40C58C}.basis|ARM.ActiveCfg = basis|x64
		{94C3715A-7FBF-4455-917B-20CB7F40C58C}.basis|ARM.Build.0 = basis|x64
		{94C3715A-7FBF-4455-917B-20CB7F40C58C}.basis|ARM64.ActiveCfg = basis|x64
		{94C3715A-7FBF-4455-917B-20CB7F40C58C}.basis|ARM64.Build.0 = basis|x64
		{94C3715A-7FBF-4455-917B-20CB7F40C58C}.basis|Win32.ActiveCfg = basis|Win32
		{94C3715A-7FBF-4455-917B-20CB7F40C58C}.basis|Win32.Build.0 = basis|Win32
		{94C3715A-7FBF-4455-917B-20CB7F40C58C}.basis|x64.ActiveCfg = basis|x64
		{94C3715A-7FBF-4455-917B-20CB7F40C58C}.basis|x64.Build.0 = basis|x64
		{94C3715A-7FBF-4455-917B-20CB7F40C58C}.cube_basis|ARM.ActiveCfg = cube_basis|x64
		{94C3715A-7FBF-4455-917B-20CB7F40C58C}.cube_basis|ARM.Build.0 = cube_basis|x64
		{94C3715A-7FBF-4455-917B-20CB7F40C58C}.cube_basis|ARM64.ActiveCfg = cube_basis|x64
		{94C3715A-7FBF-4455-917B-20CB7F40C58C}.cube_basis|ARM64.Build.0 = cube_basis|x64
		{94C3715A-7FBF-4455-917B-20CB7F40C58C}.cube_basis|Win32.ActiveCfg = cube_basis|Win32
		{94C3715A-7FBF-4455-917B-20CB7F40C58C}.cube_basis|Win32.Build.0 = cube_basis|Win32
		{94C3715A-7FBF-4455-917B-20CB7F40C58C}.cube_basis|x64.ActiveCfg = cube_basis|x64
		{94C3715A-7FBF-4455-917B-20CB7F40C58C}.cube_basis|x64.Build.0 = cube_basis|x64
		{94C3715A-7FBF-4455-917B-20CB7F40C58C}.cube_stage|ARM.ActiveCfg = cube_stage|x64
		{94C3715A-7FBF-4455-917B-20CB7F40C58C}.cube_stage|ARM.Build.0 = cube_stage|x64
		{94C3715A-7FBF-4455-917B-20CB7F40C58C}.cube_stage|ARM64.ActiveCfg = cube_stage|x64
		{94C3715A-7FBF-4455-917B-20CB7F40C58C}.cube_stage|ARM64.Build.0 = cube_stage|x64
		{94C3715A-7FBF-4455-917B-20CB7F40C58C}.cube_stage|Win32.ActiveCfg = cube_stage|Win32
		{94C3715A-7FBF-4455-917B-20CB7F40C58C}.cube_stage|Win32.Build.0 = cube_stage|Win32
		{94C3715A-7FBF-4455-917B-20CB7F40C58C}.cube_stage|x64.ActiveCfg = cube_stage|x64
		{94C3715A-7FBF-4455-917B-20CB7F40C58C}.cube_stage|x64.Build.0 = cube_stage|x64
		{94C3715A-7FBF-4455-917B-20CB7F40C58C}.stage|ARM.ActiveCfg = stage|x64
		{94C3715A-7FBF-4455-917B-20CB7F40C58C}.stage|ARM.Build.0 = stage|x64
		{94C3715A-7FBF-4455-917B-20CB7F40C58C}.stage|ARM64.ActiveCfg = stage|x64
		{94C3715A-7FBF-4455-917B-20CB7F40C58C}.stage|ARM64.Build.0 = stage|x64
		{94C3715A-7FBF-4455-917B-20CB7F40C58C}.stage|Win32.ActiveCfg = stage|Win32
		{94C3715A-7FBF-4455-917B-20CB7F40C58C}.stage|Win32.Build.0 = stage|Win32
		{94C3715A-7FBF-4455-917B-20CB7F40C58C}.stage|x64.ActiveCfg = stage|x64
		{94C3715A-7FBF-4455-917B-20CB7F40C58C}.stage|x64.Build.0 = stage|x64
		{D79C7DDB-A727-4B91-803E-41C4431693D6}.basis|ARM.ActiveCfg = basis|x64
		{D79C7DDB-A727-4B91-803E-41C4431693D6}.basis|ARM.Build.0 = basis|x64
		{D79C7DDB-A727-4B91-803E-41C4431693D6}.basis|ARM64.ActiveCfg = basis|x64
		{D79C7DDB-A727-4B91-803E-41C4431693D6}.basis|ARM64.Build.0 = basis|x64
		{D79C7DDB-A727-4B91-803E-41C4431693D6}.basis|Win32.ActiveCfg = basis|Win32
		{D79C7DDB-A727-4B91-803E-41C4431693D6}.basis|Win32.Build.0 = basis|Win32
		{D79C7DDB-A727-4B91-803E-41C4431693D6}.basis|x64.ActiveCfg = basis|x64
		{D79C7DDB-A727-4B91-803E-41C4431693D6}.basis|x64.Build.0 = basis|x64
		{D79C7DDB-A727-4B91-803E-41C4431693D6}.cube_basis|ARM.ActiveCfg = cube_basis|x64
		{D79C7DDB-A727-4B91-803E-41C4431693D6}.cube_basis|ARM.Build.0 = cube_basis|x64
		{D79C7DDB-A727-4B91-803E-41C4431693D6}.cube_basis|ARM64.ActiveCfg = cube_basis|x64
		{D79C7DDB-A727-4B91-803E-41C4431693D6}.cube_basis|ARM64.Build.0 = cube_basis|x64
		{D79C7DDB-A727-4B91-803E-41C4431693D6}.cube_basis|Win32.ActiveCfg = cube_basis|Win32
		{D79C7DDB-A727-4B91-803E-41C4431693D6}.cube_basis|Win32.Build.0 = cube_basis|Win32
		{D79C7DDB-A727-4B91-803E-41C4431693D6}.cube_basis|x64.ActiveCfg = cube_basis|x64
		{D79C7DDB-A727-4B91-803E-41C4431693D6}.cube_basis|x64.Build.0 = cube_basis|x64
		{D79C7DDB-A727-4B91-803E-41C4431693D6}.cube_stage|ARM.ActiveCfg = cube_stage|x64
		{D79C7DDB-A727-4B91-803E-41C4431693D6}.cube_stage|ARM.Build.0 = cube_stage|x64
		{D79C7DDB-A727-4B91-803E-41C4431693D6}.cube_stage|ARM64.ActiveCfg = cube_stage|x64
		{D79C7DDB-A727-4B91-803E-41C4431693D6}.cube_stage|ARM64.Build.0 = cube_stage|x64
		{D79C7DDB-A727-4B91-803E-41C4431693D6}.cube_stage|Win32.ActiveCfg = cube_stage|Win32
		{D79C7DDB-A727-4B91-803E-41C4431693D6}.cube_stage|Win32.Build.0 = cube_stage|Win32
		{D79C7DDB-A727-4B91-803E-41C4431693D6}.cube_stage|x64.ActiveCfg = cube_stage|x64
		{D79C7DDB-A727-4B91-803E-41C4431693D6}.cube_stage|x64.Build.0 = cube_stage|x64
		{D79C7DDB-A727-4B91-803E-41C4431693D6}.stage|ARM.ActiveCfg = stage|x64
		{D79C7DDB-A727-4B91-803E-41C4431693D6}.stage|ARM.Build.0 = stage|x64
		{D79C7DDB-A727-4B91-803E-41C4431693D6}.stage|ARM64.ActiveCfg = stage|x64
		{D79C7DDB-A727-4B91-803E-41C4431693D6}.stage|ARM64.Build.0 = stage|x64
		{D79C7DDB-A727-4B91-803E-41C4431693D6}.stage|Win32.ActiveCfg = stage|Win32
		{D79C7DDB-A727-4B91-803E-41C4431693D6}.stage|Win32.Build.0 = stage|Win32
		{D79C7DDB-A727-4B91-803E-41C4431693D6}.stage|x64.ActiveCfg = stage|x64
		{D79C7DDB-A727-4B91-803E-41C4431693D6}.stage|x64.Build.0 = stage|x64
		{F85061D8-22DC-4A8B-85EA-76D330BE52CC}.basis|ARM.ActiveCfg = basis|x64
		{F85061D8-22DC-4A8B-85EA-76D330BE52CC}.basis|ARM.Build.0 = basis|x64
		{F85061D8-22DC-4A8B-85EA-76D330BE52CC}.basis|ARM64.ActiveCfg = basis|x64
		{F85061D8-22DC-4A8B-85EA-76D330BE52CC}.basis|ARM64.Build.0 = basis|x64
		{F85061D8-22DC-4A8B-85EA-76D330BE52CC}.basis|Win32.ActiveCfg = basis|Win32
		{F85061D8-22DC-4A8B-85EA-76D330BE52CC}.basis|Win32.Build.0 = basis|Win32
		{F85061D8-22DC-4A8B-85EA-76D330BE52CC}.basis|x64.ActiveCfg = basis|x64
		{F85061D8-22DC-4A8B-85EA-76D330BE52CC}.basis|x64.Build.0 = basis|x64
		{F85061D8-22DC-4A8B-85EA-76D330BE52CC}.cube_basis|ARM.ActiveCfg = cube_basis|x64
		{F85061D8-22DC-4A8B-85EA-76D330BE52CC}.cube_basis|ARM.Build.0 = cube_basis|x64
		{F85061D8-22DC-4A8B-85EA-76D330BE52CC}.cube_basis|ARM64.ActiveCfg = cube_basis|x64
		{F85061D8-22DC-4A8B-85EA-76D330BE52CC}.cube_basis|ARM64.Build.0 = cube_basis|x64
		{F85061D8-22DC-4A8B-85EA-76D330BE52CC}.cube_basis|Win32.ActiveCfg = cube_basis|Win32
		{F85061D8-22DC-4A8B-85EA-76D330BE52CC}.cube_basis|Win32.Build.0 = cube_basis|Win32
		{F85061D8-22DC-4A8B-85EA-76D330BE52CC}.cube_basis|x64.ActiveCfg = cube_basis|x64
		{F85061D8-22DC-4A8B-85EA-76D330BE52CC}.cube_basis|x64.Build.0 = cube_basis|x64
		{F85061D8-22DC-4A8B-85EA-76D330BE52CC}.cube_stage|ARM.ActiveCfg = cube_stage|x64
		{F85061D8-22DC-4A8B-85EA-76D330BE52CC}.cube_stage|ARM.Build.0 = cube_stage|x64
		{F85061D8-22DC-4A8B-85EA-76D330BE52CC}.cube_stage|ARM64.ActiveCfg = cube_stage|x64
		{F85061D8-22DC-4A8B-85EA-76D330BE52CC}.cube_stage|ARM64.Build.0 = cube_stage|x64
		{F85061D8-22DC-4A8B-85EA-76D330BE52CC}.cube_stage|Win32.ActiveCfg = cube_stage|Win32
		{F85061D8-22DC-4A8B-85EA-76D330BE52CC}.cube_stage|Win32.Build.0 = cube_stage|Win32
		{F85061D8-22DC-4A8B-85EA-76D330BE52CC}.cube_stage|x64.ActiveCfg = cube_stage|x64
		{F85061D8-22DC-4A8B-85EA-76D330BE52CC}.cube_stage|x64.Build.0 = cube_stage|x64
		{F85061D8-22DC-4A8B-85EA-76D330BE52CC}.stage|ARM.ActiveCfg = stage|x64
		{F85061D8-22DC-4A8B-85EA-76D330BE52CC}.stage|ARM.Build.0 = stage|x64
		{F85061D8-22DC-4A8B-85EA-76D330BE52CC}.stage|ARM64.ActiveCfg = stage|x64
		{F85061D8-22DC-4A8B-85EA-76D330BE52CC}.stage|ARM64.Build.0 = stage|x64
		{F85061D8-22DC-4A8B-85EA-76D330BE52CC}.stage|Win32.ActiveCfg = stage|Win32
		{F85061D8-22DC-4A8B-85EA-76D330BE52CC}.stage|Win32.Build.0 = stage|Win32
		{F85061D8-22DC-4A8B-85EA-76D330BE52CC}.stage|x64.ActiveCfg = stage|x64
		{F85061D8-22DC-4A8B-85EA-76D330BE52CC}.stage|x64.Build.0 = stage|x64
		{6D3C8026-2626-4D4A-9C5C-E1DE3BE8F6AA}.basis|ARM.ActiveCfg = basis|x64
		{6D3C8026-2626-4D4A-9C5C-E1DE3BE8F6AA}.basis|ARM.Build.0 = basis|x64
		{6D3C8026-2626-4D4A-9C5C-E1DE3BE8F6AA}.basis|ARM64.ActiveCfg = basis|x64
		{6D3C8026-2626-4D4A-9C5C-E1DE3BE8F6AA}.basis|ARM64.Build.0 = basis|x64
		{6D3C8026-2626-4D4A-9C5C-E1DE3BE8F6AA}.basis|Win32.ActiveCfg = basis|Win32
		{6D3C8026-2626-4D4A-9C5C-E1DE3BE8F6AA}.basis|Win32.Build.0 = basis|Win32
		{6D3C8026-2626-4D4A-9C5C-E1DE3BE8F6AA}.basis|x64.ActiveCfg = basis|x64
		{6D3C8026-2626-4D4A-9C5C-E1DE3BE8F6AA}.basis|x64.Build.0 = basis|x64
		{6D3C8026-2626-4D4A-9C5C-E1DE3BE8F6AA}.cube_basis|ARM.ActiveCfg = cube_basis|x64
		{6D3C8026-2626-4D4A-9C5C-E1DE3BE8F6AA}.cube_basis|ARM.Build.0 = cube_basis|x64
		{6D3C8026-2626-4D4A-9C5C-E1DE3BE8F6AA}.cube_basis|ARM64.ActiveCfg = cube_basis|x64
		{6D3C8026-2626-4D4A-9C5C-E1DE3BE8F6AA}.cube_basis|ARM64.Build.0 = cube_basis|x64
		{6D3C8026-2626-4D4A-9C5C-E1DE3BE8F6AA}.cube_basis|Win32.ActiveCfg = cube_basis|Win32
		{6D3C8026-2626-4D4A-9C5C-E1DE3BE8F6AA}.cube_basis|Win32.Build.0 = cube_basis|Win32
		{6D3C8026-2626-4D4A-9C5C-E1DE3BE8F6AA}.cube_basis|x64.ActiveCfg = cube_basis|x64
		{6D3C8026-2626-4D4A-9C5C-E1DE3BE8F6AA}.cube_basis|x64.Build.0 = cube_basis|x64
		{6D3C8026-2626-4D4A-9C5C-E1DE3BE8F6AA}.cube_stage|ARM.ActiveCfg = cube_stage|x64
		{6D3C8026-2626-4D4A-9C5C-E1DE3BE8F6AA}.cube_stage|ARM.Build.0 = cube_stage|x64
		{6D3C8026-2626-4D4A-9C5C-E1DE3BE8F6AA}.cube_stage|ARM64.ActiveCfg = cube_stage|x64
		{6D3C8026-2626-4D4A-9C5C-E1DE3BE8F6AA}.cube_stage|ARM64.Build.0 = cube_stage|x64
		{6D3C8026-2626-4D4A-9C5C-E1DE3BE8F6AA}.cube_stage|Win32.ActiveCfg = cube_stage|Win32
		{6D3C8026-2626-4D4A-9C5C-E1DE3BE8F6AA}.cube_stage|Win32.Build.0 = cube_stage|Win32
		{6D3C8026-2626-4D4A-9C5C-E1DE3BE8F6AA}.cube_stage|x64.ActiveCfg = cube_stage|x64
		{6D3C8026-2626-4D4A-9C5C-E1DE3BE8F6AA}.cube_stage|x64.Build.0 = cube_stage|x64
		{6D3C8026-2626-4D4A-9C5C-E1DE3BE8F6AA}.stage|ARM.ActiveCfg = stage|x64
		{6D3C8026-2626-4D4A-9C5C-E1DE3BE8F6AA}.stage|ARM.Build.0 = stage|x64
		{6D3C8026-2626-4D4A-9C5C-E1DE3BE8F6AA}.stage|ARM64.ActiveCfg = stage|x64
		{6D3C8026-2626-4D4A-9C5C-E1DE3BE8F6AA}.stage|ARM64.Build.0 = stage|x64
		{6D3C8026-2626-4D4A-9C5C-E1DE3BE8F6AA}.stage|Win32.ActiveCfg = stage|Win32
		{6D3C8026-2626-4D4A-9C5C-E1DE3BE8F6AA}.stage|Win32.Build.0 = stage|Win32
		{6D3C8026-2626-4D4A-9C5C-E1DE3BE8F6AA}.stage|x64.ActiveCfg = stage|x64
		{6D3C8026-2626-4D4A-9C5C-E1DE3BE8F6AA}.stage|x64.Build.0 = stage|x64
		{A8DB550C-0CAF-42E8-8D1C-3EF9DFDF80E8}.basis|ARM.ActiveCfg = basis|x64
		{A8DB550C-0CAF-42E8-8D1C-3EF9DFDF80E8}.basis|ARM.Build.0 = basis|x64
		{A8DB550C-0CAF-42E8-8D1C-3EF9DFDF80E8}.basis|ARM64.ActiveCfg = basis|x64
		{A8DB550C-0CAF-42E8-8D1C-3EF9DFDF80E8}.basis|ARM64.Build.0 = basis|x64
		{A8DB550C-0CAF-42E8-8D1C-3EF9DFDF80E8}.basis|Win32.ActiveCfg = basis|Win32
		{A8DB550C-0CAF-42E8-8D1C-3EF9DFDF80E8}.basis|Win32.Build.0 = basis|Win32
		{A8DB550C-0CAF-42E8-8D1C-3EF9DFDF80E8}.basis|x64.ActiveCfg = basis|x64
		{A8DB550C-0CAF-42E8-8D1C-3EF9DFDF80E8}.basis|x64.Build.0 = basis|x64
		{A8DB550C-0CAF-42E8-8D1C-3EF9DFDF80E8}.cube_basis|ARM.ActiveCfg = stage|x64
		{A8DB550C-0CAF-42E8-8D1C-3EF9DFDF80E8}.cube_basis|ARM.Build.0 = stage|x64
		{A8DB550C-0CAF-42E8-8D1C-3EF9DFDF80E8}.cube_basis|ARM64.ActiveCfg = stage|x64
		{A8DB550C-0CAF-42E8-8D1C-3EF9DFDF80E8}.cube_basis|ARM64.Build.0 = stage|x64
		{A8DB550C-0CAF-42E8-8D1C-3EF9DFDF80E8}.cube_basis|Win32.ActiveCfg = stage|Win32
		{A8DB550C-0CAF-42E8-8D1C-3EF9DFDF80E8}.cube_basis|x64.ActiveCfg = basis|x64
		{A8DB550C-0CAF-42E8-8D1C-3EF9DFDF80E8}.cube_stage|ARM.ActiveCfg = stage|x64
		{A8DB550C-0CAF-42E8-8D1C-3EF9DFDF80E8}.cube_stage|ARM.Build.0 = stage|x64
		{A8DB550C-0CAF-42E8-8D1C-3EF9DFDF80E8}.cube_stage|ARM64.ActiveCfg = stage|x64
		{A8DB550C-0CAF-42E8-8D1C-3EF9DFDF80E8}.cube_stage|ARM64.Build.0 = stage|x64
		{A8DB550C-0CAF-42E8-8D1C-3EF9DFDF80E8}.cube_stage|Win32.ActiveCfg = stage|Win32
		{A8DB550C-0CAF-42E8-8D1C-3EF9DFDF80E8}.cube_stage|x64.ActiveCfg = stage|x64
		{A8DB550C-0CAF-42E8-8D1C-3EF9DFDF80E8}.stage|ARM.ActiveCfg = stage|x64
		{A8DB550C-0CAF-42E8-8D1C-3EF9DFDF80E8}.stage|ARM.Build.0 = stage|x64
		{A8DB550C-0CAF-42E8-8D1C-3EF9DFDF80E8}.stage|ARM64.ActiveCfg = stage|x64
		{A8DB550C-0CAF-42E8-8D1C-3EF9DFDF80E8}.stage|ARM64.Build.0 = stage|x64
		{A8DB550C-0CAF-42E8-8D1C-3EF9DFDF80E8}.stage|Win32.ActiveCfg = stage|Win32
		{A8DB550C-0CAF-42E8-8D1C-3EF9DFDF80E8}.stage|Win32.Build.0 = stage|Win32
		{A8DB550C-0CAF-42E8-8D1C-3EF9DFDF80E8}.stage|x64.ActiveCfg = stage|x64
		{A8DB550C-0CAF-42E8-8D1C-3EF9DFDF80E8}.stage|x64.Build.0 = stage|x64
		{8D5FFE5A-44A7-4477-9A32-5AAD6B9FB06C}.basis|ARM.ActiveCfg = cube_stage|x64
		{8D5FFE5A-44A7-4477-9A32-5AAD6B9FB06C}.basis|ARM.Build.0 = cube_stage|x64
		{8D5FFE5A-44A7-4477-9A32-5AAD6B9FB06C}.basis|ARM64.ActiveCfg = cube_stage|x64
		{8D5FFE5A-44A7-4477-9A32-5AAD6B9FB06C}.basis|ARM64.Build.0 = cube_stage|x64
		{8D5FFE5A-44A7-4477-9A32-5AAD6B9FB06C}.basis|Win32.ActiveCfg = cube_basis|Win32
		{8D5FFE5A-44A7-4477-9A32-5AAD6B9FB06C}.basis|x64.ActiveCfg = cube_basis|x64
		{8D5FFE5A-44A7-4477-9A32-5AAD6B9FB06C}.cube_basis|ARM.ActiveCfg = cube_basis|x64
		{8D5FFE5A-44A7-4477-9A32-5AAD6B9FB06C}.cube_basis|ARM.Build.0 = cube_basis|x64
		{8D5FFE5A-44A7-4477-9A32-5AAD6B9FB06C}.cube_basis|ARM64.ActiveCfg = cube_basis|x64
		{8D5FFE5A-44A7-4477-9A32-5AAD6B9FB06C}.cube_basis|ARM64.Build.0 = cube_basis|x64
		{8D5FFE5A-44A7-4477-9A32-5AAD6B9FB06C}.cube_basis|Win32.ActiveCfg = cube_basis|Win32
		{8D5FFE5A-44A7-4477-9A32-5AAD6B9FB06C}.cube_basis|Win32.Build.0 = cube_basis|Win32
		{8D5FFE5A-44A7-4477-9A32-5AAD6B9FB06C}.cube_basis|x64.ActiveCfg = cube_basis|x64
		{8D5FFE5A-44A7-4477-9A32-5AAD6B9FB06C}.cube_basis|x64.Build.0 = cube_basis|x64
		{8D5FFE5A-44A7-4477-9A32-5AAD6B9FB06C}.cube_stage|ARM.ActiveCfg = cube_stage|x64
		{8D5FFE5A-44A7-4477-9A32-5AAD6B9FB06C}.cube_stage|ARM.Build.0 = cube_stage|x64
		{8D5FFE5A-44A7-4477-9A32-5AAD6B9FB06C}.cube_stage|ARM64.ActiveCfg = cube_stage|x64
		{8D5FFE5A-44A7-4477-9A32-5AAD6B9FB06C}.cube_stage|ARM64.Build.0 = cube_stage|x64
		{8D5FFE5A-44A7-4477-9A32-5AAD6B9FB06C}.cube_stage|Win32.ActiveCfg = cube_stage|Win32
		{8D5FFE5A-44A7-4477-9A32-5AAD6B9FB06C}.cube_stage|Win32.Build.0 = cube_stage|Win32
		{8D5FFE5A-44A7-4477-9A32-5AAD6B9FB06C}.cube_stage|x64.ActiveCfg = cube_stage|x64
		{8D5FFE5A-44A7-4477-9A32-5AAD6B9FB06C}.cube_stage|x64.Build.0 = cube_stage|x64
		{8D5FFE5A-44A7-4477-9A32-5AAD6B9FB06C}.stage|ARM.ActiveCfg = cube_stage|x64
		{8D5FFE5A-44A7-4477-9A32-5AAD6B9FB06C}.stage|ARM.Build.0 = cube_stage|x64
		{8D5FFE5A-44A7-4477-9A32-5AAD6B9FB06C}.stage|ARM64.ActiveCfg = cube_stage|x64
		{8D5FFE5A-44A7-4477-9A32-5AAD6B9FB06C}.stage|ARM64.Build.0 = cube_stage|x64
		{8D5FFE5A-44A7-4477-9A32-5AAD6B9FB06C}.stage|Win32.ActiveCfg = cube_stage|Win32
		{8D5FFE5A-44A7-4477-9A32-5AAD6B9FB06C}.stage|x64.ActiveCfg = cube_stage|x64
		{D08014E6-E329-41CF-81B5-957C290A4AA8}.basis|ARM.ActiveCfg = basis|x64
		{D08014E6-E329-41CF-81B5-957C290A4AA8}.basis|ARM.Build.0 = basis|x64
		{D08014E6-E329-41CF-81B5-957C290A4AA8}.basis|ARM64.ActiveCfg = basis|x64
		{D08014E6-E329-41CF-81B5-957C290A4AA8}.basis|ARM64.Build.0 = basis|x64
		{D08014E6-E329-41CF-81B5-957C290A4AA8}.basis|Win32.ActiveCfg = basis|Win32
		{D08014E6-E329-41CF-81B5-957C290A4AA8}.basis|Win32.Build.0 = basis|Win32
		{D08014E6-E329-41CF-81B5-957C290A4AA8}.basis|x64.ActiveCfg = basis|x64
		{D08014E6-E329-41CF-81B5-957C290A4AA8}.basis|x64.Build.0 = basis|x64
		{D08014E6-E329-41CF-81B5-957C290A4AA8}.cube_basis|ARM.ActiveCfg = cube_basis|x64
		{D08014E6-E329-41CF-81B5-957C290A4AA8}.cube_basis|ARM.Build.0 = cube_basis|x64
		{D08014E6-E329-41CF-81B5-957C290A4AA8}.cube_basis|ARM64.ActiveCfg = cube_basis|x64
		{D08014E6-E329-41CF-81B5-957C290A4AA8}.cube_basis|ARM64.Build.0 = cube_basis|x64
		{D08014E6-E329-41CF-81B5-957C290A4AA8}.cube_basis|Win32.ActiveCfg = cube_basis|Win32
		{D08014E6-E329-41CF-81B5-957C290A4AA8}.cube_basis|Win32.Build.0 = cube_basis|Win32
		{D08014E6-E329-41CF-81B5-957C290A4AA8}.cube_basis|x64.ActiveCfg = cube_basis|x64
		{D08014E6-E329-41CF-81B5-957C290A4AA8}.cube_basis|x64.Build.0 = cube_basis|x64
		{D08014E6-E329-41CF-81B5-957C290A4AA8}.cube_stage|ARM.ActiveCfg = cube_stage|x64
		{D08014E6-E329-41CF-81B5-957C290A4AA8}.cube_stage|ARM.Build.0 = cube_stage|x64
		{D08014E6-E329-41CF-81B5-957C290A4AA8}.cube_stage|ARM64.ActiveCfg = cube_stage|x64
		{D08014E6-E329-41CF-81B5-957C290A4AA8}.cube_stage|ARM64.Build.0 = cube_stage|x64
		{D08014E6-E329-41CF-81B5-957C290A4AA8}.cube_stage|Win32.ActiveCfg = cube_stage|Win32
		{D08014E6-E329-41CF-81B5-957C290A4AA8}.cube_stage|Win32.Build.0 = cube_stage|Win32
		{D08014E6-E329-41CF-81B5-957C290A4AA8}.cube_stage|x64.ActiveCfg = cube_stage|x64
		{D08014E6-E329-41CF-81B5-957C290A4AA8}.cube_stage|x64.Build.0 = cube_stage|x64
		{D08014E6-E329-41CF-81B5-957C290A4AA8}.stage|ARM.ActiveCfg = stage|x64
		{D08014E6-E329-41CF-81B5-957C290A4AA8}.stage|ARM.Build.0 = stage|x64
		{D08014E6-E329-41CF-81B5-957C290A4AA8}.stage|ARM64.ActiveCfg = stage|x64
		{D08014E6-E329-41CF-81B5-957C290A4AA8}.stage|ARM64.Build.0 = stage|x64
		{D08014E6-E329-41CF-81B5-957C290A4AA8}.stage|Win32.ActiveCfg = stage|Win32
		{D08014E6-E329-41CF-81B5-957C290A4AA8}.stage|Win32.Build.0 = stage|Win32
		{D08014E6-E329-41CF-81B5-957C290A4AA8}.stage|x64.ActiveCfg = stage|x64
		{D08014E6-E329-41CF-81B5-957C290A4AA8}.stage|x64.Build.0 = stage|x64
		{A69CC125-E38A-4F77-9677-8860D43AB3B0}.basis|ARM.ActiveCfg = basis|x64
		{A69CC125-E38A-4F77-9677-8860D43AB3B0}.basis|ARM.Build.0 = basis|x64
		{A69CC125-E38A-4F77-9677-8860D43AB3B0}.basis|ARM64.ActiveCfg = basis|x64
		{A69CC125-E38A-4F77-9677-8860D43AB3B0}.basis|ARM64.Build.0 = basis|x64
		{A69CC125-E38A-4F77-9677-8860D43AB3B0}.basis|Win32.ActiveCfg = basis|Win32
		{A69CC125-E38A-4F77-9677-8860D43AB3B0}.basis|Win32.Build.0 = basis|Win32
		{A69CC125-E38A-4F77-9677-8860D43AB3B0}.basis|x64.ActiveCfg = basis|x64
		{A69CC125-E38A-4F77-9677-8860D43AB3B0}.basis|x64.Build.0 = basis|x64
		{A69CC125-E38A-4F77-9677-8860D43AB3B0}.cube_basis|ARM.ActiveCfg = cube_basis|x64
		{A69CC125-E38A-4F77-9677-8860D43AB3B0}.cube_basis|ARM.Build.0 = cube_basis|x64
		{A69CC125-E38A-4F77-9677-8860D43AB3B0}.cube_basis|ARM64.ActiveCfg = cube_basis|x64
		{A69CC125-E38A-4F77-9677-8860D43AB3B0}.cube_basis|ARM64.Build.0 = cube_basis|x64
		{A69CC125-E38A-4F77-9677-8860D43AB3B0}.cube_basis|Win32.ActiveCfg = cube_basis|Win32
		{A69CC125-E38A-4F77-9677-8860D43AB3B0}.cube_basis|Win32.Build.0 = cube_basis|Win32
		{A69CC125-E38A-4F77-9677-8860D43AB3B0}.cube_basis|x64.ActiveCfg = cube_basis|x64
		{A69CC125-E38A-4F77-9677-8860D43AB3B0}.cube_basis|x64.Build.0 = cube_basis|x64
		{A69CC125-E38A-4F77-9677-8860D43AB3B0}.cube_stage|ARM.ActiveCfg = cube_stage|x64
		{A69CC125-E38A-4F77-9677-8860D43AB3B0}.cube_stage|ARM.Build.0 = cube_stage|x64
		{A69CC125-E38A-4F77-9677-8860D43AB3B0}.cube_stage|ARM64.ActiveCfg = cube_stage|x64
		{A69CC125-E38A-4F77-9677-8860D43AB3B0}.cube_stage|ARM64.Build.0 = cube_stage|x64
		{A69CC125-E38A-4F77-9677-8860D43AB3B0}.cube_stage|Win32.ActiveCfg = cube_stage|Win32
		{A69CC125-E38A-4F77-9677-8860D43AB3B0}.cube_stage|Win32.Build.0 = cube_stage|Win32
		{A69CC125-E38A-4F77-9677-8860D43AB3B0}.cube_stage|x64.ActiveCfg = cube_stage|x64
		{A69CC125-E38A-4F77-9677-8860D43AB3B0}.cube_stage|x64.Build.0 = cube_stage|x64
		{A69CC125-E38A-4F77-9677-8860D43AB3B0}.stage|ARM.ActiveCfg = stage|x64
		{A69CC125-E38A-4F77-9677-8860D43AB3B0}.stage|ARM.Build.0 = stage|x64
		{A69CC125-E38A-4F77-9677-8860D43AB3B0}.stage|ARM64.ActiveCfg = stage|x64
		{A69CC125-E38A-4F77-9677-8860D43AB3B0}.stage|ARM64.Build.0 = stage|x64
		{A69CC125-E38A-4F77-9677-8860D43AB3B0}.stage|Win32.ActiveCfg = stage|Win32
		{A69CC125-E38A-4F77-9677-8860D43AB3B0}.stage|Win32.Build.0 = stage|Win32
		{A69CC125-E38A-4F77-9677-8860D43AB3B0}.stage|x64.ActiveCfg = stage|x64
		{A69CC125-E38A-4F77-9677-8860D43AB3B0}.stage|x64.Build.0 = stage|x64
		{D2A05B15-376F-4805-BE80-91207600A24F}.basis|ARM.ActiveCfg = basis|x64
		{D2A05B15-376F-4805-BE80-91207600A24F}.basis|ARM.Build.0 = basis|x64
		{D2A05B15-376F-4805-BE80-91207600A24F}.basis|ARM64.ActiveCfg = basis|x64
		{D2A05B15-376F-4805-BE80-91207600A24F}.basis|ARM64.Build.0 = basis|x64
		{D2A05B15-376F-4805-BE80-91207600A24F}.basis|Win32.ActiveCfg = basis|Win32
		{D2A05B15-376F-4805-BE80-91207600A24F}.basis|Win32.Build.0 = basis|Win32
		{D2A05B15-376F-4805-BE80-91207600A24F}.basis|x64.ActiveCfg = basis|x64
		{D2A05B15-376F-4805-BE80-91207600A24F}.basis|x64.Build.0 = basis|x64
		{D2A05B15-376F-4805-BE80-91207600A24F}.cube_basis|ARM.ActiveCfg = basis|x64
		{D2A05B15-376F-4805-BE80-91207600A24F}.cube_basis|ARM.Build.0 = basis|x64
		{D2A05B15-376F-4805-BE80-91207600A24F}.cube_basis|ARM64.ActiveCfg = basis|x64
		{D2A05B15-376F-4805-BE80-91207600A24F}.cube_basis|ARM64.Build.0 = basis|x64
		{D2A05B15-376F-4805-BE80-91207600A24F}.cube_basis|Win32.ActiveCfg = basis|Win32
		{D2A05B15-376F-4805-BE80-91207600A24F}.cube_basis|Win32.Build.0 = basis|Win32
		{D2A05B15-376F-4805-BE80-91207600A24F}.cube_basis|x64.ActiveCfg = basis|x64
		{D2A05B15-376F-4805-BE80-91207600A24F}.cube_basis|x64.Build.0 = basis|x64
		{D2A05B15-376F-4805-BE80-91207600A24F}.cube_stage|ARM.ActiveCfg = basis|x64
		{D2A05B15-376F-4805-BE80-91207600A24F}.cube_stage|ARM.Build.0 = basis|x64
		{D2A05B15-376F-4805-BE80-91207600A24F}.cube_stage|ARM64.ActiveCfg = basis|x64
		{D2A05B15-376F-4805-BE80-91207600A24F}.cube_stage|ARM64.Build.0 = basis|x64
		{D2A05B15-376F-4805-BE80-91207600A24F}.cube_stage|Win32.ActiveCfg = stage|Win32
		{D2A05B15-376F-4805-BE80-91207600A24F}.cube_stage|Win32.Build.0 = stage|Win32
		{D2A05B15-376F-4805-BE80-91207600A24F}.cube_stage|x64.ActiveCfg = stage|x64
		{D2A05B15-376F-4805-BE80-91207600A24F}.cube_stage|x64.Build.0 = stage|x64
		{D2A05B15-376F-4805-BE80-91207600A24F}.stage|ARM.ActiveCfg = stage|x64
		{D2A05B15-376F-4805-BE80-91207600A24F}.stage|ARM.Build.0 = stage|x64
		{D2A05B15-376F-4805-BE80-91207600A24F}.stage|ARM64.ActiveCfg = stage|x64
		{D2A05B15-376F-4805-BE80-91207600A24F}.stage|ARM64.Build.0 = stage|x64
		{D2A05B15-376F-4805-BE80-91207600A24F}.stage|Win32.ActiveCfg = stage|Win32
		{D2A05B15-376F-4805-BE80-91207600A24F}.stage|Win32.Build.0 = stage|Win32
		{D2A05B15-376F-4805-BE80-91207600A24F}.stage|x64.ActiveCfg = stage|x64
		{D2A05B15-376F-4805-BE80-91207600A24F}.stage|x64.Build.0 = stage|x64
		{C7201A26-86DC-4726-9456-AEDCBE98206B}.basis|ARM.ActiveCfg = basis|x64
		{C7201A26-86DC-4726-9456-AEDCBE98206B}.basis|ARM.Build.0 = basis|x64
		{C7201A26-86DC-4726-9456-AEDCBE98206B}.basis|ARM64.ActiveCfg = basis|x64
		{C7201A26-86DC-4726-9456-AEDCBE98206B}.basis|ARM64.Build.0 = basis|x64
		{C7201A26-86DC-4726-9456-AEDCBE98206B}.basis|Win32.ActiveCfg = basis|Win32
		{C7201A26-86DC-4726-9456-AEDCBE98206B}.basis|Win32.Build.0 = basis|Win32
		{C7201A26-86DC-4726-9456-AEDCBE98206B}.basis|x64.ActiveCfg = basis|x64
		{C7201A26-86DC-4726-9456-AEDCBE98206B}.basis|x64.Build.0 = basis|x64
		{C7201A26-86DC-4726-9456-AEDCBE98206B}.cube_basis|ARM.ActiveCfg = cube_basis|x64
		{C7201A26-86DC-4726-9456-AEDCBE98206B}.cube_basis|ARM.Build.0 = cube_basis|x64
		{C7201A26-86DC-4726-9456-AEDCBE98206B}.cube_basis|ARM64.ActiveCfg = cube_basis|x64
		{C7201A26-86DC-4726-9456-AEDCBE98206B}.cube_basis|ARM64.Build.0 = cube_basis|x64
		{C7201A26-86DC-4726-9456-AEDCBE98206B}.cube_basis|Win32.ActiveCfg = cube_basis|Win32
		{C7201A26-86DC-4726-9456-AEDCBE98206B}.cube_basis|Win32.Build.0 = cube_basis|Win32
		{C7201A26-86DC-4726-9456-AEDCBE98206B}.cube_basis|x64.ActiveCfg = cube_basis|x64
		{C7201A26-86DC-4726-9456-AEDCBE98206B}.cube_basis|x64.Build.0 = cube_basis|x64
		{C7201A26-86DC-4726-9456-AEDCBE98206B}.cube_stage|ARM.ActiveCfg = cube_stage|x64
		{C7201A26-86DC-4726-9456-AEDCBE98206B}.cube_stage|ARM.Build.0 = cube_stage|x64
		{C7201A26-86DC-4726-9456-AEDCBE98206B}.cube_stage|ARM64.ActiveCfg = cube_stage|x64
		{C7201A26-86DC-4726-9456-AEDCBE98206B}.cube_stage|ARM64.Build.0 = cube_stage|x64
		{C7201A26-86DC-4726-9456-AEDCBE98206B}.cube_stage|Win32.ActiveCfg = cube_stage|Win32
		{C7201A26-86DC-4726-9456-AEDCBE98206B}.cube_stage|Win32.Build.0 = cube_stage|Win32
		{C7201A26-86DC-4726-9456-AEDCBE98206B}.cube_stage|x64.ActiveCfg = cube_stage|x64
		{C7201A26-86DC-4726-9456-AEDCBE98206B}.cube_stage|x64.Build.0 = cube_stage|x64
		{C7201A26-86DC-4726-9456-AEDCBE98206B}.stage|ARM.ActiveCfg = stage|x64
		{C7201A26-86DC-4726-9456-AEDCBE98206B}.stage|ARM.Build.0 = stage|x64
		{C7201A26-86DC-4726-9456-AEDCBE98206B}.stage|ARM64.ActiveCfg = stage|x64
		{C7201A26-86DC-4726-9456-AEDCBE98206B}.stage|ARM64.Build.0 = stage|x64
		{C7201A26-86DC-4726-9456-AEDCBE98206B}.stage|Win32.ActiveCfg = stage|Win32
		{C7201A26-86DC-4726-9456-AEDCBE98206B}.stage|Win32.Build.0 = stage|Win32
		{C7201A26-86DC-4726-9456-AEDCBE98206B}.stage|x64.ActiveCfg = stage|x64
		{C7201A26-86DC-4726-9456-AEDCBE98206B}.stage|x64.Build.0 = stage|x64
		{4F8D55A1-AACB-4988-99C4-AA6B0487C251}.basis|ARM.ActiveCfg = cube_stage|x64
		{4F8D55A1-AACB-4988-99C4-AA6B0487C251}.basis|ARM.Build.0 = cube_stage|x64
		{4F8D55A1-AACB-4988-99C4-AA6B0487C251}.basis|ARM64.ActiveCfg = cube_stage|x64
		{4F8D55A1-AACB-4988-99C4-AA6B0487C251}.basis|ARM64.Build.0 = cube_stage|x64
		{4F8D55A1-AACB-4988-99C4-AA6B0487C251}.basis|Win32.ActiveCfg = cube_basis|Win32
		{4F8D55A1-AACB-4988-99C4-AA6B0487C251}.basis|Win32.Build.0 = cube_basis|Win32
		{4F8D55A1-AACB-4988-99C4-AA6B0487C251}.basis|x64.ActiveCfg = cube_basis|x64
		{4F8D55A1-AACB-4988-99C4-AA6B0487C251}.cube_basis|ARM.ActiveCfg = cube_basis|x64
		{4F8D55A1-AACB-4988-99C4-AA6B0487C251}.cube_basis|ARM.Build.0 = cube_basis|x64
		{4F8D55A1-AACB-4988-99C4-AA6B0487C251}.cube_basis|ARM64.ActiveCfg = cube_basis|x64
		{4F8D55A1-AACB-4988-99C4-AA6B0487C251}.cube_basis|ARM64.Build.0 = cube_basis|x64
		{4F8D55A1-AACB-4988-99C4-AA6B0487C251}.cube_basis|Win32.ActiveCfg = cube_basis|Win32
		{4F8D55A1-AACB-4988-99C4-AA6B0487C251}.cube_basis|Win32.Build.0 = cube_basis|Win32
		{4F8D55A1-AACB-4988-99C4-AA6B0487C251}.cube_basis|x64.ActiveCfg = cube_basis|x64
		{4F8D55A1-AACB-4988-99C4-AA6B0487C251}.cube_basis|x64.Build.0 = cube_basis|x64
		{4F8D55A1-AACB-4988-99C4-AA6B0487C251}.cube_stage|ARM.ActiveCfg = cube_stage|x64
		{4F8D55A1-AACB-4988-99C4-AA6B0487C251}.cube_stage|ARM.Build.0 = cube_stage|x64
		{4F8D55A1-AACB-4988-99C4-AA6B0487C251}.cube_stage|ARM64.ActiveCfg = cube_stage|x64
		{4F8D55A1-AACB-4988-99C4-AA6B0487C251}.cube_stage|ARM64.Build.0 = cube_stage|x64
		{4F8D55A1-AACB-4988-99C4-AA6B0487C251}.cube_stage|Win32.ActiveCfg = cube_stage|Win32
		{4F8D55A1-AACB-4988-99C4-AA6B0487C251}.cube_stage|Win32.Build.0 = cube_stage|Win32
		{4F8D55A1-AACB-4988-99C4-AA6B0487C251}.cube_stage|x64.ActiveCfg = cube_stage|x64
		{4F8D55A1-AACB-4988-99C4-AA6B0487C251}.cube_stage|x64.Build.0 = cube_stage|x64
		{4F8D55A1-AACB-4988-99C4-AA6B0487C251}.stage|ARM.ActiveCfg = cube_stage|x64
		{4F8D55A1-AACB-4988-99C4-AA6B0487C251}.stage|ARM.Build.0 = cube_stage|x64
		{4F8D55A1-AACB-4988-99C4-AA6B0487C251}.stage|ARM64.ActiveCfg = cube_stage|x64
		{4F8D55A1-AACB-4988-99C4-AA6B0487C251}.stage|ARM64.Build.0 = cube_stage|x64
		{4F8D55A1-AACB-4988-99C4-AA6B0487C251}.stage|Win32.ActiveCfg = cube_stage|Win32
		{4F8D55A1-AACB-4988-99C4-AA6B0487C251}.stage|Win32.Build.0 = cube_stage|Win32
		{4F8D55A1-AACB-4988-99C4-AA6B0487C251}.stage|x64.ActiveCfg = cube_stage|x64
		{4F8D55A1-AACB-4988-99C4-AA6B0487C251}.stage|x64.Build.0 = cube_stage|x64
	EndGlobalSection
	GlobalSection(SolutionProperties) = preSolution
		HideSolutionNode = FALSE
	EndGlobalSection
	GlobalSection(ExtensibilityGlobals) = postSolution
		SolutionGuid = {CAA8B39C-BB0F-453E-BF9F-AA09AA4F25C7}
	EndGlobalSection
	GlobalSection(Performance) = preSolution
		HasPerformanceSessions = true
	EndGlobalSection
	GlobalSection(Performance) = preSolution
		HasPerformanceSessions = true
	EndGlobalSection
	GlobalSection(Performance) = preSolution
		HasPerformanceSessions = true
	EndGlobalSection
EndGlobal
